
Microsoft Visual Studio Solution File, Format Version 12.00
# Visual Studio Version 16
VisualStudioVersion = 16.0.32929.386
MinimumVisualStudioVersion = 10.0.40219.1
Project("{8BC9CEB8-8B4A-11D0-8D11-00A0C91BC942}") = "Proj16.1", "Proj16.1\Proj16.1.vcxproj", "{28379B9C-D07D-490F-91A5-65541F4241DC}"
EndProject
Project("{8BC9CEB8-8B4A-11D0-8D11-00A0C91BC942}") = "Proj16.2", "Proj16.2\Proj16.2.vcxproj", "{B7410317-73EB-4E6F-A1C7-61F54A31A698}"
EndProject
Project("{8BC9CEB8-8B4A-11D0-8D11-00A0C91BC942}") = "Proj16.3", "Proj16.3\Proj16.3.vcxproj", "{610A0485-5459-46E9-885C-DD4BFE082887}"
EndProject
Project("{2150E333-8FDC-42A3-9474-1A3956D46DE8}") = "Proj16.4", "Proj16.4", "{76417BE2-F410-49F8-B98D-E8714F8AD9BA}"
EndProject
Project("{8BC9CEB8-8B4A-11D0-8D11-00A0C91BC942}") = "Proj16.4_A", "Proj16.4_A\Proj16.4_A.vcxproj", "{9E476B2E-666F-4D1C-A2F9-4CACE0971C06}"
EndProject
Project("{8BC9CEB8-8B4A-11D0-8D11-00A0C91BC942}") = "Proj16.4_B", "Proj16.4_B\Proj16.4_B.vcxproj", "{0D27F914-ACEB-4319-BB1B-6549983BEB3A}"
EndProject
Project("{8BC9CEB8-8B4A-11D0-8D11-00A0C91BC942}") = "Proj16.5", "Proj16.5\Proj16.5.vcxproj", "{3079C6CA-2CA7-4FD6-BE97-B5AD17BBC378}"
EndProject
Project("{8BC9CEB8-8B4A-11D0-8D11-00A0C91BC942}") = "Proj16.6", "Proj16.6\Proj16.6.vcxproj", "{059922CC-6AA5-4448-9C6C-E2B7EF2AABEF}"
EndProject
Project("{2150E333-8FDC-42A3-9474-1A3956D46DE8}") = "Proj16.7", "Proj16.7", "{3B5AF995-0A6C-44B8-BEC0-AC013A2D2923}"
EndProject
Project("{8BC9CEB8-8B4A-11D0-8D11-00A0C91BC942}") = "07_ConditionalCompilation_A_undef", "07_ConditionalCompilation_A_undef\07_ConditionalCompilation_A_undef.vcxproj", "{75E9D52A-79C8-4CE6-A47B-A07008240F15}"
EndProject
Project("{8BC9CEB8-8B4A-11D0-8D11-00A0C91BC942}") = "07_ConditionalCompilation_B_Headerguards", "07_ConditionalCompilation_B_Headerguards\07_ConditionalCompilation_B_Headerguards.vcxproj", "{0A619CCC-0D7C-4A20-94AF-2FFD2D84C870}"
EndProject
Project("{8BC9CEB8-8B4A-11D0-8D11-00A0C91BC942}") = "07_ConditionalCompilation_C", "07_ConditionalCompilation_C\07_ConditionalCompilation_C.vcxproj", "{8C68DA3D-7569-490F-807F-6ECBAA59A0DE}"
EndProject
Project("{8BC9CEB8-8B4A-11D0-8D11-00A0C91BC942}") = "07_ConditionalCompilation_D", "07_ConditionalCompilation_D\07_ConditionalCompilation_D.vcxproj", "{FFF3D41D-1238-4E47-A28A-5A9343A0CB06}"
EndProject
Project("{8BC9CEB8-8B4A-11D0-8D11-00A0C91BC942}") = "07_ConditionalCompilation_E", "07_ConditionalCompilation_E\07_ConditionalCompilation_E.vcxproj", "{4FE96D36-26D6-43D2-88E7-AAE83BEB6EA8}"
EndProject
Project("{8BC9CEB8-8B4A-11D0-8D11-00A0C91BC942}") = "Proj16.8", "Proj16.8\Proj16.8.vcxproj", "{CE9054E5-B2BA-44E0-9F54-364780D8A215}"
EndProject
Project("{8BC9CEB8-8B4A-11D0-8D11-00A0C91BC942}") = "Proj16.9", "Proj16.9\Proj16.9.vcxproj", "{E696D5EF-C477-437F-8021-577442D88573}"
EndProject
Project("{8BC9CEB8-8B4A-11D0-8D11-00A0C91BC942}") = "Proj16.10", "Proj16.10\Proj16.10.vcxproj", "{6E0F882D-9A47-406F-984E-E7BA634B74DC}"
EndProject
Project("{2150E333-8FDC-42A3-9474-1A3956D46DE8}") = "Proj16.11", "Proj16.11", "{5EBEE814-5D23-43D3-89FA-9ADC7836A9BA}"
EndProject
Project("{8BC9CEB8-8B4A-11D0-8D11-00A0C91BC942}") = "_Inline_A", "_Inline_A\_Inline_A.vcxproj", "{1BC30665-0605-4EEE-9210-6172DCCE96A0}"
EndProject
Project("{8BC9CEB8-8B4A-11D0-8D11-00A0C91BC942}") = "_Inline_B", "_Inline_B\_Inline_B.vcxproj", "{3F3CFE95-A680-47B7-837E-1753C3F7A225}"
EndProject
Project("{8BC9CEB8-8B4A-11D0-8D11-00A0C91BC942}") = "Proj16.13", "Proj16.13\Proj16.13.vcxproj", "{9496B7DF-5BDF-4BFE-B0B6-11F93D18B17B}"
EndProject
Project("{2150E333-8FDC-42A3-9474-1A3956D46DE8}") = "Proj16.12", "Proj16.12", "{17FD5E93-93C0-44CB-9E47-C20974FA2369}"
EndProject
Project("{8BC9CEB8-8B4A-11D0-8D11-00A0C91BC942}") = "Library_A", "Library_A\Library_A.vcxproj", "{7DE5A62D-027C-4EA5-BABA-671FCCC9EFF2}"
EndProject
Project("{8BC9CEB8-8B4A-11D0-8D11-00A0C91BC942}") = "Library_B", "Library_B\Library_B.vcxproj", "{035D0281-60E6-41D5-B1DB-F9393D530B54}"
EndProject
Project("{8BC9CEB8-8B4A-11D0-8D11-00A0C91BC942}") = "Proj16.14", "Proj16.14\Proj16.14.vcxproj", "{9C299238-9D47-42EA-82C3-C7CF631329EB}"
EndProject
Project("{8BC9CEB8-8B4A-11D0-8D11-00A0C91BC942}") = "Proj16.15", "Proj16.15\Proj16.15.vcxproj", "{FD15043E-173A-4CDF-8804-AC4A2AA14915}"
EndProject
Project("{8BC9CEB8-8B4A-11D0-8D11-00A0C91BC942}") = "Proj16.16", "Proj16.16\Proj16.16.vcxproj", "{A3EB2A6D-1C3C-4A34-9776-F30219BC0E90}"
EndProject
Project("{8BC9CEB8-8B4A-11D0-8D11-00A0C91BC942}") = "Proj16.17", "Proj16.17\Proj16.17.vcxproj", "{7B295C2A-AD76-457F-8F93-21BE1A4D87E2}"
EndProject
Global
	GlobalSection(SolutionConfigurationPlatforms) = preSolution
		Debug|x64 = Debug|x64
		Debug|x86 = Debug|x86
		Release|x64 = Release|x64
		Release|x86 = Release|x86
	EndGlobalSection
	GlobalSection(ProjectConfigurationPlatforms) = postSolution
		{28379B9C-D07D-490F-91A5-65541F4241DC}.Debug|x64.ActiveCfg = Debug|x64
		{28379B9C-D07D-490F-91A5-65541F4241DC}.Debug|x64.Build.0 = Debug|x64
		{28379B9C-D07D-490F-91A5-65541F4241DC}.Debug|x86.ActiveCfg = Debug|Win32
		{28379B9C-D07D-490F-91A5-65541F4241DC}.Debug|x86.Build.0 = Debug|Win32
		{28379B9C-D07D-490F-91A5-65541F4241DC}.Release|x64.ActiveCfg = Release|x64
		{28379B9C-D07D-490F-91A5-65541F4241DC}.Release|x64.Build.0 = Release|x64
		{28379B9C-D07D-490F-91A5-65541F4241DC}.Release|x86.ActiveCfg = Release|Win32
		{28379B9C-D07D-490F-91A5-65541F4241DC}.Release|x86.Build.0 = Release|Win32
		{B7410317-73EB-4E6F-A1C7-61F54A31A698}.Debug|x64.ActiveCfg = Debug|x64
		{B7410317-73EB-4E6F-A1C7-61F54A31A698}.Debug|x64.Build.0 = Debug|x64
		{B7410317-73EB-4E6F-A1C7-61F54A31A698}.Debug|x86.ActiveCfg = Debug|Win32
		{B7410317-73EB-4E6F-A1C7-61F54A31A698}.Debug|x86.Build.0 = Debug|Win32
		{B7410317-73EB-4E6F-A1C7-61F54A31A698}.Release|x64.ActiveCfg = Release|x64
		{B7410317-73EB-4E6F-A1C7-61F54A31A698}.Release|x64.Build.0 = Release|x64
		{B7410317-73EB-4E6F-A1C7-61F54A31A698}.Release|x86.ActiveCfg = Release|Win32
		{B7410317-73EB-4E6F-A1C7-61F54A31A698}.Release|x86.Build.0 = Release|Win32
		{610A0485-5459-46E9-885C-DD4BFE082887}.Debug|x64.ActiveCfg = Debug|x64
		{610A0485-5459-46E9-885C-DD4BFE082887}.Debug|x64.Build.0 = Debug|x64
		{610A0485-5459-46E9-885C-DD4BFE082887}.Debug|x86.ActiveCfg = Debug|Win32
		{610A0485-5459-46E9-885C-DD4BFE082887}.Debug|x86.Build.0 = Debug|Win32
		{610A0485-5459-46E9-885C-DD4BFE082887}.Release|x64.ActiveCfg = Release|x64
		{610A0485-5459-46E9-885C-DD4BFE082887}.Release|x64.Build.0 = Release|x64
		{610A0485-5459-46E9-885C-DD4BFE082887}.Release|x86.ActiveCfg = Release|Win32
		{610A0485-5459-46E9-885C-DD4BFE082887}.Release|x86.Build.0 = Release|Win32
		{9E476B2E-666F-4D1C-A2F9-4CACE0971C06}.Debug|x64.ActiveCfg = Debug|x64
		{9E476B2E-666F-4D1C-A2F9-4CACE0971C06}.Debug|x64.Build.0 = Debug|x64
		{9E476B2E-666F-4D1C-A2F9-4CACE0971C06}.Debug|x86.ActiveCfg = Debug|Win32
		{9E476B2E-666F-4D1C-A2F9-4CACE0971C06}.Debug|x86.Build.0 = Debug|Win32
		{9E476B2E-666F-4D1C-A2F9-4CACE0971C06}.Release|x64.ActiveCfg = Release|x64
		{9E476B2E-666F-4D1C-A2F9-4CACE0971C06}.Release|x64.Build.0 = Release|x64
		{9E476B2E-666F-4D1C-A2F9-4CACE0971C06}.Release|x86.ActiveCfg = Release|Win32
		{9E476B2E-666F-4D1C-A2F9-4CACE0971C06}.Release|x86.Build.0 = Release|Win32
		{0D27F914-ACEB-4319-BB1B-6549983BEB3A}.Debug|x64.ActiveCfg = Debug|x64
		{0D27F914-ACEB-4319-BB1B-6549983BEB3A}.Debug|x64.Build.0 = Debug|x64
		{0D27F914-ACEB-4319-BB1B-6549983BEB3A}.Debug|x86.ActiveCfg = Debug|Win32
		{0D27F914-ACEB-4319-BB1B-6549983BEB3A}.Debug|x86.Build.0 = Debug|Win32
		{0D27F914-ACEB-4319-BB1B-6549983BEB3A}.Release|x64.ActiveCfg = Release|x64
		{0D27F914-ACEB-4319-BB1B-6549983BEB3A}.Release|x64.Build.0 = Release|x64
		{0D27F914-ACEB-4319-BB1B-6549983BEB3A}.Release|x86.ActiveCfg = Release|Win32
		{0D27F914-ACEB-4319-BB1B-6549983BEB3A}.Release|x86.Build.0 = Release|Win32
		{3079C6CA-2CA7-4FD6-BE97-B5AD17BBC378}.Debug|x64.ActiveCfg = Debug|x64
		{3079C6CA-2CA7-4FD6-BE97-B5AD17BBC378}.Debug|x64.Build.0 = Debug|x64
		{3079C6CA-2CA7-4FD6-BE97-B5AD17BBC378}.Debug|x86.ActiveCfg = Debug|Win32
		{3079C6CA-2CA7-4FD6-BE97-B5AD17BBC378}.Debug|x86.Build.0 = Debug|Win32
		{3079C6CA-2CA7-4FD6-BE97-B5AD17BBC378}.Release|x64.ActiveCfg = Release|x64
		{3079C6CA-2CA7-4FD6-BE97-B5AD17BBC378}.Release|x64.Build.0 = Release|x64
		{3079C6CA-2CA7-4FD6-BE97-B5AD17BBC378}.Release|x86.ActiveCfg = Release|Win32
		{3079C6CA-2CA7-4FD6-BE97-B5AD17BBC378}.Release|x86.Build.0 = Release|Win32
		{059922CC-6AA5-4448-9C6C-E2B7EF2AABEF}.Debug|x64.ActiveCfg = Debug|x64
		{059922CC-6AA5-4448-9C6C-E2B7EF2AABEF}.Debug|x64.Build.0 = Debug|x64
		{059922CC-6AA5-4448-9C6C-E2B7EF2AABEF}.Debug|x86.ActiveCfg = Debug|Win32
		{059922CC-6AA5-4448-9C6C-E2B7EF2AABEF}.Debug|x86.Build.0 = Debug|Win32
		{059922CC-6AA5-4448-9C6C-E2B7EF2AABEF}.Release|x64.ActiveCfg = Release|x64
		{059922CC-6AA5-4448-9C6C-E2B7EF2AABEF}.Release|x64.Build.0 = Release|x64
		{059922CC-6AA5-4448-9C6C-E2B7EF2AABEF}.Release|x86.ActiveCfg = Release|Win32
		{059922CC-6AA5-4448-9C6C-E2B7EF2AABEF}.Release|x86.Build.0 = Release|Win32
		{75E9D52A-79C8-4CE6-A47B-A07008240F15}.Debug|x64.ActiveCfg = Debug|x64
		{75E9D52A-79C8-4CE6-A47B-A07008240F15}.Debug|x64.Build.0 = Debug|x64
		{75E9D52A-79C8-4CE6-A47B-A07008240F15}.Debug|x86.ActiveCfg = Debug|Win32
		{75E9D52A-79C8-4CE6-A47B-A07008240F15}.Debug|x86.Build.0 = Debug|Win32
		{75E9D52A-79C8-4CE6-A47B-A07008240F15}.Release|x64.ActiveCfg = Release|x64
		{75E9D52A-79C8-4CE6-A47B-A07008240F15}.Release|x64.Build.0 = Release|x64
		{75E9D52A-79C8-4CE6-A47B-A07008240F15}.Release|x86.ActiveCfg = Release|Win32
		{75E9D52A-79C8-4CE6-A47B-A07008240F15}.Release|x86.Build.0 = Release|Win32
		{0A619CCC-0D7C-4A20-94AF-2FFD2D84C870}.Debug|x64.ActiveCfg = Debug|x64
		{0A619CCC-0D7C-4A20-94AF-2FFD2D84C870}.Debug|x64.Build.0 = Debug|x64
		{0A619CCC-0D7C-4A20-94AF-2FFD2D84C870}.Debug|x86.ActiveCfg = Debug|Win32
		{0A619CCC-0D7C-4A20-94AF-2FFD2D84C870}.Debug|x86.Build.0 = Debug|Win32
		{0A619CCC-0D7C-4A20-94AF-2FFD2D84C870}.Release|x64.ActiveCfg = Release|x64
		{0A619CCC-0D7C-4A20-94AF-2FFD2D84C870}.Release|x64.Build.0 = Release|x64
		{0A619CCC-0D7C-4A20-94AF-2FFD2D84C870}.Release|x86.ActiveCfg = Release|Win32
		{0A619CCC-0D7C-4A20-94AF-2FFD2D84C870}.Release|x86.Build.0 = Release|Win32
		{8C68DA3D-7569-490F-807F-6ECBAA59A0DE}.Debug|x64.ActiveCfg = Debug|x64
		{8C68DA3D-7569-490F-807F-6ECBAA59A0DE}.Debug|x64.Build.0 = Debug|x64
		{8C68DA3D-7569-490F-807F-6ECBAA59A0DE}.Debug|x86.ActiveCfg = Debug|Win32
		{8C68DA3D-7569-490F-807F-6ECBAA59A0DE}.Debug|x86.Build.0 = Debug|Win32
		{8C68DA3D-7569-490F-807F-6ECBAA59A0DE}.Release|x64.ActiveCfg = Release|x64
		{8C68DA3D-7569-490F-807F-6ECBAA59A0DE}.Release|x64.Build.0 = Release|x64
		{8C68DA3D-7569-490F-807F-6ECBAA59A0DE}.Release|x86.ActiveCfg = Release|Win32
		{8C68DA3D-7569-490F-807F-6ECBAA59A0DE}.Release|x86.Build.0 = Release|Win32
		{FFF3D41D-1238-4E47-A28A-5A9343A0CB06}.Debug|x64.ActiveCfg = Debug|x64
		{FFF3D41D-1238-4E47-A28A-5A9343A0CB06}.Debug|x64.Build.0 = Debug|x64
		{FFF3D41D-1238-4E47-A28A-5A9343A0CB06}.Debug|x86.ActiveCfg = Debug|Win32
		{FFF3D41D-1238-4E47-A28A-5A9343A0CB06}.Debug|x86.Build.0 = Debug|Win32
		{FFF3D41D-1238-4E47-A28A-5A9343A0CB06}.Release|x64.ActiveCfg = Release|x64
		{FFF3D41D-1238-4E47-A28A-5A9343A0CB06}.Release|x64.Build.0 = Release|x64
		{FFF3D41D-1238-4E47-A28A-5A9343A0CB06}.Release|x86.ActiveCfg = Release|Win32
		{FFF3D41D-1238-4E47-A28A-5A9343A0CB06}.Release|x86.Build.0 = Release|Win32
		{4FE96D36-26D6-43D2-88E7-AAE83BEB6EA8}.Debug|x64.ActiveCfg = Debug|x64
		{4FE96D36-26D6-43D2-88E7-AAE83BEB6EA8}.Debug|x64.Build.0 = Debug|x64
		{4FE96D36-26D6-43D2-88E7-AAE83BEB6EA8}.Debug|x86.ActiveCfg = Debug|Win32
		{4FE96D36-26D6-43D2-88E7-AAE83BEB6EA8}.Debug|x86.Build.0 = Debug|Win32
		{4FE96D36-26D6-43D2-88E7-AAE83BEB6EA8}.Release|x64.ActiveCfg = Release|x64
		{4FE96D36-26D6-43D2-88E7-AAE83BEB6EA8}.Release|x64.Build.0 = Release|x64
		{4FE96D36-26D6-43D2-88E7-AAE83BEB6EA8}.Release|x86.ActiveCfg = Release|Win32
		{4FE96D36-26D6-43D2-88E7-AAE83BEB6EA8}.Release|x86.Build.0 = Release|Win32
		{CE9054E5-B2BA-44E0-9F54-364780D8A215}.Debug|x64.ActiveCfg = Debug|x64
		{CE9054E5-B2BA-44E0-9F54-364780D8A215}.Debug|x64.Build.0 = Debug|x64
		{CE9054E5-B2BA-44E0-9F54-364780D8A215}.Debug|x86.ActiveCfg = Debug|Win32
		{CE9054E5-B2BA-44E0-9F54-364780D8A215}.Debug|x86.Build.0 = Debug|Win32
		{CE9054E5-B2BA-44E0-9F54-364780D8A215}.Release|x64.ActiveCfg = Release|x64
		{CE9054E5-B2BA-44E0-9F54-364780D8A215}.Release|x64.Build.0 = Release|x64
		{CE9054E5-B2BA-44E0-9F54-364780D8A215}.Release|x86.ActiveCfg = Release|Win32
		{CE9054E5-B2BA-44E0-9F54-364780D8A215}.Release|x86.Build.0 = Release|Win32
		{E696D5EF-C477-437F-8021-577442D88573}.Debug|x64.ActiveCfg = Debug|x64
		{E696D5EF-C477-437F-8021-577442D88573}.Debug|x64.Build.0 = Debug|x64
		{E696D5EF-C477-437F-8021-577442D88573}.Debug|x86.ActiveCfg = Debug|Win32
		{E696D5EF-C477-437F-8021-577442D88573}.Debug|x86.Build.0 = Debug|Win32
		{E696D5EF-C477-437F-8021-577442D88573}.Release|x64.ActiveCfg = Release|x64
		{E696D5EF-C477-437F-8021-577442D88573}.Release|x64.Build.0 = Release|x64
		{E696D5EF-C477-437F-8021-577442D88573}.Release|x86.ActiveCfg = Release|Win32
		{E696D5EF-C477-437F-8021-577442D88573}.Release|x86.Build.0 = Release|Win32
		{6E0F882D-9A47-406F-984E-E7BA634B74DC}.Debug|x64.ActiveCfg = Debug|x64
		{6E0F882D-9A47-406F-984E-E7BA634B74DC}.Debug|x64.Build.0 = Debug|x64
		{6E0F882D-9A47-406F-984E-E7BA634B74DC}.Debug|x86.ActiveCfg = Debug|Win32
		{6E0F882D-9A47-406F-984E-E7BA634B74DC}.Debug|x86.Build.0 = Debug|Win32
		{6E0F882D-9A47-406F-984E-E7BA634B74DC}.Release|x64.ActiveCfg = Release|x64
		{6E0F882D-9A47-406F-984E-E7BA634B74DC}.Release|x64.Build.0 = Release|x64
		{6E0F882D-9A47-406F-984E-E7BA634B74DC}.Release|x86.ActiveCfg = Release|Win32
		{6E0F882D-9A47-406F-984E-E7BA634B74DC}.Release|x86.Build.0 = Release|Win32
		{1BC30665-0605-4EEE-9210-6172DCCE96A0}.Debug|x64.ActiveCfg = Debug|x64
		{1BC30665-0605-4EEE-9210-6172DCCE96A0}.Debug|x64.Build.0 = Debug|x64
		{1BC30665-0605-4EEE-9210-6172DCCE96A0}.Debug|x86.ActiveCfg = Debug|Win32
		{1BC30665-0605-4EEE-9210-6172DCCE96A0}.Debug|x86.Build.0 = Debug|Win32
		{1BC30665-0605-4EEE-9210-6172DCCE96A0}.Release|x64.ActiveCfg = Release|x64
		{1BC30665-0605-4EEE-9210-6172DCCE96A0}.Release|x64.Build.0 = Release|x64
		{1BC30665-0605-4EEE-9210-6172DCCE96A0}.Release|x86.ActiveCfg = Release|Win32
		{1BC30665-0605-4EEE-9210-6172DCCE96A0}.Release|x86.Build.0 = Release|Win32
		{3F3CFE95-A680-47B7-837E-1753C3F7A225}.Debug|x64.ActiveCfg = Debug|x64
		{3F3CFE95-A680-47B7-837E-1753C3F7A225}.Debug|x64.Build.0 = Debug|x64
		{3F3CFE95-A680-47B7-837E-1753C3F7A225}.Debug|x86.ActiveCfg = Debug|Win32
		{3F3CFE95-A680-47B7-837E-1753C3F7A225}.Debug|x86.Build.0 = Debug|Win32
		{3F3CFE95-A680-47B7-837E-1753C3F7A225}.Release|x64.ActiveCfg = Release|x64
		{3F3CFE95-A680-47B7-837E-1753C3F7A225}.Release|x64.Build.0 = Release|x64
		{3F3CFE95-A680-47B7-837E-1753C3F7A225}.Release|x86.ActiveCfg = Release|Win32
		{3F3CFE95-A680-47B7-837E-1753C3F7A225}.Release|x86.Build.0 = Release|Win32
		{9496B7DF-5BDF-4BFE-B0B6-11F93D18B17B}.Debug|x64.ActiveCfg = Debug|x64
		{9496B7DF-5BDF-4BFE-B0B6-11F93D18B17B}.Debug|x64.Build.0 = Debug|x64
		{9496B7DF-5BDF-4BFE-B0B6-11F93D18B17B}.Debug|x86.ActiveCfg = Debug|Win32
		{9496B7DF-5BDF-4BFE-B0B6-11F93D18B17B}.Debug|x86.Build.0 = Debug|Win32
		{9496B7DF-5BDF-4BFE-B0B6-11F93D18B17B}.Release|x64.ActiveCfg = Release|x64
		{9496B7DF-5BDF-4BFE-B0B6-11F93D18B17B}.Release|x64.Build.0 = Release|x64
		{9496B7DF-5BDF-4BFE-B0B6-11F93D18B17B}.Release|x86.ActiveCfg = Release|Win32
		{9496B7DF-5BDF-4BFE-B0B6-11F93D18B17B}.Release|x86.Build.0 = Release|Win32
		{7DE5A62D-027C-4EA5-BABA-671FCCC9EFF2}.Debug|x64.ActiveCfg = Debug|x64
		{7DE5A62D-027C-4EA5-BABA-671FCCC9EFF2}.Debug|x64.Build.0 = Debug|x64
		{7DE5A62D-027C-4EA5-BABA-671FCCC9EFF2}.Debug|x86.ActiveCfg = Debug|Win32
		{7DE5A62D-027C-4EA5-BABA-671FCCC9EFF2}.Debug|x86.Build.0 = Debug|Win32
		{7DE5A62D-027C-4EA5-BABA-671FCCC9EFF2}.Release|x64.ActiveCfg = Release|x64
		{7DE5A62D-027C-4EA5-BABA-671FCCC9EFF2}.Release|x64.Build.0 = Release|x64
		{7DE5A62D-027C-4EA5-BABA-671FCCC9EFF2}.Release|x86.ActiveCfg = Release|Win32
		{7DE5A62D-027C-4EA5-BABA-671FCCC9EFF2}.Release|x86.Build.0 = Release|Win32
		{035D0281-60E6-41D5-B1DB-F9393D530B54}.Debug|x64.ActiveCfg = Debug|x64
		{035D0281-60E6-41D5-B1DB-F9393D530B54}.Debug|x64.Build.0 = Debug|x64
		{035D0281-60E6-41D5-B1DB-F9393D530B54}.Debug|x86.ActiveCfg = Debug|Win32
		{035D0281-60E6-41D5-B1DB-F9393D530B54}.Debug|x86.Build.0 = Debug|Win32
		{035D0281-60E6-41D5-B1DB-F9393D530B54}.Release|x64.ActiveCfg = Release|x64
		{035D0281-60E6-41D5-B1DB-F9393D530B54}.Release|x64.Build.0 = Release|x64
		{035D0281-60E6-41D5-B1DB-F9393D530B54}.Release|x86.ActiveCfg = Release|Win32
		{035D0281-60E6-41D5-B1DB-F9393D530B54}.Release|x86.Build.0 = Release|Win32
		{9C299238-9D47-42EA-82C3-C7CF631329EB}.Debug|x64.ActiveCfg = Debug|x64
		{9C299238-9D47-42EA-82C3-C7CF631329EB}.Debug|x64.Build.0 = Debug|x64
		{9C299238-9D47-42EA-82C3-C7CF631329EB}.Debug|x86.ActiveCfg = Debug|Win32
		{9C299238-9D47-42EA-82C3-C7CF631329EB}.Debug|x86.Build.0 = Debug|Win32
		{9C299238-9D47-42EA-82C3-C7CF631329EB}.Release|x64.ActiveCfg = Release|x64
		{9C299238-9D47-42EA-82C3-C7CF631329EB}.Release|x64.Build.0 = Release|x64
		{9C299238-9D47-42EA-82C3-C7CF631329EB}.Release|x86.ActiveCfg = Release|Win32
		{9C299238-9D47-42EA-82C3-C7CF631329EB}.Release|x86.Build.0 = Release|Win32
		{FD15043E-173A-4CDF-8804-AC4A2AA14915}.Debug|x64.ActiveCfg = Debug|x64
		{FD15043E-173A-4CDF-8804-AC4A2AA14915}.Debug|x64.Build.0 = Debug|x64
		{FD15043E-173A-4CDF-8804-AC4A2AA14915}.Debug|x86.ActiveCfg = Debug|Win32
		{FD15043E-173A-4CDF-8804-AC4A2AA14915}.Debug|x86.Build.0 = Debug|Win32
		{FD15043E-173A-4CDF-8804-AC4A2AA14915}.Release|x64.ActiveCfg = Release|x64
		{FD15043E-173A-4CDF-8804-AC4A2AA14915}.Release|x64.Build.0 = Release|x64
		{FD15043E-173A-4CDF-8804-AC4A2AA14915}.Release|x86.ActiveCfg = Release|Win32
		{FD15043E-173A-4CDF-8804-AC4A2AA14915}.Release|x86.Build.0 = Release|Win32
		{A3EB2A6D-1C3C-4A34-9776-F30219BC0E90}.Debug|x64.ActiveCfg = Debug|x64
		{A3EB2A6D-1C3C-4A34-9776-F30219BC0E90}.Debug|x64.Build.0 = Debug|x64
		{A3EB2A6D-1C3C-4A34-9776-F30219BC0E90}.Debug|x86.ActiveCfg = Debug|Win32
		{A3EB2A6D-1C3C-4A34-9776-F30219BC0E90}.Debug|x86.Build.0 = Debug|Win32
		{A3EB2A6D-1C3C-4A34-9776-F30219BC0E90}.Release|x64.ActiveCfg = Release|x64
		{A3EB2A6D-1C3C-4A34-9776-F30219BC0E90}.Release|x64.Build.0 = Release|x64
		{A3EB2A6D-1C3C-4A34-9776-F30219BC0E90}.Release|x86.ActiveCfg = Release|Win32
		{A3EB2A6D-1C3C-4A34-9776-F30219BC0E90}.Release|x86.Build.0 = Release|Win32
		{7B295C2A-AD76-457F-8F93-21BE1A4D87E2}.Debug|x64.ActiveCfg = Debug|x64
		{7B295C2A-AD76-457F-8F93-21BE1A4D87E2}.Debug|x64.Build.0 = Debug|x64
		{7B295C2A-AD76-457F-8F93-21BE1A4D87E2}.Debug|x86.ActiveCfg = Debug|Win32
		{7B295C2A-AD76-457F-8F93-21BE1A4D87E2}.Debug|x86.Build.0 = Debug|Win32
		{7B295C2A-AD76-457F-8F93-21BE1A4D87E2}.Release|x64.ActiveCfg = Release|x64
		{7B295C2A-AD76-457F-8F93-21BE1A4D87E2}.Release|x64.Build.0 = Release|x64
		{7B295C2A-AD76-457F-8F93-21BE1A4D87E2}.Release|x86.ActiveCfg = Release|Win32
		{7B295C2A-AD76-457F-8F93-21BE1A4D87E2}.Release|x86.Build.0 = Release|Win32
	EndGlobalSection
	GlobalSection(SolutionProperties) = preSolution
		HideSolutionNode = FALSE
	EndGlobalSection
	GlobalSection(NestedProjects) = preSolution
		{9E476B2E-666F-4D1C-A2F9-4CACE0971C06} = {76417BE2-F410-49F8-B98D-E8714F8AD9BA}
		{0D27F914-ACEB-4319-BB1B-6549983BEB3A} = {76417BE2-F410-49F8-B98D-E8714F8AD9BA}
		{75E9D52A-79C8-4CE6-A47B-A07008240F15} = {3B5AF995-0A6C-44B8-BEC0-AC013A2D2923}
		{0A619CCC-0D7C-4A20-94AF-2FFD2D84C870} = {3B5AF995-0A6C-44B8-BEC0-AC013A2D2923}
		{8C68DA3D-7569-490F-807F-6ECBAA59A0DE} = {3B5AF995-0A6C-44B8-BEC0-AC013A2D2923}
		{FFF3D41D-1238-4E47-A28A-5A9343A0CB06} = {3B5AF995-0A6C-44B8-BEC0-AC013A2D2923}
		{4FE96D36-26D6-43D2-88E7-AAE83BEB6EA8} = {3B5AF995-0A6C-44B8-BEC0-AC013A2D2923}
		{1BC30665-0605-4EEE-9210-6172DCCE96A0} = {5EBEE814-5D23-43D3-89FA-9ADC7836A9BA}
		{3F3CFE95-A680-47B7-837E-1753C3F7A225} = {5EBEE814-5D23-43D3-89FA-9ADC7836A9BA}
		{7DE5A62D-027C-4EA5-BABA-671FCCC9EFF2} = {17FD5E93-93C0-44CB-9E47-C20974FA2369}
		{035D0281-60E6-41D5-B1DB-F9393D530B54} = {17FD5E93-93C0-44CB-9E47-C20974FA2369}
	EndGlobalSection
	GlobalSection(ExtensibilityGlobals) = postSolution
		SolutionGuid = {167843EB-E873-43C1-8A05-46A35BFCD189}
	EndGlobalSection
EndGlobal
