
Microsoft Visual Studio Solution File, Format Version 12.00
# Visual Studio Version 16
VisualStudioVersion = 16.0.32929.386
MinimumVisualStudioVersion = 10.0.40219.1
Project("{8BC9CEB8-8B4A-11D0-8D11-00A0C91BC942}") = "1-1", "1-1\1-1.vcxproj", "{0E188064-D423-4562-AD3F-B5AAC8125078}"
EndProject
Project("{8BC9CEB8-8B4A-11D0-8D11-00A0C91BC942}") = "1-2", "1-2\1-2.vcxproj", "{92C0E77B-52CF-4B6F-9FCB-B105339F8FB0}"
EndProject
Project("{2150E333-8FDC-42A3-9474-1A3956D46DE8}") = "Practice", "Practice", "{4CDC5CF2-5064-4CAA-A828-A31203669EC2}"
EndProject
Project("{2150E333-8FDC-42A3-9474-1A3956D46DE8}") = "Question", "Question", "{E237DDE6-E9AF-4FF8-B94F-F817AE4FD53E}"
EndProject
Project("{8BC9CEB8-8B4A-11D0-8D11-00A0C91BC942}") = "Q1_2_3", "Q1_2_3\Q1_2_3.vcxproj", "{9EA29008-3435-4B6E-A0FE-D2E4B906F799}"
EndProject
Project("{8BC9CEB8-8B4A-11D0-8D11-00A0C91BC942}") = "1C-1", "1C-1\1C-1.vcxproj", "{0679DBBA-C919-45A9-A8C4-4E0F68321D03}"
EndProject
Project("{8BC9CEB8-8B4A-11D0-8D11-00A0C91BC942}") = "Q5", "Q5\Q5.vcxproj", "{9FB02B79-94B5-4038-92E1-B9B1514BEE52}"
EndProject
Project("{8BC9CEB8-8B4A-11D0-8D11-00A0C91BC942}") = "1-3", "1-3\1-3.vcxproj", "{7FA99481-69D1-4A42-B455-A70AD3B41FA6}"
EndProject
Project("{8BC9CEB8-8B4A-11D0-8D11-00A0C91BC942}") = "1-4", "1-4\1-4.vcxproj", "{D6934930-F4DF-442B-8ABE-260ECB373DCA}"
EndProject
Project("{8BC9CEB8-8B4A-11D0-8D11-00A0C91BC942}") = "1-5", "1-5\1-5.vcxproj", "{1A3717D9-A506-4ADB-903B-8709F76B29BE}"
EndProject
Project("{8BC9CEB8-8B4A-11D0-8D11-00A0C91BC942}") = "Q8", "Q8\Q8.vcxproj", "{974F0349-70A3-417A-AAFC-DAD61C5E34C4}"
EndProject
Project("{8BC9CEB8-8B4A-11D0-8D11-00A0C91BC942}") = "Q9", "Q9\Q9.vcxproj", "{F16C788E-80CF-4482-89E6-ED8C1BB70289}"
EndProject
Project("{8BC9CEB8-8B4A-11D0-8D11-00A0C91BC942}") = "1-6", "1-6\1-6.vcxproj", "{38AD9D81-9B53-4944-A059-DB0C8FB82296}"
EndProject
Project("{8BC9CEB8-8B4A-11D0-8D11-00A0C91BC942}") = "Q10", "Q10\Q10.vcxproj", "{9F190940-CC7A-49F1-B312-6283D3B37D7A}"
EndProject
Project("{8BC9CEB8-8B4A-11D0-8D11-00A0C91BC942}") = "Q11", "Q11\Q11.vcxproj", "{2413EAD8-4C28-4944-8180-449843564D91}"
EndProject
Project("{8BC9CEB8-8B4A-11D0-8D11-00A0C91BC942}") = "1C-2", "1C-2\1C-2.vcxproj", "{29F07748-EA2D-45EC-B10B-056553F8CB2A}"
EndProject
Project("{8BC9CEB8-8B4A-11D0-8D11-00A0C91BC942}") = "1-7", "1-7\1-7.vcxproj", "{4B347161-7FB2-4C51-981B-41E3B8BFFD33}"
EndProject
Project("{8BC9CEB8-8B4A-11D0-8D11-00A0C91BC942}") = "Q12", "Q12\Q12.vcxproj", "{1EB65624-9CAB-42C1-ABA3-8432687B7662}"
EndProject
Project("{8BC9CEB8-8B4A-11D0-8D11-00A0C91BC942}") = "Q13", "Q13\Q13.vcxproj", "{1A278C9C-CDB0-4ADA-8CE7-3D3D22B7E37F}"
EndProject
Project("{8BC9CEB8-8B4A-11D0-8D11-00A0C91BC942}") = "Q14", "Q14\Q14.vcxproj", "{EB23AAB8-42AD-45EF-B987-53AF5F285553}"
EndProject
Project("{8BC9CEB8-8B4A-11D0-8D11-00A0C91BC942}") = "Q15", "Q15\Q15.vcxproj", "{B86F46A3-16EC-49B5-8C0A-3E16E63F21A1}"
EndProject
Project("{8BC9CEB8-8B4A-11D0-8D11-00A0C91BC942}") = "1-8", "1-8\1-8.vcxproj", "{8D7C1788-9504-454D-9BE1-8EA7EDECDBB4}"
EndProject
Project("{8BC9CEB8-8B4A-11D0-8D11-00A0C91BC942}") = "Q16", "Q16\Q16.vcxproj", "{74253377-8E02-4299-A247-794C5ECEF890}"
EndProject
Project("{8BC9CEB8-8B4A-11D0-8D11-00A0C91BC942}") = "Q17", "Q17\Q17.vcxproj", "{5FFB8F42-28EB-49E6-B75B-24913BBB7840}"
EndProject
Project("{8BC9CEB8-8B4A-11D0-8D11-00A0C91BC942}") = "Q18", "Q18\Q18.vcxproj", "{4A96DCCC-B7C0-4BEC-9D37-AF7C42CC5715}"
EndProject
Global
	GlobalSection(SolutionConfigurationPlatforms) = preSolution
		Debug|x64 = Debug|x64
		Debug|x86 = Debug|x86
		Release|x64 = Release|x64
		Release|x86 = Release|x86
	EndGlobalSection
	GlobalSection(ProjectConfigurationPlatforms) = postSolution
		{0E188064-D423-4562-AD3F-B5AAC8125078}.Debug|x64.ActiveCfg = Debug|x64
		{0E188064-D423-4562-AD3F-B5AAC8125078}.Debug|x64.Build.0 = Debug|x64
		{0E188064-D423-4562-AD3F-B5AAC8125078}.Debug|x86.ActiveCfg = Debug|Win32
		{0E188064-D423-4562-AD3F-B5AAC8125078}.Debug|x86.Build.0 = Debug|Win32
		{0E188064-D423-4562-AD3F-B5AAC8125078}.Release|x64.ActiveCfg = Release|x64
		{0E188064-D423-4562-AD3F-B5AAC8125078}.Release|x64.Build.0 = Release|x64
		{0E188064-D423-4562-AD3F-B5AAC8125078}.Release|x86.ActiveCfg = Release|Win32
		{0E188064-D423-4562-AD3F-B5AAC8125078}.Release|x86.Build.0 = Release|Win32
		{92C0E77B-52CF-4B6F-9FCB-B105339F8FB0}.Debug|x64.ActiveCfg = Debug|x64
		{92C0E77B-52CF-4B6F-9FCB-B105339F8FB0}.Debug|x64.Build.0 = Debug|x64
		{92C0E77B-52CF-4B6F-9FCB-B105339F8FB0}.Debug|x86.ActiveCfg = Debug|Win32
		{92C0E77B-52CF-4B6F-9FCB-B105339F8FB0}.Debug|x86.Build.0 = Debug|Win32
		{92C0E77B-52CF-4B6F-9FCB-B105339F8FB0}.Release|x64.ActiveCfg = Release|x64
		{92C0E77B-52CF-4B6F-9FCB-B105339F8FB0}.Release|x64.Build.0 = Release|x64
		{92C0E77B-52CF-4B6F-9FCB-B105339F8FB0}.Release|x86.ActiveCfg = Release|Win32
		{92C0E77B-52CF-4B6F-9FCB-B105339F8FB0}.Release|x86.Build.0 = Release|Win32
		{9EA29008-3435-4B6E-A0FE-D2E4B906F799}.Debug|x64.ActiveCfg = Debug|x64
		{9EA29008-3435-4B6E-A0FE-D2E4B906F799}.Debug|x64.Build.0 = Debug|x64
		{9EA29008-3435-4B6E-A0FE-D2E4B906F799}.Debug|x86.ActiveCfg = Debug|Win32
		{9EA29008-3435-4B6E-A0FE-D2E4B906F799}.Debug|x86.Build.0 = Debug|Win32
		{9EA29008-3435-4B6E-A0FE-D2E4B906F799}.Release|x64.ActiveCfg = Release|x64
		{9EA29008-3435-4B6E-A0FE-D2E4B906F799}.Release|x64.Build.0 = Release|x64
		{9EA29008-3435-4B6E-A0FE-D2E4B906F799}.Release|x86.ActiveCfg = Release|Win32
		{9EA29008-3435-4B6E-A0FE-D2E4B906F799}.Release|x86.Build.0 = Release|Win32
		{0679DBBA-C919-45A9-A8C4-4E0F68321D03}.Debug|x64.ActiveCfg = Debug|x64
		{0679DBBA-C919-45A9-A8C4-4E0F68321D03}.Debug|x64.Build.0 = Debug|x64
		{0679DBBA-C919-45A9-A8C4-4E0F68321D03}.Debug|x86.ActiveCfg = Debug|Win32
		{0679DBBA-C919-45A9-A8C4-4E0F68321D03}.Debug|x86.Build.0 = Debug|Win32
		{0679DBBA-C919-45A9-A8C4-4E0F68321D03}.Release|x64.ActiveCfg = Release|x64
		{0679DBBA-C919-45A9-A8C4-4E0F68321D03}.Release|x64.Build.0 = Release|x64
		{0679DBBA-C919-45A9-A8C4-4E0F68321D03}.Release|x86.ActiveCfg = Release|Win32
		{0679DBBA-C919-45A9-A8C4-4E0F68321D03}.Release|x86.Build.0 = Release|Win32
		{9FB02B79-94B5-4038-92E1-B9B1514BEE52}.Debug|x64.ActiveCfg = Debug|x64
		{9FB02B79-94B5-4038-92E1-B9B1514BEE52}.Debug|x64.Build.0 = Debug|x64
		{9FB02B79-94B5-4038-92E1-B9B1514BEE52}.Debug|x86.ActiveCfg = Debug|Win32
		{9FB02B79-94B5-4038-92E1-B9B1514BEE52}.Debug|x86.Build.0 = Debug|Win32
		{9FB02B79-94B5-4038-92E1-B9B1514BEE52}.Release|x64.ActiveCfg = Release|x64
		{9FB02B79-94B5-4038-92E1-B9B1514BEE52}.Release|x64.Build.0 = Release|x64
		{9FB02B79-94B5-4038-92E1-B9B1514BEE52}.Release|x86.ActiveCfg = Release|Win32
		{9FB02B79-94B5-4038-92E1-B9B1514BEE52}.Release|x86.Build.0 = Release|Win32
		{7FA99481-69D1-4A42-B455-A70AD3B41FA6}.Debug|x64.ActiveCfg = Debug|x64
		{7FA99481-69D1-4A42-B455-A70AD3B41FA6}.Debug|x64.Build.0 = Debug|x64
		{7FA99481-69D1-4A42-B455-A70AD3B41FA6}.Debug|x86.ActiveCfg = Debug|Win32
		{7FA99481-69D1-4A42-B455-A70AD3B41FA6}.Debug|x86.Build.0 = Debug|Win32
		{7FA99481-69D1-4A42-B455-A70AD3B41FA6}.Release|x64.ActiveCfg = Release|x64
		{7FA99481-69D1-4A42-B455-A70AD3B41FA6}.Release|x64.Build.0 = Release|x64
		{7FA99481-69D1-4A42-B455-A70AD3B41FA6}.Release|x86.ActiveCfg = Release|Win32
		{7FA99481-69D1-4A42-B455-A70AD3B41FA6}.Release|x86.Build.0 = Release|Win32
		{D6934930-F4DF-442B-8ABE-260ECB373DCA}.Debug|x64.ActiveCfg = Debug|x64
		{D6934930-F4DF-442B-8ABE-260ECB373DCA}.Debug|x64.Build.0 = Debug|x64
		{D6934930-F4DF-442B-8ABE-260ECB373DCA}.Debug|x86.ActiveCfg = Debug|Win32
		{D6934930-F4DF-442B-8ABE-260ECB373DCA}.Debug|x86.Build.0 = Debug|Win32
		{D6934930-F4DF-442B-8ABE-260ECB373DCA}.Release|x64.ActiveCfg = Release|x64
		{D6934930-F4DF-442B-8ABE-260ECB373DCA}.Release|x64.Build.0 = Release|x64
		{D6934930-F4DF-442B-8ABE-260ECB373DCA}.Release|x86.ActiveCfg = Release|Win32
		{D6934930-F4DF-442B-8ABE-260ECB373DCA}.Release|x86.Build.0 = Release|Win32
		{1A3717D9-A506-4ADB-903B-8709F76B29BE}.Debug|x64.ActiveCfg = Debug|x64
		{1A3717D9-A506-4ADB-903B-8709F76B29BE}.Debug|x64.Build.0 = Debug|x64
		{1A3717D9-A506-4ADB-903B-8709F76B29BE}.Debug|x86.ActiveCfg = Debug|Win32
		{1A3717D9-A506-4ADB-903B-8709F76B29BE}.Debug|x86.Build.0 = Debug|Win32
		{1A3717D9-A506-4ADB-903B-8709F76B29BE}.Release|x64.ActiveCfg = Release|x64
		{1A3717D9-A506-4ADB-903B-8709F76B29BE}.Release|x64.Build.0 = Release|x64
		{1A3717D9-A506-4ADB-903B-8709F76B29BE}.Release|x86.ActiveCfg = Release|Win32
		{1A3717D9-A506-4ADB-903B-8709F76B29BE}.Release|x86.Build.0 = Release|Win32
		{974F0349-70A3-417A-AAFC-DAD61C5E34C4}.Debug|x64.ActiveCfg = Debug|x64
		{974F0349-70A3-417A-AAFC-DAD61C5E34C4}.Debug|x64.Build.0 = Debug|x64
		{974F0349-70A3-417A-AAFC-DAD61C5E34C4}.Debug|x86.ActiveCfg = Debug|Win32
		{974F0349-70A3-417A-AAFC-DAD61C5E34C4}.Debug|x86.Build.0 = Debug|Win32
		{974F0349-70A3-417A-AAFC-DAD61C5E34C4}.Release|x64.ActiveCfg = Release|x64
		{974F0349-70A3-417A-AAFC-DAD61C5E34C4}.Release|x64.Build.0 = Release|x64
		{974F0349-70A3-417A-AAFC-DAD61C5E34C4}.Release|x86.ActiveCfg = Release|Win32
		{974F0349-70A3-417A-AAFC-DAD61C5E34C4}.Release|x86.Build.0 = Release|Win32
		{F16C788E-80CF-4482-89E6-ED8C1BB70289}.Debug|x64.ActiveCfg = Debug|x64
		{F16C788E-80CF-4482-89E6-ED8C1BB70289}.Debug|x64.Build.0 = Debug|x64
		{F16C788E-80CF-4482-89E6-ED8C1BB70289}.Debug|x86.ActiveCfg = Debug|Win32
		{F16C788E-80CF-4482-89E6-ED8C1BB70289}.Debug|x86.Build.0 = Debug|Win32
		{F16C788E-80CF-4482-89E6-ED8C1BB70289}.Release|x64.ActiveCfg = Release|x64
		{F16C788E-80CF-4482-89E6-ED8C1BB70289}.Release|x64.Build.0 = Release|x64
		{F16C788E-80CF-4482-89E6-ED8C1BB70289}.Release|x86.ActiveCfg = Release|Win32
		{F16C788E-80CF-4482-89E6-ED8C1BB70289}.Release|x86.Build.0 = Release|Win32
		{38AD9D81-9B53-4944-A059-DB0C8FB82296}.Debug|x64.ActiveCfg = Debug|x64
		{38AD9D81-9B53-4944-A059-DB0C8FB82296}.Debug|x64.Build.0 = Debug|x64
		{38AD9D81-9B53-4944-A059-DB0C8FB82296}.Debug|x86.ActiveCfg = Debug|Win32
		{38AD9D81-9B53-4944-A059-DB0C8FB82296}.Debug|x86.Build.0 = Debug|Win32
		{38AD9D81-9B53-4944-A059-DB0C8FB82296}.Release|x64.ActiveCfg = Release|x64
		{38AD9D81-9B53-4944-A059-DB0C8FB82296}.Release|x64.Build.0 = Release|x64
		{38AD9D81-9B53-4944-A059-DB0C8FB82296}.Release|x86.ActiveCfg = Release|Win32
		{38AD9D81-9B53-4944-A059-DB0C8FB82296}.Release|x86.Build.0 = Release|Win32
		{9F190940-CC7A-49F1-B312-6283D3B37D7A}.Debug|x64.ActiveCfg = Debug|x64
		{9F190940-CC7A-49F1-B312-6283D3B37D7A}.Debug|x64.Build.0 = Debug|x64
		{9F190940-CC7A-49F1-B312-6283D3B37D7A}.Debug|x86.ActiveCfg = Debug|Win32
		{9F190940-CC7A-49F1-B312-6283D3B37D7A}.Debug|x86.Build.0 = Debug|Win32
		{9F190940-CC7A-49F1-B312-6283D3B37D7A}.Release|x64.ActiveCfg = Release|x64
		{9F190940-CC7A-49F1-B312-6283D3B37D7A}.Release|x64.Build.0 = Release|x64
		{9F190940-CC7A-49F1-B312-6283D3B37D7A}.Release|x86.ActiveCfg = Release|Win32
		{9F190940-CC7A-49F1-B312-6283D3B37D7A}.Release|x86.Build.0 = Release|Win32
		{2413EAD8-4C28-4944-8180-449843564D91}.Debug|x64.ActiveCfg = Debug|x64
		{2413EAD8-4C28-4944-8180-449843564D91}.Debug|x64.Build.0 = Debug|x64
		{2413EAD8-4C28-4944-8180-449843564D91}.Debug|x86.ActiveCfg = Debug|Win32
		{2413EAD8-4C28-4944-8180-449843564D91}.Debug|x86.Build.0 = Debug|Win32
		{2413EAD8-4C28-4944-8180-449843564D91}.Release|x64.ActiveCfg = Release|x64
		{2413EAD8-4C28-4944-8180-449843564D91}.Release|x64.Build.0 = Release|x64
		{2413EAD8-4C28-4944-8180-449843564D91}.Release|x86.ActiveCfg = Release|Win32
		{2413EAD8-4C28-4944-8180-449843564D91}.Release|x86.Build.0 = Release|Win32
		{29F07748-EA2D-45EC-B10B-056553F8CB2A}.Debug|x64.ActiveCfg = Debug|x64
		{29F07748-EA2D-45EC-B10B-056553F8CB2A}.Debug|x64.Build.0 = Debug|x64
		{29F07748-EA2D-45EC-B10B-056553F8CB2A}.Debug|x86.ActiveCfg = Debug|Win32
		{29F07748-EA2D-45EC-B10B-056553F8CB2A}.Debug|x86.Build.0 = Debug|Win32
		{29F07748-EA2D-45EC-B10B-056553F8CB2A}.Release|x64.ActiveCfg = Release|x64
		{29F07748-EA2D-45EC-B10B-056553F8CB2A}.Release|x64.Build.0 = Release|x64
		{29F07748-EA2D-45EC-B10B-056553F8CB2A}.Release|x86.ActiveCfg = Release|Win32
		{29F07748-EA2D-45EC-B10B-056553F8CB2A}.Release|x86.Build.0 = Release|Win32
		{4B347161-7FB2-4C51-981B-41E3B8BFFD33}.Debug|x64.ActiveCfg = Debug|x64
		{4B347161-7FB2-4C51-981B-41E3B8BFFD33}.Debug|x64.Build.0 = Debug|x64
		{4B347161-7FB2-4C51-981B-41E3B8BFFD33}.Debug|x86.ActiveCfg = Debug|Win32
		{4B347161-7FB2-4C51-981B-41E3B8BFFD33}.Debug|x86.Build.0 = Debug|Win32
		{4B347161-7FB2-4C51-981B-41E3B8BFFD33}.Release|x64.ActiveCfg = Release|x64
		{4B347161-7FB2-4C51-981B-41E3B8BFFD33}.Release|x64.Build.0 = Release|x64
		{4B347161-7FB2-4C51-981B-41E3B8BFFD33}.Release|x86.ActiveCfg = Release|Win32
		{4B347161-7FB2-4C51-981B-41E3B8BFFD33}.Release|x86.Build.0 = Release|Win32
		{1EB65624-9CAB-42C1-ABA3-8432687B7662}.Debug|x64.ActiveCfg = Debug|x64
		{1EB65624-9CAB-42C1-ABA3-8432687B7662}.Debug|x64.Build.0 = Debug|x64
		{1EB65624-9CAB-42C1-ABA3-8432687B7662}.Debug|x86.ActiveCfg = Debug|Win32
		{1EB65624-9CAB-42C1-ABA3-8432687B7662}.Debug|x86.Build.0 = Debug|Win32
		{1EB65624-9CAB-42C1-ABA3-8432687B7662}.Release|x64.ActiveCfg = Release|x64
		{1EB65624-9CAB-42C1-ABA3-8432687B7662}.Release|x64.Build.0 = Release|x64
		{1EB65624-9CAB-42C1-ABA3-8432687B7662}.Release|x86.ActiveCfg = Release|Win32
		{1EB65624-9CAB-42C1-ABA3-8432687B7662}.Release|x86.Build.0 = Release|Win32
		{1A278C9C-CDB0-4ADA-8CE7-3D3D22B7E37F}.Debug|x64.ActiveCfg = Debug|x64
		{1A278C9C-CDB0-4ADA-8CE7-3D3D22B7E37F}.Debug|x64.Build.0 = Debug|x64
		{1A278C9C-CDB0-4ADA-8CE7-3D3D22B7E37F}.Debug|x86.ActiveCfg = Debug|Win32
		{1A278C9C-CDB0-4ADA-8CE7-3D3D22B7E37F}.Debug|x86.Build.0 = Debug|Win32
		{1A278C9C-CDB0-4ADA-8CE7-3D3D22B7E37F}.Release|x64.ActiveCfg = Release|x64
		{1A278C9C-CDB0-4ADA-8CE7-3D3D22B7E37F}.Release|x64.Build.0 = Release|x64
		{1A278C9C-CDB0-4ADA-8CE7-3D3D22B7E37F}.Release|x86.ActiveCfg = Release|Win32
		{1A278C9C-CDB0-4ADA-8CE7-3D3D22B7E37F}.Release|x86.Build.0 = Release|Win32
		{EB23AAB8-42AD-45EF-B987-53AF5F285553}.Debug|x64.ActiveCfg = Debug|x64
		{EB23AAB8-42AD-45EF-B987-53AF5F285553}.Debug|x64.Build.0 = Debug|x64
		{EB23AAB8-42AD-45EF-B987-53AF5F285553}.Debug|x86.ActiveCfg = Debug|Win32
		{EB23AAB8-42AD-45EF-B987-53AF5F285553}.Debug|x86.Build.0 = Debug|Win32
		{EB23AAB8-42AD-45EF-B987-53AF5F285553}.Release|x64.ActiveCfg = Release|x64
		{EB23AAB8-42AD-45EF-B987-53AF5F285553}.Release|x64.Build.0 = Release|x64
		{EB23AAB8-42AD-45EF-B987-53AF5F285553}.Release|x86.ActiveCfg = Release|Win32
		{EB23AAB8-42AD-45EF-B987-53AF5F285553}.Release|x86.Build.0 = Release|Win32
		{B86F46A3-16EC-49B5-8C0A-3E16E63F21A1}.Debug|x64.ActiveCfg = Debug|x64
		{B86F46A3-16EC-49B5-8C0A-3E16E63F21A1}.Debug|x64.Build.0 = Debug|x64
		{B86F46A3-16EC-49B5-8C0A-3E16E63F21A1}.Debug|x86.ActiveCfg = Debug|Win32
		{B86F46A3-16EC-49B5-8C0A-3E16E63F21A1}.Debug|x86.Build.0 = Debug|Win32
		{B86F46A3-16EC-49B5-8C0A-3E16E63F21A1}.Release|x64.ActiveCfg = Release|x64
		{B86F46A3-16EC-49B5-8C0A-3E16E63F21A1}.Release|x64.Build.0 = Release|x64
		{B86F46A3-16EC-49B5-8C0A-3E16E63F21A1}.Release|x86.ActiveCfg = Release|Win32
		{B86F46A3-16EC-49B5-8C0A-3E16E63F21A1}.Release|x86.Build.0 = Release|Win32
		{8D7C1788-9504-454D-9BE1-8EA7EDECDBB4}.Debug|x64.ActiveCfg = Debug|x64
		{8D7C1788-9504-454D-9BE1-8EA7EDECDBB4}.Debug|x64.Build.0 = Debug|x64
		{8D7C1788-9504-454D-9BE1-8EA7EDECDBB4}.Debug|x86.ActiveCfg = Debug|Win32
		{8D7C1788-9504-454D-9BE1-8EA7EDECDBB4}.Debug|x86.Build.0 = Debug|Win32
		{8D7C1788-9504-454D-9BE1-8EA7EDECDBB4}.Release|x64.ActiveCfg = Release|x64
		{8D7C1788-9504-454D-9BE1-8EA7EDECDBB4}.Release|x64.Build.0 = Release|x64
		{8D7C1788-9504-454D-9BE1-8EA7EDECDBB4}.Release|x86.ActiveCfg = Release|Win32
		{8D7C1788-9504-454D-9BE1-8EA7EDECDBB4}.Release|x86.Build.0 = Release|Win32
		{74253377-8E02-4299-A247-794C5ECEF890}.Debug|x64.ActiveCfg = Debug|x64
		{74253377-8E02-4299-A247-794C5ECEF890}.Debug|x64.Build.0 = Debug|x64
		{74253377-8E02-4299-A247-794C5ECEF890}.Debug|x86.ActiveCfg = Debug|Win32
		{74253377-8E02-4299-A247-794C5ECEF890}.Debug|x86.Build.0 = Debug|Win32
		{74253377-8E02-4299-A247-794C5ECEF890}.Release|x64.ActiveCfg = Release|x64
		{74253377-8E02-4299-A247-794C5ECEF890}.Release|x64.Build.0 = Release|x64
		{74253377-8E02-4299-A247-794C5ECEF890}.Release|x86.ActiveCfg = Release|Win32
		{74253377-8E02-4299-A247-794C5ECEF890}.Release|x86.Build.0 = Release|Win32
		{5FFB8F42-28EB-49E6-B75B-24913BBB7840}.Debug|x64.ActiveCfg = Debug|x64
		{5FFB8F42-28EB-49E6-B75B-24913BBB7840}.Debug|x64.Build.0 = Debug|x64
		{5FFB8F42-28EB-49E6-B75B-24913BBB7840}.Debug|x86.ActiveCfg = Debug|Win32
		{5FFB8F42-28EB-49E6-B75B-24913BBB7840}.Debug|x86.Build.0 = Debug|Win32
		{5FFB8F42-28EB-49E6-B75B-24913BBB7840}.Release|x64.ActiveCfg = Release|x64
		{5FFB8F42-28EB-49E6-B75B-24913BBB7840}.Release|x64.Build.0 = Release|x64
		{5FFB8F42-28EB-49E6-B75B-24913BBB7840}.Release|x86.ActiveCfg = Release|Win32
		{5FFB8F42-28EB-49E6-B75B-24913BBB7840}.Release|x86.Build.0 = Release|Win32
		{4A96DCCC-B7C0-4BEC-9D37-AF7C42CC5715}.Debug|x64.ActiveCfg = Debug|x64
		{4A96DCCC-B7C0-4BEC-9D37-AF7C42CC5715}.Debug|x64.Build.0 = Debug|x64
		{4A96DCCC-B7C0-4BEC-9D37-AF7C42CC5715}.Debug|x86.ActiveCfg = Debug|Win32
		{4A96DCCC-B7C0-4BEC-9D37-AF7C42CC5715}.Debug|x86.Build.0 = Debug|Win32
		{4A96DCCC-B7C0-4BEC-9D37-AF7C42CC5715}.Release|x64.ActiveCfg = Release|x64
		{4A96DCCC-B7C0-4BEC-9D37-AF7C42CC5715}.Release|x64.Build.0 = Release|x64
		{4A96DCCC-B7C0-4BEC-9D37-AF7C42CC5715}.Release|x86.ActiveCfg = Release|Win32
		{4A96DCCC-B7C0-4BEC-9D37-AF7C42CC5715}.Release|x86.Build.0 = Release|Win32
	EndGlobalSection
	GlobalSection(SolutionProperties) = preSolution
		HideSolutionNode = FALSE
	EndGlobalSection
	GlobalSection(NestedProjects) = preSolution
		{0E188064-D423-4562-AD3F-B5AAC8125078} = {4CDC5CF2-5064-4CAA-A828-A31203669EC2}
		{92C0E77B-52CF-4B6F-9FCB-B105339F8FB0} = {4CDC5CF2-5064-4CAA-A828-A31203669EC2}
		{9EA29008-3435-4B6E-A0FE-D2E4B906F799} = {E237DDE6-E9AF-4FF8-B94F-F817AE4FD53E}
		{0679DBBA-C919-45A9-A8C4-4E0F68321D03} = {4CDC5CF2-5064-4CAA-A828-A31203669EC2}
		{9FB02B79-94B5-4038-92E1-B9B1514BEE52} = {E237DDE6-E9AF-4FF8-B94F-F817AE4FD53E}
		{7FA99481-69D1-4A42-B455-A70AD3B41FA6} = {4CDC5CF2-5064-4CAA-A828-A31203669EC2}
		{D6934930-F4DF-442B-8ABE-260ECB373DCA} = {4CDC5CF2-5064-4CAA-A828-A31203669EC2}
		{1A3717D9-A506-4ADB-903B-8709F76B29BE} = {4CDC5CF2-5064-4CAA-A828-A31203669EC2}
		{974F0349-70A3-417A-AAFC-DAD61C5E34C4} = {E237DDE6-E9AF-4FF8-B94F-F817AE4FD53E}
		{F16C788E-80CF-4482-89E6-ED8C1BB70289} = {E237DDE6-E9AF-4FF8-B94F-F817AE4FD53E}
		{38AD9D81-9B53-4944-A059-DB0C8FB82296} = {4CDC5CF2-5064-4CAA-A828-A31203669EC2}
		{9F190940-CC7A-49F1-B312-6283D3B37D7A} = {E237DDE6-E9AF-4FF8-B94F-F817AE4FD53E}
		{2413EAD8-4C28-4944-8180-449843564D91} = {E237DDE6-E9AF-4FF8-B94F-F817AE4FD53E}
		{29F07748-EA2D-45EC-B10B-056553F8CB2A} = {4CDC5CF2-5064-4CAA-A828-A31203669EC2}
		{4B347161-7FB2-4C51-981B-41E3B8BFFD33} = {4CDC5CF2-5064-4CAA-A828-A31203669EC2}
		{1EB65624-9CAB-42C1-ABA3-8432687B7662} = {E237DDE6-E9AF-4FF8-B94F-F817AE4FD53E}
		{1A278C9C-CDB0-4ADA-8CE7-3D3D22B7E37F} = {E237DDE6-E9AF-4FF8-B94F-F817AE4FD53E}
		{EB23AAB8-42AD-45EF-B987-53AF5F285553} = {E237DDE6-E9AF-4FF8-B94F-F817AE4FD53E}
		{B86F46A3-16EC-49B5-8C0A-3E16E63F21A1} = {E237DDE6-E9AF-4FF8-B94F-F817AE4FD53E}
		{8D7C1788-9504-454D-9BE1-8EA7EDECDBB4} = {4CDC5CF2-5064-4CAA-A828-A31203669EC2}
		{74253377-8E02-4299-A247-794C5ECEF890} = {E237DDE6-E9AF-4FF8-B94F-F817AE4FD53E}
		{5FFB8F42-28EB-49E6-B75B-24913BBB7840} = {E237DDE6-E9AF-4FF8-B94F-F817AE4FD53E}
		{4A96DCCC-B7C0-4BEC-9D37-AF7C42CC5715} = {E237DDE6-E9AF-4FF8-B94F-F817AE4FD53E}
	EndGlobalSection
	GlobalSection(ExtensibilityGlobals) = postSolution
		SolutionGuid = {F73159A4-8807-471B-844B-C386BE5E5542}
	EndGlobalSection
EndGlobal
