
Microsoft Visual Studio Solution File, Format Version 12.00
# Visual Studio Version 16
VisualStudioVersion = 16.0.32901.82
MinimumVisualStudioVersion = 10.0.40219.1
Project("{8BC9CEB8-8B4A-11D0-8D11-00A0C91BC942}") = "Proj14.1", "Proj14.1\Proj14.1.vcxproj", "{E3027CE9-512F-4BEA-A600-49B098F7A76F}"
EndProject
Project("{8BC9CEB8-8B4A-11D0-8D11-00A0C91BC942}") = "Proj14.2", "Proj14.2\Proj14.2.vcxproj", "{C1E5469F-A37C-4847-8B26-1C37CBD2F6F8}"
EndProject
Project("{8BC9CEB8-8B4A-11D0-8D11-00A0C91BC942}") = "Proj14.3", "Proj14.3\Proj14.3.vcxproj", "{4F6D919F-FD1D-470B-89D9-D8730D7E632D}"
EndProject
Project("{8BC9CEB8-8B4A-11D0-8D11-00A0C91BC942}") = "Proj14.4", "Proj14.4\Proj14.4.vcxproj", "{62DD49F5-AFCC-4655-AF90-9EBD327C832A}"
EndProject
Project("{8BC9CEB8-8B4A-11D0-8D11-00A0C91BC942}") = "Proj14.5", "Proj14.5\Proj14.5.vcxproj", "{CC9530D1-0F4A-4FFB-92C7-8D2F8CC92F9A}"
EndProject
Project("{8BC9CEB8-8B4A-11D0-8D11-00A0C91BC942}") = "Proj14.6", "Proj14.6\Proj14.6.vcxproj", "{372DB8BB-B905-4F51-A854-49B9919A262D}"
EndProject
Project("{8BC9CEB8-8B4A-11D0-8D11-00A0C91BC942}") = "Proj14.7", "Proj14.7\Proj14.7.vcxproj", "{57DA8963-CD10-4B10-AAD7-D174BF17869C}"
EndProject
Project("{8BC9CEB8-8B4A-11D0-8D11-00A0C91BC942}") = "Proj14.8", "Proj14.8\Proj14.8.vcxproj", "{A99DFF34-CFCD-4F14-A5C5-F735177C6BDA}"
EndProject
Project("{8BC9CEB8-8B4A-11D0-8D11-00A0C91BC942}") = "Proj14.9", "Proj14.9\Proj14.9.vcxproj", "{6F887938-7B6B-4C15-BD77-B68EF5B64444}"
EndProject
Project("{8BC9CEB8-8B4A-11D0-8D11-00A0C91BC942}") = "Proj14.10", "Proj14.10\Proj14.10.vcxproj", "{F385A0DC-FD35-40CA-B36A-F2CE994D5C34}"
EndProject
Project("{8BC9CEB8-8B4A-11D0-8D11-00A0C91BC942}") = "Proj14.11", "Proj14.11\Proj14.11.vcxproj", "{8F901B74-EA84-4222-88AF-D2B2030AE30F}"
EndProject
Project("{8BC9CEB8-8B4A-11D0-8D11-00A0C91BC942}") = "Proj14.12", "Proj14.12\Proj14.12.vcxproj", "{9059D34A-788F-4EBD-9ED7-ABDB82424470}"
EndProject
Project("{8BC9CEB8-8B4A-11D0-8D11-00A0C91BC942}") = "Proj14.13", "Proj14.13\Proj14.13.vcxproj", "{5AC1CCA6-FD8D-42DA-AC39-6DB092A48732}"
EndProject
Project("{8BC9CEB8-8B4A-11D0-8D11-00A0C91BC942}") = "Proj14.14", "Proj14.14\Proj14.14.vcxproj", "{7DD4713D-10EE-4D66-A1C1-CD4A8CAA386D}"
EndProject
Project("{8BC9CEB8-8B4A-11D0-8D11-00A0C91BC942}") = "Proj14.15", "Proj14.15\Proj14.15.vcxproj", "{B46B0057-24E7-4F91-ACE2-292259380DB5}"
EndProject
Project("{8BC9CEB8-8B4A-11D0-8D11-00A0C91BC942}") = "Proj14.16", "Proj14.16\Proj14.16.vcxproj", "{EA0B5F9D-1197-4028-A823-15F27DA97CC7}"
EndProject
Project("{8BC9CEB8-8B4A-11D0-8D11-00A0C91BC942}") = "Proj14.17", "Proj14.17\Proj14.17.vcxproj", "{34EC23EB-3A2F-4D5A-B5A1-C61C61B2E798}"
EndProject
Project("{8BC9CEB8-8B4A-11D0-8D11-00A0C91BC942}") = "Proj14.18", "Proj14.18\Proj14.18.vcxproj", "{3F67855D-B8CB-414F-8898-18BBE774210B}"
EndProject
Project("{8BC9CEB8-8B4A-11D0-8D11-00A0C91BC942}") = "Proj14.19", "Proj14.19\Proj14.19.vcxproj", "{EFB54569-2B29-4404-B45B-306480F11D6F}"
EndProject
Project("{8BC9CEB8-8B4A-11D0-8D11-00A0C91BC942}") = "Proj14.20", "Proj14.20\Proj14.20.vcxproj", "{98894DD6-8BEE-4832-90FF-E75539C3A5ED}"
EndProject
Project("{8BC9CEB8-8B4A-11D0-8D11-00A0C91BC942}") = "Proj14.21", "Proj14.21\Proj14.21.vcxproj", "{00AE6065-5F3E-4284-A44D-0F8AF382C373}"
EndProject
Project("{8BC9CEB8-8B4A-11D0-8D11-00A0C91BC942}") = "Proj14.22", "Proj14.22\Proj14.22.vcxproj", "{60139C86-54D5-4D1B-8263-12FF21BAF04D}"
EndProject
Project("{8BC9CEB8-8B4A-11D0-8D11-00A0C91BC942}") = "_Typedef", "_Typedef\_Typedef.vcxproj", "{D8B61956-C1B3-4C1C-82A7-037E8C4F8AAE}"
EndProject
Project("{2150E333-8FDC-42A3-9474-1A3956D46DE8}") = "Proj14.23", "Proj14.23", "{D2A68E6D-9BC8-487F-8E56-68E8562CA745}"
EndProject
Project("{8BC9CEB8-8B4A-11D0-8D11-00A0C91BC942}") = "_Typedef_B", "_Typedef_B\_Typedef_B.vcxproj", "{4A207542-8779-4EF2-9123-B7E008ED98E2}"
EndProject
Project("{8BC9CEB8-8B4A-11D0-8D11-00A0C91BC942}") = "Proj14.24", "Proj14.24\Proj14.24.vcxproj", "{35ACF2C4-1CA6-489E-B726-CA850C96A36D}"
EndProject
Project("{2150E333-8FDC-42A3-9474-1A3956D46DE8}") = "Proj14.25", "Proj14.25", "{4FBF920D-DC9C-42C6-8DE7-052E1AC78DA7}"
EndProject
Project("{8BC9CEB8-8B4A-11D0-8D11-00A0C91BC942}") = "QSortAndFunctionPointer", "QSortAndFunctionPointer\QSortAndFunctionPointer.vcxproj", "{905E0FFA-2103-489F-AD81-612BFD4ED019}"
EndProject
Project("{8BC9CEB8-8B4A-11D0-8D11-00A0C91BC942}") = "QSortAndFunctionPointer_B", "QSortAndFunctionPointer_B\QSortAndFunctionPointer_B.vcxproj", "{22545E22-41E2-4CEC-B120-5E639FAD8459}"
EndProject
Project("{8BC9CEB8-8B4A-11D0-8D11-00A0C91BC942}") = "Proj14.26", "Proj14.26\Proj14.26.vcxproj", "{330257C2-56BC-4ECB-801E-D301589F28C4}"
EndProject
Global
	GlobalSection(SolutionConfigurationPlatforms) = preSolution
		Debug|x64 = Debug|x64
		Debug|x86 = Debug|x86
		Release|x64 = Release|x64
		Release|x86 = Release|x86
	EndGlobalSection
	GlobalSection(ProjectConfigurationPlatforms) = postSolution
		{E3027CE9-512F-4BEA-A600-49B098F7A76F}.Debug|x64.ActiveCfg = Debug|x64
		{E3027CE9-512F-4BEA-A600-49B098F7A76F}.Debug|x64.Build.0 = Debug|x64
		{E3027CE9-512F-4BEA-A600-49B098F7A76F}.Debug|x86.ActiveCfg = Debug|Win32
		{E3027CE9-512F-4BEA-A600-49B098F7A76F}.Debug|x86.Build.0 = Debug|Win32
		{E3027CE9-512F-4BEA-A600-49B098F7A76F}.Release|x64.ActiveCfg = Release|x64
		{E3027CE9-512F-4BEA-A600-49B098F7A76F}.Release|x64.Build.0 = Release|x64
		{E3027CE9-512F-4BEA-A600-49B098F7A76F}.Release|x86.ActiveCfg = Release|Win32
		{E3027CE9-512F-4BEA-A600-49B098F7A76F}.Release|x86.Build.0 = Release|Win32
		{C1E5469F-A37C-4847-8B26-1C37CBD2F6F8}.Debug|x64.ActiveCfg = Debug|x64
		{C1E5469F-A37C-4847-8B26-1C37CBD2F6F8}.Debug|x64.Build.0 = Debug|x64
		{C1E5469F-A37C-4847-8B26-1C37CBD2F6F8}.Debug|x86.ActiveCfg = Debug|Win32
		{C1E5469F-A37C-4847-8B26-1C37CBD2F6F8}.Debug|x86.Build.0 = Debug|Win32
		{C1E5469F-A37C-4847-8B26-1C37CBD2F6F8}.Release|x64.ActiveCfg = Release|x64
		{C1E5469F-A37C-4847-8B26-1C37CBD2F6F8}.Release|x64.Build.0 = Release|x64
		{C1E5469F-A37C-4847-8B26-1C37CBD2F6F8}.Release|x86.ActiveCfg = Release|Win32
		{C1E5469F-A37C-4847-8B26-1C37CBD2F6F8}.Release|x86.Build.0 = Release|Win32
		{4F6D919F-FD1D-470B-89D9-D8730D7E632D}.Debug|x64.ActiveCfg = Debug|x64
		{4F6D919F-FD1D-470B-89D9-D8730D7E632D}.Debug|x64.Build.0 = Debug|x64
		{4F6D919F-FD1D-470B-89D9-D8730D7E632D}.Debug|x86.ActiveCfg = Debug|Win32
		{4F6D919F-FD1D-470B-89D9-D8730D7E632D}.Debug|x86.Build.0 = Debug|Win32
		{4F6D919F-FD1D-470B-89D9-D8730D7E632D}.Release|x64.ActiveCfg = Release|x64
		{4F6D919F-FD1D-470B-89D9-D8730D7E632D}.Release|x64.Build.0 = Release|x64
		{4F6D919F-FD1D-470B-89D9-D8730D7E632D}.Release|x86.ActiveCfg = Release|Win32
		{4F6D919F-FD1D-470B-89D9-D8730D7E632D}.Release|x86.Build.0 = Release|Win32
		{62DD49F5-AFCC-4655-AF90-9EBD327C832A}.Debug|x64.ActiveCfg = Debug|x64
		{62DD49F5-AFCC-4655-AF90-9EBD327C832A}.Debug|x64.Build.0 = Debug|x64
		{62DD49F5-AFCC-4655-AF90-9EBD327C832A}.Debug|x86.ActiveCfg = Debug|Win32
		{62DD49F5-AFCC-4655-AF90-9EBD327C832A}.Debug|x86.Build.0 = Debug|Win32
		{62DD49F5-AFCC-4655-AF90-9EBD327C832A}.Release|x64.ActiveCfg = Release|x64
		{62DD49F5-AFCC-4655-AF90-9EBD327C832A}.Release|x64.Build.0 = Release|x64
		{62DD49F5-AFCC-4655-AF90-9EBD327C832A}.Release|x86.ActiveCfg = Release|Win32
		{62DD49F5-AFCC-4655-AF90-9EBD327C832A}.Release|x86.Build.0 = Release|Win32
		{CC9530D1-0F4A-4FFB-92C7-8D2F8CC92F9A}.Debug|x64.ActiveCfg = Debug|x64
		{CC9530D1-0F4A-4FFB-92C7-8D2F8CC92F9A}.Debug|x64.Build.0 = Debug|x64
		{CC9530D1-0F4A-4FFB-92C7-8D2F8CC92F9A}.Debug|x86.ActiveCfg = Debug|Win32
		{CC9530D1-0F4A-4FFB-92C7-8D2F8CC92F9A}.Debug|x86.Build.0 = Debug|Win32
		{CC9530D1-0F4A-4FFB-92C7-8D2F8CC92F9A}.Release|x64.ActiveCfg = Release|x64
		{CC9530D1-0F4A-4FFB-92C7-8D2F8CC92F9A}.Release|x64.Build.0 = Release|x64
		{CC9530D1-0F4A-4FFB-92C7-8D2F8CC92F9A}.Release|x86.ActiveCfg = Release|Win32
		{CC9530D1-0F4A-4FFB-92C7-8D2F8CC92F9A}.Release|x86.Build.0 = Release|Win32
		{372DB8BB-B905-4F51-A854-49B9919A262D}.Debug|x64.ActiveCfg = Debug|x64
		{372DB8BB-B905-4F51-A854-49B9919A262D}.Debug|x64.Build.0 = Debug|x64
		{372DB8BB-B905-4F51-A854-49B9919A262D}.Debug|x86.ActiveCfg = Debug|Win32
		{372DB8BB-B905-4F51-A854-49B9919A262D}.Debug|x86.Build.0 = Debug|Win32
		{372DB8BB-B905-4F51-A854-49B9919A262D}.Release|x64.ActiveCfg = Release|x64
		{372DB8BB-B905-4F51-A854-49B9919A262D}.Release|x64.Build.0 = Release|x64
		{372DB8BB-B905-4F51-A854-49B9919A262D}.Release|x86.ActiveCfg = Release|Win32
		{372DB8BB-B905-4F51-A854-49B9919A262D}.Release|x86.Build.0 = Release|Win32
		{57DA8963-CD10-4B10-AAD7-D174BF17869C}.Debug|x64.ActiveCfg = Debug|x64
		{57DA8963-CD10-4B10-AAD7-D174BF17869C}.Debug|x64.Build.0 = Debug|x64
		{57DA8963-CD10-4B10-AAD7-D174BF17869C}.Debug|x86.ActiveCfg = Debug|Win32
		{57DA8963-CD10-4B10-AAD7-D174BF17869C}.Debug|x86.Build.0 = Debug|Win32
		{57DA8963-CD10-4B10-AAD7-D174BF17869C}.Release|x64.ActiveCfg = Release|x64
		{57DA8963-CD10-4B10-AAD7-D174BF17869C}.Release|x64.Build.0 = Release|x64
		{57DA8963-CD10-4B10-AAD7-D174BF17869C}.Release|x86.ActiveCfg = Release|Win32
		{57DA8963-CD10-4B10-AAD7-D174BF17869C}.Release|x86.Build.0 = Release|Win32
		{A99DFF34-CFCD-4F14-A5C5-F735177C6BDA}.Debug|x64.ActiveCfg = Debug|x64
		{A99DFF34-CFCD-4F14-A5C5-F735177C6BDA}.Debug|x64.Build.0 = Debug|x64
		{A99DFF34-CFCD-4F14-A5C5-F735177C6BDA}.Debug|x86.ActiveCfg = Debug|Win32
		{A99DFF34-CFCD-4F14-A5C5-F735177C6BDA}.Debug|x86.Build.0 = Debug|Win32
		{A99DFF34-CFCD-4F14-A5C5-F735177C6BDA}.Release|x64.ActiveCfg = Release|x64
		{A99DFF34-CFCD-4F14-A5C5-F735177C6BDA}.Release|x64.Build.0 = Release|x64
		{A99DFF34-CFCD-4F14-A5C5-F735177C6BDA}.Release|x86.ActiveCfg = Release|Win32
		{A99DFF34-CFCD-4F14-A5C5-F735177C6BDA}.Release|x86.Build.0 = Release|Win32
		{6F887938-7B6B-4C15-BD77-B68EF5B64444}.Debug|x64.ActiveCfg = Debug|x64
		{6F887938-7B6B-4C15-BD77-B68EF5B64444}.Debug|x64.Build.0 = Debug|x64
		{6F887938-7B6B-4C15-BD77-B68EF5B64444}.Debug|x86.ActiveCfg = Debug|Win32
		{6F887938-7B6B-4C15-BD77-B68EF5B64444}.Debug|x86.Build.0 = Debug|Win32
		{6F887938-7B6B-4C15-BD77-B68EF5B64444}.Release|x64.ActiveCfg = Release|x64
		{6F887938-7B6B-4C15-BD77-B68EF5B64444}.Release|x64.Build.0 = Release|x64
		{6F887938-7B6B-4C15-BD77-B68EF5B64444}.Release|x86.ActiveCfg = Release|Win32
		{6F887938-7B6B-4C15-BD77-B68EF5B64444}.Release|x86.Build.0 = Release|Win32
		{F385A0DC-FD35-40CA-B36A-F2CE994D5C34}.Debug|x64.ActiveCfg = Debug|x64
		{F385A0DC-FD35-40CA-B36A-F2CE994D5C34}.Debug|x64.Build.0 = Debug|x64
		{F385A0DC-FD35-40CA-B36A-F2CE994D5C34}.Debug|x86.ActiveCfg = Debug|Win32
		{F385A0DC-FD35-40CA-B36A-F2CE994D5C34}.Debug|x86.Build.0 = Debug|Win32
		{F385A0DC-FD35-40CA-B36A-F2CE994D5C34}.Release|x64.ActiveCfg = Release|x64
		{F385A0DC-FD35-40CA-B36A-F2CE994D5C34}.Release|x64.Build.0 = Release|x64
		{F385A0DC-FD35-40CA-B36A-F2CE994D5C34}.Release|x86.ActiveCfg = Release|Win32
		{F385A0DC-FD35-40CA-B36A-F2CE994D5C34}.Release|x86.Build.0 = Release|Win32
		{8F901B74-EA84-4222-88AF-D2B2030AE30F}.Debug|x64.ActiveCfg = Debug|x64
		{8F901B74-EA84-4222-88AF-D2B2030AE30F}.Debug|x64.Build.0 = Debug|x64
		{8F901B74-EA84-4222-88AF-D2B2030AE30F}.Debug|x86.ActiveCfg = Debug|Win32
		{8F901B74-EA84-4222-88AF-D2B2030AE30F}.Debug|x86.Build.0 = Debug|Win32
		{8F901B74-EA84-4222-88AF-D2B2030AE30F}.Release|x64.ActiveCfg = Release|x64
		{8F901B74-EA84-4222-88AF-D2B2030AE30F}.Release|x64.Build.0 = Release|x64
		{8F901B74-EA84-4222-88AF-D2B2030AE30F}.Release|x86.ActiveCfg = Release|Win32
		{8F901B74-EA84-4222-88AF-D2B2030AE30F}.Release|x86.Build.0 = Release|Win32
		{9059D34A-788F-4EBD-9ED7-ABDB82424470}.Debug|x64.ActiveCfg = Debug|x64
		{9059D34A-788F-4EBD-9ED7-ABDB82424470}.Debug|x64.Build.0 = Debug|x64
		{9059D34A-788F-4EBD-9ED7-ABDB82424470}.Debug|x86.ActiveCfg = Debug|Win32
		{9059D34A-788F-4EBD-9ED7-ABDB82424470}.Debug|x86.Build.0 = Debug|Win32
		{9059D34A-788F-4EBD-9ED7-ABDB82424470}.Release|x64.ActiveCfg = Release|x64
		{9059D34A-788F-4EBD-9ED7-ABDB82424470}.Release|x64.Build.0 = Release|x64
		{9059D34A-788F-4EBD-9ED7-ABDB82424470}.Release|x86.ActiveCfg = Release|Win32
		{9059D34A-788F-4EBD-9ED7-ABDB82424470}.Release|x86.Build.0 = Release|Win32
		{5AC1CCA6-FD8D-42DA-AC39-6DB092A48732}.Debug|x64.ActiveCfg = Debug|x64
		{5AC1CCA6-FD8D-42DA-AC39-6DB092A48732}.Debug|x64.Build.0 = Debug|x64
		{5AC1CCA6-FD8D-42DA-AC39-6DB092A48732}.Debug|x86.ActiveCfg = Debug|Win32
		{5AC1CCA6-FD8D-42DA-AC39-6DB092A48732}.Debug|x86.Build.0 = Debug|Win32
		{5AC1CCA6-FD8D-42DA-AC39-6DB092A48732}.Release|x64.ActiveCfg = Release|x64
		{5AC1CCA6-FD8D-42DA-AC39-6DB092A48732}.Release|x64.Build.0 = Release|x64
		{5AC1CCA6-FD8D-42DA-AC39-6DB092A48732}.Release|x86.ActiveCfg = Release|Win32
		{5AC1CCA6-FD8D-42DA-AC39-6DB092A48732}.Release|x86.Build.0 = Release|Win32
		{7DD4713D-10EE-4D66-A1C1-CD4A8CAA386D}.Debug|x64.ActiveCfg = Debug|x64
		{7DD4713D-10EE-4D66-A1C1-CD4A8CAA386D}.Debug|x64.Build.0 = Debug|x64
		{7DD4713D-10EE-4D66-A1C1-CD4A8CAA386D}.Debug|x86.ActiveCfg = Debug|Win32
		{7DD4713D-10EE-4D66-A1C1-CD4A8CAA386D}.Debug|x86.Build.0 = Debug|Win32
		{7DD4713D-10EE-4D66-A1C1-CD4A8CAA386D}.Release|x64.ActiveCfg = Release|x64
		{7DD4713D-10EE-4D66-A1C1-CD4A8CAA386D}.Release|x64.Build.0 = Release|x64
		{7DD4713D-10EE-4D66-A1C1-CD4A8CAA386D}.Release|x86.ActiveCfg = Release|Win32
		{7DD4713D-10EE-4D66-A1C1-CD4A8CAA386D}.Release|x86.Build.0 = Release|Win32
		{B46B0057-24E7-4F91-ACE2-292259380DB5}.Debug|x64.ActiveCfg = Debug|x64
		{B46B0057-24E7-4F91-ACE2-292259380DB5}.Debug|x64.Build.0 = Debug|x64
		{B46B0057-24E7-4F91-ACE2-292259380DB5}.Debug|x86.ActiveCfg = Debug|Win32
		{B46B0057-24E7-4F91-ACE2-292259380DB5}.Debug|x86.Build.0 = Debug|Win32
		{B46B0057-24E7-4F91-ACE2-292259380DB5}.Release|x64.ActiveCfg = Release|x64
		{B46B0057-24E7-4F91-ACE2-292259380DB5}.Release|x64.Build.0 = Release|x64
		{B46B0057-24E7-4F91-ACE2-292259380DB5}.Release|x86.ActiveCfg = Release|Win32
		{B46B0057-24E7-4F91-ACE2-292259380DB5}.Release|x86.Build.0 = Release|Win32
		{EA0B5F9D-1197-4028-A823-15F27DA97CC7}.Debug|x64.ActiveCfg = Debug|x64
		{EA0B5F9D-1197-4028-A823-15F27DA97CC7}.Debug|x64.Build.0 = Debug|x64
		{EA0B5F9D-1197-4028-A823-15F27DA97CC7}.Debug|x86.ActiveCfg = Debug|Win32
		{EA0B5F9D-1197-4028-A823-15F27DA97CC7}.Debug|x86.Build.0 = Debug|Win32
		{EA0B5F9D-1197-4028-A823-15F27DA97CC7}.Release|x64.ActiveCfg = Release|x64
		{EA0B5F9D-1197-4028-A823-15F27DA97CC7}.Release|x64.Build.0 = Release|x64
		{EA0B5F9D-1197-4028-A823-15F27DA97CC7}.Release|x86.ActiveCfg = Release|Win32
		{EA0B5F9D-1197-4028-A823-15F27DA97CC7}.Release|x86.Build.0 = Release|Win32
		{34EC23EB-3A2F-4D5A-B5A1-C61C61B2E798}.Debug|x64.ActiveCfg = Debug|x64
		{34EC23EB-3A2F-4D5A-B5A1-C61C61B2E798}.Debug|x64.Build.0 = Debug|x64
		{34EC23EB-3A2F-4D5A-B5A1-C61C61B2E798}.Debug|x86.ActiveCfg = Debug|Win32
		{34EC23EB-3A2F-4D5A-B5A1-C61C61B2E798}.Debug|x86.Build.0 = Debug|Win32
		{34EC23EB-3A2F-4D5A-B5A1-C61C61B2E798}.Release|x64.ActiveCfg = Release|x64
		{34EC23EB-3A2F-4D5A-B5A1-C61C61B2E798}.Release|x64.Build.0 = Release|x64
		{34EC23EB-3A2F-4D5A-B5A1-C61C61B2E798}.Release|x86.ActiveCfg = Release|Win32
		{34EC23EB-3A2F-4D5A-B5A1-C61C61B2E798}.Release|x86.Build.0 = Release|Win32
		{3F67855D-B8CB-414F-8898-18BBE774210B}.Debug|x64.ActiveCfg = Debug|x64
		{3F67855D-B8CB-414F-8898-18BBE774210B}.Debug|x64.Build.0 = Debug|x64
		{3F67855D-B8CB-414F-8898-18BBE774210B}.Debug|x86.ActiveCfg = Debug|Win32
		{3F67855D-B8CB-414F-8898-18BBE774210B}.Debug|x86.Build.0 = Debug|Win32
		{3F67855D-B8CB-414F-8898-18BBE774210B}.Release|x64.ActiveCfg = Release|x64
		{3F67855D-B8CB-414F-8898-18BBE774210B}.Release|x64.Build.0 = Release|x64
		{3F67855D-B8CB-414F-8898-18BBE774210B}.Release|x86.ActiveCfg = Release|Win32
		{3F67855D-B8CB-414F-8898-18BBE774210B}.Release|x86.Build.0 = Release|Win32
		{EFB54569-2B29-4404-B45B-306480F11D6F}.Debug|x64.ActiveCfg = Debug|x64
		{EFB54569-2B29-4404-B45B-306480F11D6F}.Debug|x64.Build.0 = Debug|x64
		{EFB54569-2B29-4404-B45B-306480F11D6F}.Debug|x86.ActiveCfg = Debug|Win32
		{EFB54569-2B29-4404-B45B-306480F11D6F}.Debug|x86.Build.0 = Debug|Win32
		{EFB54569-2B29-4404-B45B-306480F11D6F}.Release|x64.ActiveCfg = Release|x64
		{EFB54569-2B29-4404-B45B-306480F11D6F}.Release|x64.Build.0 = Release|x64
		{EFB54569-2B29-4404-B45B-306480F11D6F}.Release|x86.ActiveCfg = Release|Win32
		{EFB54569-2B29-4404-B45B-306480F11D6F}.Release|x86.Build.0 = Release|Win32
		{98894DD6-8BEE-4832-90FF-E75539C3A5ED}.Debug|x64.ActiveCfg = Debug|x64
		{98894DD6-8BEE-4832-90FF-E75539C3A5ED}.Debug|x64.Build.0 = Debug|x64
		{98894DD6-8BEE-4832-90FF-E75539C3A5ED}.Debug|x86.ActiveCfg = Debug|Win32
		{98894DD6-8BEE-4832-90FF-E75539C3A5ED}.Debug|x86.Build.0 = Debug|Win32
		{98894DD6-8BEE-4832-90FF-E75539C3A5ED}.Release|x64.ActiveCfg = Release|x64
		{98894DD6-8BEE-4832-90FF-E75539C3A5ED}.Release|x64.Build.0 = Release|x64
		{98894DD6-8BEE-4832-90FF-E75539C3A5ED}.Release|x86.ActiveCfg = Release|Win32
		{98894DD6-8BEE-4832-90FF-E75539C3A5ED}.Release|x86.Build.0 = Release|Win32
		{00AE6065-5F3E-4284-A44D-0F8AF382C373}.Debug|x64.ActiveCfg = Debug|x64
		{00AE6065-5F3E-4284-A44D-0F8AF382C373}.Debug|x64.Build.0 = Debug|x64
		{00AE6065-5F3E-4284-A44D-0F8AF382C373}.Debug|x86.ActiveCfg = Debug|Win32
		{00AE6065-5F3E-4284-A44D-0F8AF382C373}.Debug|x86.Build.0 = Debug|Win32
		{00AE6065-5F3E-4284-A44D-0F8AF382C373}.Release|x64.ActiveCfg = Release|x64
		{00AE6065-5F3E-4284-A44D-0F8AF382C373}.Release|x64.Build.0 = Release|x64
		{00AE6065-5F3E-4284-A44D-0F8AF382C373}.Release|x86.ActiveCfg = Release|Win32
		{00AE6065-5F3E-4284-A44D-0F8AF382C373}.Release|x86.Build.0 = Release|Win32
		{60139C86-54D5-4D1B-8263-12FF21BAF04D}.Debug|x64.ActiveCfg = Debug|x64
		{60139C86-54D5-4D1B-8263-12FF21BAF04D}.Debug|x64.Build.0 = Debug|x64
		{60139C86-54D5-4D1B-8263-12FF21BAF04D}.Debug|x86.ActiveCfg = Debug|Win32
		{60139C86-54D5-4D1B-8263-12FF21BAF04D}.Debug|x86.Build.0 = Debug|Win32
		{60139C86-54D5-4D1B-8263-12FF21BAF04D}.Release|x64.ActiveCfg = Release|x64
		{60139C86-54D5-4D1B-8263-12FF21BAF04D}.Release|x64.Build.0 = Release|x64
		{60139C86-54D5-4D1B-8263-12FF21BAF04D}.Release|x86.ActiveCfg = Release|Win32
		{60139C86-54D5-4D1B-8263-12FF21BAF04D}.Release|x86.Build.0 = Release|Win32
		{D8B61956-C1B3-4C1C-82A7-037E8C4F8AAE}.Debug|x64.ActiveCfg = Debug|x64
		{D8B61956-C1B3-4C1C-82A7-037E8C4F8AAE}.Debug|x64.Build.0 = Debug|x64
		{D8B61956-C1B3-4C1C-82A7-037E8C4F8AAE}.Debug|x86.ActiveCfg = Debug|Win32
		{D8B61956-C1B3-4C1C-82A7-037E8C4F8AAE}.Debug|x86.Build.0 = Debug|Win32
		{D8B61956-C1B3-4C1C-82A7-037E8C4F8AAE}.Release|x64.ActiveCfg = Release|x64
		{D8B61956-C1B3-4C1C-82A7-037E8C4F8AAE}.Release|x64.Build.0 = Release|x64
		{D8B61956-C1B3-4C1C-82A7-037E8C4F8AAE}.Release|x86.ActiveCfg = Release|Win32
		{D8B61956-C1B3-4C1C-82A7-037E8C4F8AAE}.Release|x86.Build.0 = Release|Win32
		{4A207542-8779-4EF2-9123-B7E008ED98E2}.Debug|x64.ActiveCfg = Debug|x64
		{4A207542-8779-4EF2-9123-B7E008ED98E2}.Debug|x64.Build.0 = Debug|x64
		{4A207542-8779-4EF2-9123-B7E008ED98E2}.Debug|x86.ActiveCfg = Debug|Win32
		{4A207542-8779-4EF2-9123-B7E008ED98E2}.Debug|x86.Build.0 = Debug|Win32
		{4A207542-8779-4EF2-9123-B7E008ED98E2}.Release|x64.ActiveCfg = Release|x64
		{4A207542-8779-4EF2-9123-B7E008ED98E2}.Release|x64.Build.0 = Release|x64
		{4A207542-8779-4EF2-9123-B7E008ED98E2}.Release|x86.ActiveCfg = Release|Win32
		{4A207542-8779-4EF2-9123-B7E008ED98E2}.Release|x86.Build.0 = Release|Win32
		{35ACF2C4-1CA6-489E-B726-CA850C96A36D}.Debug|x64.ActiveCfg = Debug|x64
		{35ACF2C4-1CA6-489E-B726-CA850C96A36D}.Debug|x64.Build.0 = Debug|x64
		{35ACF2C4-1CA6-489E-B726-CA850C96A36D}.Debug|x86.ActiveCfg = Debug|Win32
		{35ACF2C4-1CA6-489E-B726-CA850C96A36D}.Debug|x86.Build.0 = Debug|Win32
		{35ACF2C4-1CA6-489E-B726-CA850C96A36D}.Release|x64.ActiveCfg = Release|x64
		{35ACF2C4-1CA6-489E-B726-CA850C96A36D}.Release|x64.Build.0 = Release|x64
		{35ACF2C4-1CA6-489E-B726-CA850C96A36D}.Release|x86.ActiveCfg = Release|Win32
		{35ACF2C4-1CA6-489E-B726-CA850C96A36D}.Release|x86.Build.0 = Release|Win32
		{905E0FFA-2103-489F-AD81-612BFD4ED019}.Debug|x64.ActiveCfg = Debug|x64
		{905E0FFA-2103-489F-AD81-612BFD4ED019}.Debug|x64.Build.0 = Debug|x64
		{905E0FFA-2103-489F-AD81-612BFD4ED019}.Debug|x86.ActiveCfg = Debug|Win32
		{905E0FFA-2103-489F-AD81-612BFD4ED019}.Debug|x86.Build.0 = Debug|Win32
		{905E0FFA-2103-489F-AD81-612BFD4ED019}.Release|x64.ActiveCfg = Release|x64
		{905E0FFA-2103-489F-AD81-612BFD4ED019}.Release|x64.Build.0 = Release|x64
		{905E0FFA-2103-489F-AD81-612BFD4ED019}.Release|x86.ActiveCfg = Release|Win32
		{905E0FFA-2103-489F-AD81-612BFD4ED019}.Release|x86.Build.0 = Release|Win32
		{22545E22-41E2-4CEC-B120-5E639FAD8459}.Debug|x64.ActiveCfg = Debug|x64
		{22545E22-41E2-4CEC-B120-5E639FAD8459}.Debug|x64.Build.0 = Debug|x64
		{22545E22-41E2-4CEC-B120-5E639FAD8459}.Debug|x86.ActiveCfg = Debug|Win32
		{22545E22-41E2-4CEC-B120-5E639FAD8459}.Debug|x86.Build.0 = Debug|Win32
		{22545E22-41E2-4CEC-B120-5E639FAD8459}.Release|x64.ActiveCfg = Release|x64
		{22545E22-41E2-4CEC-B120-5E639FAD8459}.Release|x64.Build.0 = Release|x64
		{22545E22-41E2-4CEC-B120-5E639FAD8459}.Release|x86.ActiveCfg = Release|Win32
		{22545E22-41E2-4CEC-B120-5E639FAD8459}.Release|x86.Build.0 = Release|Win32
		{330257C2-56BC-4ECB-801E-D301589F28C4}.Debug|x64.ActiveCfg = Debug|x64
		{330257C2-56BC-4ECB-801E-D301589F28C4}.Debug|x64.Build.0 = Debug|x64
		{330257C2-56BC-4ECB-801E-D301589F28C4}.Debug|x86.ActiveCfg = Debug|Win32
		{330257C2-56BC-4ECB-801E-D301589F28C4}.Debug|x86.Build.0 = Debug|Win32
		{330257C2-56BC-4ECB-801E-D301589F28C4}.Release|x64.ActiveCfg = Release|x64
		{330257C2-56BC-4ECB-801E-D301589F28C4}.Release|x64.Build.0 = Release|x64
		{330257C2-56BC-4ECB-801E-D301589F28C4}.Release|x86.ActiveCfg = Release|Win32
		{330257C2-56BC-4ECB-801E-D301589F28C4}.Release|x86.Build.0 = Release|Win32
	EndGlobalSection
	GlobalSection(SolutionProperties) = preSolution
		HideSolutionNode = FALSE
	EndGlobalSection
	GlobalSection(NestedProjects) = preSolution
		{D8B61956-C1B3-4C1C-82A7-037E8C4F8AAE} = {D2A68E6D-9BC8-487F-8E56-68E8562CA745}
		{4A207542-8779-4EF2-9123-B7E008ED98E2} = {D2A68E6D-9BC8-487F-8E56-68E8562CA745}
		{905E0FFA-2103-489F-AD81-612BFD4ED019} = {4FBF920D-DC9C-42C6-8DE7-052E1AC78DA7}
		{22545E22-41E2-4CEC-B120-5E639FAD8459} = {4FBF920D-DC9C-42C6-8DE7-052E1AC78DA7}
	EndGlobalSection
	GlobalSection(ExtensibilityGlobals) = postSolution
		SolutionGuid = {08DE02B0-D939-48F9-A81F-967D5F95A2B4}
	EndGlobalSection
EndGlobal
