
Microsoft Visual Studio Solution File, Format Version 12.00
# Visual Studio Version 16
VisualStudioVersion = 16.0.32929.386
MinimumVisualStudioVersion = 10.0.40219.1
Project("{8BC9CEB8-8B4A-11D0-8D11-00A0C91BC942}") = "6-01", "6-01\6-01.vcxproj", "{6B454DAD-686D-4388-A1D7-B3047B2BF52E}"
EndProject
Project("{2150E333-8FDC-42A3-9474-1A3956D46DE8}") = "Practice", "Practice", "{1B8164D0-A6B0-4635-86F7-9A389365DE6B}"
EndProject
Project("{2150E333-8FDC-42A3-9474-1A3956D46DE8}") = "Question", "Question", "{23070394-23D0-470E-BC58-9B139FAA399B}"
EndProject
Project("{8BC9CEB8-8B4A-11D0-8D11-00A0C91BC942}") = "Q01", "Q01\Q01.vcxproj", "{E54BDE91-19F9-4778-BF96-BFA2D1A4C4D8}"
EndProject
Project("{8BC9CEB8-8B4A-11D0-8D11-00A0C91BC942}") = "Q02", "Q02\Q02.vcxproj", "{131E3DAB-2B70-4238-9E54-5125D95B85F6}"
EndProject
Project("{8BC9CEB8-8B4A-11D0-8D11-00A0C91BC942}") = "6-02", "6-02\6-02.vcxproj", "{51631309-17B1-41E0-B48F-1E8D8F9F014D}"
EndProject
Project("{8BC9CEB8-8B4A-11D0-8D11-00A0C91BC942}") = "Q03", "Q03\Q03.vcxproj", "{A6A5FE9E-451B-44F9-9DA5-77999D6BFE80}"
EndProject
Project("{8BC9CEB8-8B4A-11D0-8D11-00A0C91BC942}") = "Q04", "Q04\Q04.vcxproj", "{C006530A-9E66-4CDE-8000-5FE8DD5AB450}"
EndProject
Project("{8BC9CEB8-8B4A-11D0-8D11-00A0C91BC942}") = "6-03", "6-03\6-03.vcxproj", "{BE3B4544-F009-4E05-833B-111F23071AD0}"
EndProject
Project("{8BC9CEB8-8B4A-11D0-8D11-00A0C91BC942}") = "Q05", "Q05\Q05.vcxproj", "{B9395243-4877-41BB-9DE2-34826330228D}"
EndProject
Project("{8BC9CEB8-8B4A-11D0-8D11-00A0C91BC942}") = "Q06", "Q06\Q06.vcxproj", "{596F9111-464E-4FB8-8FB8-FF17A0AA0704}"
EndProject
Project("{8BC9CEB8-8B4A-11D0-8D11-00A0C91BC942}") = "6-04", "6-04\6-04.vcxproj", "{1D3DE6C3-C609-4546-AD99-53D94C79BBC0}"
EndProject
Project("{8BC9CEB8-8B4A-11D0-8D11-00A0C91BC942}") = "6-05", "6-05\6-05.vcxproj", "{312F46C6-43E2-4711-995D-C199AE601802}"
EndProject
Project("{8BC9CEB8-8B4A-11D0-8D11-00A0C91BC942}") = "Q07", "Q07\Q07.vcxproj", "{56728009-2BC1-409D-A905-F9E88F07F4BC}"
EndProject
Project("{8BC9CEB8-8B4A-11D0-8D11-00A0C91BC942}") = "Q08", "Q08\Q08.vcxproj", "{AA5F48C9-4311-4A94-8DCE-C3804935144A}"
EndProject
Project("{8BC9CEB8-8B4A-11D0-8D11-00A0C91BC942}") = "Q09", "Q09\Q09.vcxproj", "{253983CD-B034-4BAE-8540-5A187301360C}"
EndProject
Project("{8BC9CEB8-8B4A-11D0-8D11-00A0C91BC942}") = "Q10", "Q10\Q10.vcxproj", "{68D4B588-8E6A-4ACF-B794-7B357D0E8BBC}"
EndProject
Project("{8BC9CEB8-8B4A-11D0-8D11-00A0C91BC942}") = "Q11", "Q11\Q11.vcxproj", "{0C263D5B-FDC9-4154-AA78-B42ED1D84F79}"
EndProject
Project("{8BC9CEB8-8B4A-11D0-8D11-00A0C91BC942}") = "6-06", "6-06\6-06.vcxproj", "{45649FFB-B9C6-4D3C-BE3F-FAAACBD7B631}"
EndProject
Project("{8BC9CEB8-8B4A-11D0-8D11-00A0C91BC942}") = "6-07", "6-07\6-07.vcxproj", "{AC5119DE-009C-4A13-831F-FFE297C22437}"
EndProject
Project("{8BC9CEB8-8B4A-11D0-8D11-00A0C91BC942}") = "6-08", "6-08\6-08.vcxproj", "{1372130F-8AFC-47A3-A410-16878DC1E7C8}"
EndProject
Project("{8BC9CEB8-8B4A-11D0-8D11-00A0C91BC942}") = "6-09", "6-09\6-09.vcxproj", "{5BCB8ADE-CB2D-4BF6-B69B-4BFE410D932B}"
EndProject
Project("{8BC9CEB8-8B4A-11D0-8D11-00A0C91BC942}") = "Q13", "Q13\Q13.vcxproj", "{AF72095C-AA85-4A1C-955E-2CFE5370F364}"
EndProject
Project("{8BC9CEB8-8B4A-11D0-8D11-00A0C91BC942}") = "6C-01", "6C-01\6C-01.vcxproj", "{804C63E3-54FE-41D0-8B51-D2F16B268502}"
EndProject
Project("{8BC9CEB8-8B4A-11D0-8D11-00A0C91BC942}") = "6-10", "6-10\6-10.vcxproj", "{04A6C2ED-F931-431B-93AE-17FF2B8C4BC8}"
EndProject
Project("{8BC9CEB8-8B4A-11D0-8D11-00A0C91BC942}") = "Q14", "Q14\Q14.vcxproj", "{61D97400-CF11-48C1-9127-EEA2C4AFD03B}"
EndProject
Project("{8BC9CEB8-8B4A-11D0-8D11-00A0C91BC942}") = "Q15a", "Q15a\Q15a.vcxproj", "{14687D1B-4F48-4757-8B45-A4F6C362062A}"
EndProject
Project("{8BC9CEB8-8B4A-11D0-8D11-00A0C91BC942}") = "Q15b", "Q15b\Q15b.vcxproj", "{FF27C6B8-CE1E-49F9-B707-1CF1864A88CC}"
EndProject
Project("{8BC9CEB8-8B4A-11D0-8D11-00A0C91BC942}") = "Q16a", "Q16a\Q16a.vcxproj", "{4BF77AAB-8383-4391-AADD-A8EB583613F2}"
EndProject
Project("{8BC9CEB8-8B4A-11D0-8D11-00A0C91BC942}") = "Q16b", "Q16b\Q16b.vcxproj", "{B497682D-6FE8-48D3-8031-7784A1700341}"
EndProject
Project("{8BC9CEB8-8B4A-11D0-8D11-00A0C91BC942}") = "Q17a", "Q17a\Q17a.vcxproj", "{7AE8FBC7-CAFE-46AB-BAEC-52B0470010DC}"
EndProject
Project("{8BC9CEB8-8B4A-11D0-8D11-00A0C91BC942}") = "Q18a", "Q18a\Q18a.vcxproj", "{1690F980-5A90-4738-9C9A-0AD1835F62C9}"
EndProject
Project("{8BC9CEB8-8B4A-11D0-8D11-00A0C91BC942}") = "Q18b", "Q18b\Q18b.vcxproj", "{2D7B00B1-B550-4A7C-A979-8A2FC0E65E7F}"
EndProject
Project("{8BC9CEB8-8B4A-11D0-8D11-00A0C91BC942}") = "6-11", "6-11\6-11.vcxproj", "{CF85331E-B35C-4329-96C2-3D84FC7511F8}"
EndProject
Project("{8BC9CEB8-8B4A-11D0-8D11-00A0C91BC942}") = "6-12", "6-12\6-12.vcxproj", "{EDD306DC-6518-427D-A39F-E551E3CF87A6}"
EndProject
Project("{8BC9CEB8-8B4A-11D0-8D11-00A0C91BC942}") = "Q19", "Q19\Q19.vcxproj", "{C4296F81-14D8-4CB3-8BC7-D505ABCF66E4}"
EndProject
Project("{8BC9CEB8-8B4A-11D0-8D11-00A0C91BC942}") = "Q20", "Q20\Q20.vcxproj", "{69A4C7E5-4B9D-4326-A2E5-D00B1820F889}"
EndProject
Project("{8BC9CEB8-8B4A-11D0-8D11-00A0C91BC942}") = "6-13", "6-13\6-13.vcxproj", "{0837E7B4-B358-41C2-944B-ACEE55D50EC7}"
EndProject
Project("{8BC9CEB8-8B4A-11D0-8D11-00A0C91BC942}") = "6-14", "6-14\6-14.vcxproj", "{1BEA23CE-C92F-480B-B7C3-9FB6234984A2}"
EndProject
Project("{8BC9CEB8-8B4A-11D0-8D11-00A0C91BC942}") = "Q21", "Q21\Q21.vcxproj", "{371B38AE-9ADD-4860-9EAB-BFA3A3600A01}"
EndProject
Project("{8BC9CEB8-8B4A-11D0-8D11-00A0C91BC942}") = "Q22", "Q22\Q22.vcxproj", "{BB3D9033-2D29-4E12-B2A7-7197518A3598}"
EndProject
Project("{8BC9CEB8-8B4A-11D0-8D11-00A0C91BC942}") = "6-15", "6-15\6-15.vcxproj", "{4905E82D-D22B-4E55-B992-08CAE68C1E67}"
EndProject
Project("{8BC9CEB8-8B4A-11D0-8D11-00A0C91BC942}") = "6-16", "6-16\6-16.vcxproj", "{980A6172-53BA-45AA-8B36-1A07029DA01C}"
EndProject
Project("{8BC9CEB8-8B4A-11D0-8D11-00A0C91BC942}") = "Q23", "Q23\Q23.vcxproj", "{8ED23DCC-DF58-4537-A2E4-F879514BDD09}"
EndProject
Project("{8BC9CEB8-8B4A-11D0-8D11-00A0C91BC942}") = "Q24", "Q24\Q24.vcxproj", "{89BB3CB1-B11E-4FA2-AE86-7A125FAFA33B}"
EndProject
Project("{8BC9CEB8-8B4A-11D0-8D11-00A0C91BC942}") = "Double_heap", "Double_heap\Double_heap.vcxproj", "{1E34DA88-1FD1-444A-BECB-FD5D916A4DF0}"
EndProject
Global
	GlobalSection(SolutionConfigurationPlatforms) = preSolution
		Debug|x64 = Debug|x64
		Debug|x86 = Debug|x86
		Release|x64 = Release|x64
		Release|x86 = Release|x86
	EndGlobalSection
	GlobalSection(ProjectConfigurationPlatforms) = postSolution
		{6B454DAD-686D-4388-A1D7-B3047B2BF52E}.Debug|x64.ActiveCfg = Debug|x64
		{6B454DAD-686D-4388-A1D7-B3047B2BF52E}.Debug|x64.Build.0 = Debug|x64
		{6B454DAD-686D-4388-A1D7-B3047B2BF52E}.Debug|x86.ActiveCfg = Debug|Win32
		{6B454DAD-686D-4388-A1D7-B3047B2BF52E}.Debug|x86.Build.0 = Debug|Win32
		{6B454DAD-686D-4388-A1D7-B3047B2BF52E}.Release|x64.ActiveCfg = Release|x64
		{6B454DAD-686D-4388-A1D7-B3047B2BF52E}.Release|x64.Build.0 = Release|x64
		{6B454DAD-686D-4388-A1D7-B3047B2BF52E}.Release|x86.ActiveCfg = Release|Win32
		{6B454DAD-686D-4388-A1D7-B3047B2BF52E}.Release|x86.Build.0 = Release|Win32
		{E54BDE91-19F9-4778-BF96-BFA2D1A4C4D8}.Debug|x64.ActiveCfg = Debug|x64
		{E54BDE91-19F9-4778-BF96-BFA2D1A4C4D8}.Debug|x64.Build.0 = Debug|x64
		{E54BDE91-19F9-4778-BF96-BFA2D1A4C4D8}.Debug|x86.ActiveCfg = Debug|Win32
		{E54BDE91-19F9-4778-BF96-BFA2D1A4C4D8}.Debug|x86.Build.0 = Debug|Win32
		{E54BDE91-19F9-4778-BF96-BFA2D1A4C4D8}.Release|x64.ActiveCfg = Release|x64
		{E54BDE91-19F9-4778-BF96-BFA2D1A4C4D8}.Release|x64.Build.0 = Release|x64
		{E54BDE91-19F9-4778-BF96-BFA2D1A4C4D8}.Release|x86.ActiveCfg = Release|Win32
		{E54BDE91-19F9-4778-BF96-BFA2D1A4C4D8}.Release|x86.Build.0 = Release|Win32
		{131E3DAB-2B70-4238-9E54-5125D95B85F6}.Debug|x64.ActiveCfg = Debug|x64
		{131E3DAB-2B70-4238-9E54-5125D95B85F6}.Debug|x64.Build.0 = Debug|x64
		{131E3DAB-2B70-4238-9E54-5125D95B85F6}.Debug|x86.ActiveCfg = Debug|Win32
		{131E3DAB-2B70-4238-9E54-5125D95B85F6}.Debug|x86.Build.0 = Debug|Win32
		{131E3DAB-2B70-4238-9E54-5125D95B85F6}.Release|x64.ActiveCfg = Release|x64
		{131E3DAB-2B70-4238-9E54-5125D95B85F6}.Release|x64.Build.0 = Release|x64
		{131E3DAB-2B70-4238-9E54-5125D95B85F6}.Release|x86.ActiveCfg = Release|Win32
		{131E3DAB-2B70-4238-9E54-5125D95B85F6}.Release|x86.Build.0 = Release|Win32
		{51631309-17B1-41E0-B48F-1E8D8F9F014D}.Debug|x64.ActiveCfg = Debug|x64
		{51631309-17B1-41E0-B48F-1E8D8F9F014D}.Debug|x64.Build.0 = Debug|x64
		{51631309-17B1-41E0-B48F-1E8D8F9F014D}.Debug|x86.ActiveCfg = Debug|Win32
		{51631309-17B1-41E0-B48F-1E8D8F9F014D}.Debug|x86.Build.0 = Debug|Win32
		{51631309-17B1-41E0-B48F-1E8D8F9F014D}.Release|x64.ActiveCfg = Release|x64
		{51631309-17B1-41E0-B48F-1E8D8F9F014D}.Release|x64.Build.0 = Release|x64
		{51631309-17B1-41E0-B48F-1E8D8F9F014D}.Release|x86.ActiveCfg = Release|Win32
		{51631309-17B1-41E0-B48F-1E8D8F9F014D}.Release|x86.Build.0 = Release|Win32
		{A6A5FE9E-451B-44F9-9DA5-77999D6BFE80}.Debug|x64.ActiveCfg = Debug|x64
		{A6A5FE9E-451B-44F9-9DA5-77999D6BFE80}.Debug|x64.Build.0 = Debug|x64
		{A6A5FE9E-451B-44F9-9DA5-77999D6BFE80}.Debug|x86.ActiveCfg = Debug|Win32
		{A6A5FE9E-451B-44F9-9DA5-77999D6BFE80}.Debug|x86.Build.0 = Debug|Win32
		{A6A5FE9E-451B-44F9-9DA5-77999D6BFE80}.Release|x64.ActiveCfg = Release|x64
		{A6A5FE9E-451B-44F9-9DA5-77999D6BFE80}.Release|x64.Build.0 = Release|x64
		{A6A5FE9E-451B-44F9-9DA5-77999D6BFE80}.Release|x86.ActiveCfg = Release|Win32
		{A6A5FE9E-451B-44F9-9DA5-77999D6BFE80}.Release|x86.Build.0 = Release|Win32
		{C006530A-9E66-4CDE-8000-5FE8DD5AB450}.Debug|x64.ActiveCfg = Debug|x64
		{C006530A-9E66-4CDE-8000-5FE8DD5AB450}.Debug|x64.Build.0 = Debug|x64
		{C006530A-9E66-4CDE-8000-5FE8DD5AB450}.Debug|x86.ActiveCfg = Debug|Win32
		{C006530A-9E66-4CDE-8000-5FE8DD5AB450}.Debug|x86.Build.0 = Debug|Win32
		{C006530A-9E66-4CDE-8000-5FE8DD5AB450}.Release|x64.ActiveCfg = Release|x64
		{C006530A-9E66-4CDE-8000-5FE8DD5AB450}.Release|x64.Build.0 = Release|x64
		{C006530A-9E66-4CDE-8000-5FE8DD5AB450}.Release|x86.ActiveCfg = Release|Win32
		{C006530A-9E66-4CDE-8000-5FE8DD5AB450}.Release|x86.Build.0 = Release|Win32
		{BE3B4544-F009-4E05-833B-111F23071AD0}.Debug|x64.ActiveCfg = Debug|x64
		{BE3B4544-F009-4E05-833B-111F23071AD0}.Debug|x64.Build.0 = Debug|x64
		{BE3B4544-F009-4E05-833B-111F23071AD0}.Debug|x86.ActiveCfg = Debug|Win32
		{BE3B4544-F009-4E05-833B-111F23071AD0}.Debug|x86.Build.0 = Debug|Win32
		{BE3B4544-F009-4E05-833B-111F23071AD0}.Release|x64.ActiveCfg = Release|x64
		{BE3B4544-F009-4E05-833B-111F23071AD0}.Release|x64.Build.0 = Release|x64
		{BE3B4544-F009-4E05-833B-111F23071AD0}.Release|x86.ActiveCfg = Release|Win32
		{BE3B4544-F009-4E05-833B-111F23071AD0}.Release|x86.Build.0 = Release|Win32
		{B9395243-4877-41BB-9DE2-34826330228D}.Debug|x64.ActiveCfg = Debug|x64
		{B9395243-4877-41BB-9DE2-34826330228D}.Debug|x64.Build.0 = Debug|x64
		{B9395243-4877-41BB-9DE2-34826330228D}.Debug|x86.ActiveCfg = Debug|Win32
		{B9395243-4877-41BB-9DE2-34826330228D}.Debug|x86.Build.0 = Debug|Win32
		{B9395243-4877-41BB-9DE2-34826330228D}.Release|x64.ActiveCfg = Release|x64
		{B9395243-4877-41BB-9DE2-34826330228D}.Release|x64.Build.0 = Release|x64
		{B9395243-4877-41BB-9DE2-34826330228D}.Release|x86.ActiveCfg = Release|Win32
		{B9395243-4877-41BB-9DE2-34826330228D}.Release|x86.Build.0 = Release|Win32
		{596F9111-464E-4FB8-8FB8-FF17A0AA0704}.Debug|x64.ActiveCfg = Debug|x64
		{596F9111-464E-4FB8-8FB8-FF17A0AA0704}.Debug|x64.Build.0 = Debug|x64
		{596F9111-464E-4FB8-8FB8-FF17A0AA0704}.Debug|x86.ActiveCfg = Debug|Win32
		{596F9111-464E-4FB8-8FB8-FF17A0AA0704}.Debug|x86.Build.0 = Debug|Win32
		{596F9111-464E-4FB8-8FB8-FF17A0AA0704}.Release|x64.ActiveCfg = Release|x64
		{596F9111-464E-4FB8-8FB8-FF17A0AA0704}.Release|x64.Build.0 = Release|x64
		{596F9111-464E-4FB8-8FB8-FF17A0AA0704}.Release|x86.ActiveCfg = Release|Win32
		{596F9111-464E-4FB8-8FB8-FF17A0AA0704}.Release|x86.Build.0 = Release|Win32
		{1D3DE6C3-C609-4546-AD99-53D94C79BBC0}.Debug|x64.ActiveCfg = Debug|x64
		{1D3DE6C3-C609-4546-AD99-53D94C79BBC0}.Debug|x64.Build.0 = Debug|x64
		{1D3DE6C3-C609-4546-AD99-53D94C79BBC0}.Debug|x86.ActiveCfg = Debug|Win32
		{1D3DE6C3-C609-4546-AD99-53D94C79BBC0}.Debug|x86.Build.0 = Debug|Win32
		{1D3DE6C3-C609-4546-AD99-53D94C79BBC0}.Release|x64.ActiveCfg = Release|x64
		{1D3DE6C3-C609-4546-AD99-53D94C79BBC0}.Release|x64.Build.0 = Release|x64
		{1D3DE6C3-C609-4546-AD99-53D94C79BBC0}.Release|x86.ActiveCfg = Release|Win32
		{1D3DE6C3-C609-4546-AD99-53D94C79BBC0}.Release|x86.Build.0 = Release|Win32
		{312F46C6-43E2-4711-995D-C199AE601802}.Debug|x64.ActiveCfg = Debug|x64
		{312F46C6-43E2-4711-995D-C199AE601802}.Debug|x64.Build.0 = Debug|x64
		{312F46C6-43E2-4711-995D-C199AE601802}.Debug|x86.ActiveCfg = Debug|Win32
		{312F46C6-43E2-4711-995D-C199AE601802}.Debug|x86.Build.0 = Debug|Win32
		{312F46C6-43E2-4711-995D-C199AE601802}.Release|x64.ActiveCfg = Release|x64
		{312F46C6-43E2-4711-995D-C199AE601802}.Release|x64.Build.0 = Release|x64
		{312F46C6-43E2-4711-995D-C199AE601802}.Release|x86.ActiveCfg = Release|Win32
		{312F46C6-43E2-4711-995D-C199AE601802}.Release|x86.Build.0 = Release|Win32
		{56728009-2BC1-409D-A905-F9E88F07F4BC}.Debug|x64.ActiveCfg = Debug|x64
		{56728009-2BC1-409D-A905-F9E88F07F4BC}.Debug|x64.Build.0 = Debug|x64
		{56728009-2BC1-409D-A905-F9E88F07F4BC}.Debug|x86.ActiveCfg = Debug|Win32
		{56728009-2BC1-409D-A905-F9E88F07F4BC}.Debug|x86.Build.0 = Debug|Win32
		{56728009-2BC1-409D-A905-F9E88F07F4BC}.Release|x64.ActiveCfg = Release|x64
		{56728009-2BC1-409D-A905-F9E88F07F4BC}.Release|x64.Build.0 = Release|x64
		{56728009-2BC1-409D-A905-F9E88F07F4BC}.Release|x86.ActiveCfg = Release|Win32
		{56728009-2BC1-409D-A905-F9E88F07F4BC}.Release|x86.Build.0 = Release|Win32
		{AA5F48C9-4311-4A94-8DCE-C3804935144A}.Debug|x64.ActiveCfg = Debug|x64
		{AA5F48C9-4311-4A94-8DCE-C3804935144A}.Debug|x64.Build.0 = Debug|x64
		{AA5F48C9-4311-4A94-8DCE-C3804935144A}.Debug|x86.ActiveCfg = Debug|Win32
		{AA5F48C9-4311-4A94-8DCE-C3804935144A}.Debug|x86.Build.0 = Debug|Win32
		{AA5F48C9-4311-4A94-8DCE-C3804935144A}.Release|x64.ActiveCfg = Release|x64
		{AA5F48C9-4311-4A94-8DCE-C3804935144A}.Release|x64.Build.0 = Release|x64
		{AA5F48C9-4311-4A94-8DCE-C3804935144A}.Release|x86.ActiveCfg = Release|Win32
		{AA5F48C9-4311-4A94-8DCE-C3804935144A}.Release|x86.Build.0 = Release|Win32
		{253983CD-B034-4BAE-8540-5A187301360C}.Debug|x64.ActiveCfg = Debug|x64
		{253983CD-B034-4BAE-8540-5A187301360C}.Debug|x64.Build.0 = Debug|x64
		{253983CD-B034-4BAE-8540-5A187301360C}.Debug|x86.ActiveCfg = Debug|Win32
		{253983CD-B034-4BAE-8540-5A187301360C}.Debug|x86.Build.0 = Debug|Win32
		{253983CD-B034-4BAE-8540-5A187301360C}.Release|x64.ActiveCfg = Release|x64
		{253983CD-B034-4BAE-8540-5A187301360C}.Release|x64.Build.0 = Release|x64
		{253983CD-B034-4BAE-8540-5A187301360C}.Release|x86.ActiveCfg = Release|Win32
		{253983CD-B034-4BAE-8540-5A187301360C}.Release|x86.Build.0 = Release|Win32
		{68D4B588-8E6A-4ACF-B794-7B357D0E8BBC}.Debug|x64.ActiveCfg = Debug|x64
		{68D4B588-8E6A-4ACF-B794-7B357D0E8BBC}.Debug|x64.Build.0 = Debug|x64
		{68D4B588-8E6A-4ACF-B794-7B357D0E8BBC}.Debug|x86.ActiveCfg = Debug|Win32
		{68D4B588-8E6A-4ACF-B794-7B357D0E8BBC}.Debug|x86.Build.0 = Debug|Win32
		{68D4B588-8E6A-4ACF-B794-7B357D0E8BBC}.Release|x64.ActiveCfg = Release|x64
		{68D4B588-8E6A-4ACF-B794-7B357D0E8BBC}.Release|x64.Build.0 = Release|x64
		{68D4B588-8E6A-4ACF-B794-7B357D0E8BBC}.Release|x86.ActiveCfg = Release|Win32
		{68D4B588-8E6A-4ACF-B794-7B357D0E8BBC}.Release|x86.Build.0 = Release|Win32
		{0C263D5B-FDC9-4154-AA78-B42ED1D84F79}.Debug|x64.ActiveCfg = Debug|x64
		{0C263D5B-FDC9-4154-AA78-B42ED1D84F79}.Debug|x64.Build.0 = Debug|x64
		{0C263D5B-FDC9-4154-AA78-B42ED1D84F79}.Debug|x86.ActiveCfg = Debug|Win32
		{0C263D5B-FDC9-4154-AA78-B42ED1D84F79}.Debug|x86.Build.0 = Debug|Win32
		{0C263D5B-FDC9-4154-AA78-B42ED1D84F79}.Release|x64.ActiveCfg = Release|x64
		{0C263D5B-FDC9-4154-AA78-B42ED1D84F79}.Release|x64.Build.0 = Release|x64
		{0C263D5B-FDC9-4154-AA78-B42ED1D84F79}.Release|x86.ActiveCfg = Release|Win32
		{0C263D5B-FDC9-4154-AA78-B42ED1D84F79}.Release|x86.Build.0 = Release|Win32
		{45649FFB-B9C6-4D3C-BE3F-FAAACBD7B631}.Debug|x64.ActiveCfg = Debug|x64
		{45649FFB-B9C6-4D3C-BE3F-FAAACBD7B631}.Debug|x64.Build.0 = Debug|x64
		{45649FFB-B9C6-4D3C-BE3F-FAAACBD7B631}.Debug|x86.ActiveCfg = Debug|Win32
		{45649FFB-B9C6-4D3C-BE3F-FAAACBD7B631}.Debug|x86.Build.0 = Debug|Win32
		{45649FFB-B9C6-4D3C-BE3F-FAAACBD7B631}.Release|x64.ActiveCfg = Release|x64
		{45649FFB-B9C6-4D3C-BE3F-FAAACBD7B631}.Release|x64.Build.0 = Release|x64
		{45649FFB-B9C6-4D3C-BE3F-FAAACBD7B631}.Release|x86.ActiveCfg = Release|Win32
		{45649FFB-B9C6-4D3C-BE3F-FAAACBD7B631}.Release|x86.Build.0 = Release|Win32
		{AC5119DE-009C-4A13-831F-FFE297C22437}.Debug|x64.ActiveCfg = Debug|x64
		{AC5119DE-009C-4A13-831F-FFE297C22437}.Debug|x64.Build.0 = Debug|x64
		{AC5119DE-009C-4A13-831F-FFE297C22437}.Debug|x86.ActiveCfg = Debug|Win32
		{AC5119DE-009C-4A13-831F-FFE297C22437}.Debug|x86.Build.0 = Debug|Win32
		{AC5119DE-009C-4A13-831F-FFE297C22437}.Release|x64.ActiveCfg = Release|x64
		{AC5119DE-009C-4A13-831F-FFE297C22437}.Release|x64.Build.0 = Release|x64
		{AC5119DE-009C-4A13-831F-FFE297C22437}.Release|x86.ActiveCfg = Release|Win32
		{AC5119DE-009C-4A13-831F-FFE297C22437}.Release|x86.Build.0 = Release|Win32
		{1372130F-8AFC-47A3-A410-16878DC1E7C8}.Debug|x64.ActiveCfg = Debug|x64
		{1372130F-8AFC-47A3-A410-16878DC1E7C8}.Debug|x64.Build.0 = Debug|x64
		{1372130F-8AFC-47A3-A410-16878DC1E7C8}.Debug|x86.ActiveCfg = Debug|Win32
		{1372130F-8AFC-47A3-A410-16878DC1E7C8}.Debug|x86.Build.0 = Debug|Win32
		{1372130F-8AFC-47A3-A410-16878DC1E7C8}.Release|x64.ActiveCfg = Release|x64
		{1372130F-8AFC-47A3-A410-16878DC1E7C8}.Release|x64.Build.0 = Release|x64
		{1372130F-8AFC-47A3-A410-16878DC1E7C8}.Release|x86.ActiveCfg = Release|Win32
		{1372130F-8AFC-47A3-A410-16878DC1E7C8}.Release|x86.Build.0 = Release|Win32
		{5BCB8ADE-CB2D-4BF6-B69B-4BFE410D932B}.Debug|x64.ActiveCfg = Debug|x64
		{5BCB8ADE-CB2D-4BF6-B69B-4BFE410D932B}.Debug|x64.Build.0 = Debug|x64
		{5BCB8ADE-CB2D-4BF6-B69B-4BFE410D932B}.Debug|x86.ActiveCfg = Debug|Win32
		{5BCB8ADE-CB2D-4BF6-B69B-4BFE410D932B}.Debug|x86.Build.0 = Debug|Win32
		{5BCB8ADE-CB2D-4BF6-B69B-4BFE410D932B}.Release|x64.ActiveCfg = Release|x64
		{5BCB8ADE-CB2D-4BF6-B69B-4BFE410D932B}.Release|x64.Build.0 = Release|x64
		{5BCB8ADE-CB2D-4BF6-B69B-4BFE410D932B}.Release|x86.ActiveCfg = Release|Win32
		{5BCB8ADE-CB2D-4BF6-B69B-4BFE410D932B}.Release|x86.Build.0 = Release|Win32
		{AF72095C-AA85-4A1C-955E-2CFE5370F364}.Debug|x64.ActiveCfg = Debug|x64
		{AF72095C-AA85-4A1C-955E-2CFE5370F364}.Debug|x64.Build.0 = Debug|x64
		{AF72095C-AA85-4A1C-955E-2CFE5370F364}.Debug|x86.ActiveCfg = Debug|Win32
		{AF72095C-AA85-4A1C-955E-2CFE5370F364}.Debug|x86.Build.0 = Debug|Win32
		{AF72095C-AA85-4A1C-955E-2CFE5370F364}.Release|x64.ActiveCfg = Release|x64
		{AF72095C-AA85-4A1C-955E-2CFE5370F364}.Release|x64.Build.0 = Release|x64
		{AF72095C-AA85-4A1C-955E-2CFE5370F364}.Release|x86.ActiveCfg = Release|Win32
		{AF72095C-AA85-4A1C-955E-2CFE5370F364}.Release|x86.Build.0 = Release|Win32
		{804C63E3-54FE-41D0-8B51-D2F16B268502}.Debug|x64.ActiveCfg = Debug|x64
		{804C63E3-54FE-41D0-8B51-D2F16B268502}.Debug|x64.Build.0 = Debug|x64
		{804C63E3-54FE-41D0-8B51-D2F16B268502}.Debug|x86.ActiveCfg = Debug|Win32
		{804C63E3-54FE-41D0-8B51-D2F16B268502}.Debug|x86.Build.0 = Debug|Win32
		{804C63E3-54FE-41D0-8B51-D2F16B268502}.Release|x64.ActiveCfg = Release|x64
		{804C63E3-54FE-41D0-8B51-D2F16B268502}.Release|x64.Build.0 = Release|x64
		{804C63E3-54FE-41D0-8B51-D2F16B268502}.Release|x86.ActiveCfg = Release|Win32
		{804C63E3-54FE-41D0-8B51-D2F16B268502}.Release|x86.Build.0 = Release|Win32
		{04A6C2ED-F931-431B-93AE-17FF2B8C4BC8}.Debug|x64.ActiveCfg = Debug|x64
		{04A6C2ED-F931-431B-93AE-17FF2B8C4BC8}.Debug|x64.Build.0 = Debug|x64
		{04A6C2ED-F931-431B-93AE-17FF2B8C4BC8}.Debug|x86.ActiveCfg = Debug|Win32
		{04A6C2ED-F931-431B-93AE-17FF2B8C4BC8}.Debug|x86.Build.0 = Debug|Win32
		{04A6C2ED-F931-431B-93AE-17FF2B8C4BC8}.Release|x64.ActiveCfg = Release|x64
		{04A6C2ED-F931-431B-93AE-17FF2B8C4BC8}.Release|x64.Build.0 = Release|x64
		{04A6C2ED-F931-431B-93AE-17FF2B8C4BC8}.Release|x86.ActiveCfg = Release|Win32
		{04A6C2ED-F931-431B-93AE-17FF2B8C4BC8}.Release|x86.Build.0 = Release|Win32
		{61D97400-CF11-48C1-9127-EEA2C4AFD03B}.Debug|x64.ActiveCfg = Debug|x64
		{61D97400-CF11-48C1-9127-EEA2C4AFD03B}.Debug|x64.Build.0 = Debug|x64
		{61D97400-CF11-48C1-9127-EEA2C4AFD03B}.Debug|x86.ActiveCfg = Debug|Win32
		{61D97400-CF11-48C1-9127-EEA2C4AFD03B}.Debug|x86.Build.0 = Debug|Win32
		{61D97400-CF11-48C1-9127-EEA2C4AFD03B}.Release|x64.ActiveCfg = Release|x64
		{61D97400-CF11-48C1-9127-EEA2C4AFD03B}.Release|x64.Build.0 = Release|x64
		{61D97400-CF11-48C1-9127-EEA2C4AFD03B}.Release|x86.ActiveCfg = Release|Win32
		{61D97400-CF11-48C1-9127-EEA2C4AFD03B}.Release|x86.Build.0 = Release|Win32
		{14687D1B-4F48-4757-8B45-A4F6C362062A}.Debug|x64.ActiveCfg = Debug|x64
		{14687D1B-4F48-4757-8B45-A4F6C362062A}.Debug|x64.Build.0 = Debug|x64
		{14687D1B-4F48-4757-8B45-A4F6C362062A}.Debug|x86.ActiveCfg = Debug|Win32
		{14687D1B-4F48-4757-8B45-A4F6C362062A}.Debug|x86.Build.0 = Debug|Win32
		{14687D1B-4F48-4757-8B45-A4F6C362062A}.Release|x64.ActiveCfg = Release|x64
		{14687D1B-4F48-4757-8B45-A4F6C362062A}.Release|x64.Build.0 = Release|x64
		{14687D1B-4F48-4757-8B45-A4F6C362062A}.Release|x86.ActiveCfg = Release|Win32
		{14687D1B-4F48-4757-8B45-A4F6C362062A}.Release|x86.Build.0 = Release|Win32
		{FF27C6B8-CE1E-49F9-B707-1CF1864A88CC}.Debug|x64.ActiveCfg = Debug|x64
		{FF27C6B8-CE1E-49F9-B707-1CF1864A88CC}.Debug|x64.Build.0 = Debug|x64
		{FF27C6B8-CE1E-49F9-B707-1CF1864A88CC}.Debug|x86.ActiveCfg = Debug|Win32
		{FF27C6B8-CE1E-49F9-B707-1CF1864A88CC}.Debug|x86.Build.0 = Debug|Win32
		{FF27C6B8-CE1E-49F9-B707-1CF1864A88CC}.Release|x64.ActiveCfg = Release|x64
		{FF27C6B8-CE1E-49F9-B707-1CF1864A88CC}.Release|x64.Build.0 = Release|x64
		{FF27C6B8-CE1E-49F9-B707-1CF1864A88CC}.Release|x86.ActiveCfg = Release|Win32
		{FF27C6B8-CE1E-49F9-B707-1CF1864A88CC}.Release|x86.Build.0 = Release|Win32
		{4BF77AAB-8383-4391-AADD-A8EB583613F2}.Debug|x64.ActiveCfg = Debug|x64
		{4BF77AAB-8383-4391-AADD-A8EB583613F2}.Debug|x64.Build.0 = Debug|x64
		{4BF77AAB-8383-4391-AADD-A8EB583613F2}.Debug|x86.ActiveCfg = Debug|Win32
		{4BF77AAB-8383-4391-AADD-A8EB583613F2}.Debug|x86.Build.0 = Debug|Win32
		{4BF77AAB-8383-4391-AADD-A8EB583613F2}.Release|x64.ActiveCfg = Release|x64
		{4BF77AAB-8383-4391-AADD-A8EB583613F2}.Release|x64.Build.0 = Release|x64
		{4BF77AAB-8383-4391-AADD-A8EB583613F2}.Release|x86.ActiveCfg = Release|Win32
		{4BF77AAB-8383-4391-AADD-A8EB583613F2}.Release|x86.Build.0 = Release|Win32
		{B497682D-6FE8-48D3-8031-7784A1700341}.Debug|x64.ActiveCfg = Debug|x64
		{B497682D-6FE8-48D3-8031-7784A1700341}.Debug|x64.Build.0 = Debug|x64
		{B497682D-6FE8-48D3-8031-7784A1700341}.Debug|x86.ActiveCfg = Debug|Win32
		{B497682D-6FE8-48D3-8031-7784A1700341}.Debug|x86.Build.0 = Debug|Win32
		{B497682D-6FE8-48D3-8031-7784A1700341}.Release|x64.ActiveCfg = Release|x64
		{B497682D-6FE8-48D3-8031-7784A1700341}.Release|x64.Build.0 = Release|x64
		{B497682D-6FE8-48D3-8031-7784A1700341}.Release|x86.ActiveCfg = Release|Win32
		{B497682D-6FE8-48D3-8031-7784A1700341}.Release|x86.Build.0 = Release|Win32
		{7AE8FBC7-CAFE-46AB-BAEC-52B0470010DC}.Debug|x64.ActiveCfg = Debug|x64
		{7AE8FBC7-CAFE-46AB-BAEC-52B0470010DC}.Debug|x64.Build.0 = Debug|x64
		{7AE8FBC7-CAFE-46AB-BAEC-52B0470010DC}.Debug|x86.ActiveCfg = Debug|Win32
		{7AE8FBC7-CAFE-46AB-BAEC-52B0470010DC}.Debug|x86.Build.0 = Debug|Win32
		{7AE8FBC7-CAFE-46AB-BAEC-52B0470010DC}.Release|x64.ActiveCfg = Release|x64
		{7AE8FBC7-CAFE-46AB-BAEC-52B0470010DC}.Release|x64.Build.0 = Release|x64
		{7AE8FBC7-CAFE-46AB-BAEC-52B0470010DC}.Release|x86.ActiveCfg = Release|Win32
		{7AE8FBC7-CAFE-46AB-BAEC-52B0470010DC}.Release|x86.Build.0 = Release|Win32
		{1690F980-5A90-4738-9C9A-0AD1835F62C9}.Debug|x64.ActiveCfg = Debug|x64
		{1690F980-5A90-4738-9C9A-0AD1835F62C9}.Debug|x64.Build.0 = Debug|x64
		{1690F980-5A90-4738-9C9A-0AD1835F62C9}.Debug|x86.ActiveCfg = Debug|Win32
		{1690F980-5A90-4738-9C9A-0AD1835F62C9}.Debug|x86.Build.0 = Debug|Win32
		{1690F980-5A90-4738-9C9A-0AD1835F62C9}.Release|x64.ActiveCfg = Release|x64
		{1690F980-5A90-4738-9C9A-0AD1835F62C9}.Release|x64.Build.0 = Release|x64
		{1690F980-5A90-4738-9C9A-0AD1835F62C9}.Release|x86.ActiveCfg = Release|Win32
		{1690F980-5A90-4738-9C9A-0AD1835F62C9}.Release|x86.Build.0 = Release|Win32
		{2D7B00B1-B550-4A7C-A979-8A2FC0E65E7F}.Debug|x64.ActiveCfg = Debug|x64
		{2D7B00B1-B550-4A7C-A979-8A2FC0E65E7F}.Debug|x64.Build.0 = Debug|x64
		{2D7B00B1-B550-4A7C-A979-8A2FC0E65E7F}.Debug|x86.ActiveCfg = Debug|Win32
		{2D7B00B1-B550-4A7C-A979-8A2FC0E65E7F}.Debug|x86.Build.0 = Debug|Win32
		{2D7B00B1-B550-4A7C-A979-8A2FC0E65E7F}.Release|x64.ActiveCfg = Release|x64
		{2D7B00B1-B550-4A7C-A979-8A2FC0E65E7F}.Release|x64.Build.0 = Release|x64
		{2D7B00B1-B550-4A7C-A979-8A2FC0E65E7F}.Release|x86.ActiveCfg = Release|Win32
		{2D7B00B1-B550-4A7C-A979-8A2FC0E65E7F}.Release|x86.Build.0 = Release|Win32
		{CF85331E-B35C-4329-96C2-3D84FC7511F8}.Debug|x64.ActiveCfg = Debug|x64
		{CF85331E-B35C-4329-96C2-3D84FC7511F8}.Debug|x64.Build.0 = Debug|x64
		{CF85331E-B35C-4329-96C2-3D84FC7511F8}.Debug|x86.ActiveCfg = Debug|Win32
		{CF85331E-B35C-4329-96C2-3D84FC7511F8}.Debug|x86.Build.0 = Debug|Win32
		{CF85331E-B35C-4329-96C2-3D84FC7511F8}.Release|x64.ActiveCfg = Release|x64
		{CF85331E-B35C-4329-96C2-3D84FC7511F8}.Release|x64.Build.0 = Release|x64
		{CF85331E-B35C-4329-96C2-3D84FC7511F8}.Release|x86.ActiveCfg = Release|Win32
		{CF85331E-B35C-4329-96C2-3D84FC7511F8}.Release|x86.Build.0 = Release|Win32
		{EDD306DC-6518-427D-A39F-E551E3CF87A6}.Debug|x64.ActiveCfg = Debug|x64
		{EDD306DC-6518-427D-A39F-E551E3CF87A6}.Debug|x64.Build.0 = Debug|x64
		{EDD306DC-6518-427D-A39F-E551E3CF87A6}.Debug|x86.ActiveCfg = Debug|Win32
		{EDD306DC-6518-427D-A39F-E551E3CF87A6}.Debug|x86.Build.0 = Debug|Win32
		{EDD306DC-6518-427D-A39F-E551E3CF87A6}.Release|x64.ActiveCfg = Release|x64
		{EDD306DC-6518-427D-A39F-E551E3CF87A6}.Release|x64.Build.0 = Release|x64
		{EDD306DC-6518-427D-A39F-E551E3CF87A6}.Release|x86.ActiveCfg = Release|Win32
		{EDD306DC-6518-427D-A39F-E551E3CF87A6}.Release|x86.Build.0 = Release|Win32
		{C4296F81-14D8-4CB3-8BC7-D505ABCF66E4}.Debug|x64.ActiveCfg = Debug|x64
		{C4296F81-14D8-4CB3-8BC7-D505ABCF66E4}.Debug|x64.Build.0 = Debug|x64
		{C4296F81-14D8-4CB3-8BC7-D505ABCF66E4}.Debug|x86.ActiveCfg = Debug|Win32
		{C4296F81-14D8-4CB3-8BC7-D505ABCF66E4}.Debug|x86.Build.0 = Debug|Win32
		{C4296F81-14D8-4CB3-8BC7-D505ABCF66E4}.Release|x64.ActiveCfg = Release|x64
		{C4296F81-14D8-4CB3-8BC7-D505ABCF66E4}.Release|x64.Build.0 = Release|x64
		{C4296F81-14D8-4CB3-8BC7-D505ABCF66E4}.Release|x86.ActiveCfg = Release|Win32
		{C4296F81-14D8-4CB3-8BC7-D505ABCF66E4}.Release|x86.Build.0 = Release|Win32
		{69A4C7E5-4B9D-4326-A2E5-D00B1820F889}.Debug|x64.ActiveCfg = Debug|x64
		{69A4C7E5-4B9D-4326-A2E5-D00B1820F889}.Debug|x64.Build.0 = Debug|x64
		{69A4C7E5-4B9D-4326-A2E5-D00B1820F889}.Debug|x86.ActiveCfg = Debug|Win32
		{69A4C7E5-4B9D-4326-A2E5-D00B1820F889}.Debug|x86.Build.0 = Debug|Win32
		{69A4C7E5-4B9D-4326-A2E5-D00B1820F889}.Release|x64.ActiveCfg = Release|x64
		{69A4C7E5-4B9D-4326-A2E5-D00B1820F889}.Release|x64.Build.0 = Release|x64
		{69A4C7E5-4B9D-4326-A2E5-D00B1820F889}.Release|x86.ActiveCfg = Release|Win32
		{69A4C7E5-4B9D-4326-A2E5-D00B1820F889}.Release|x86.Build.0 = Release|Win32
		{0837E7B4-B358-41C2-944B-ACEE55D50EC7}.Debug|x64.ActiveCfg = Debug|x64
		{0837E7B4-B358-41C2-944B-ACEE55D50EC7}.Debug|x64.Build.0 = Debug|x64
		{0837E7B4-B358-41C2-944B-ACEE55D50EC7}.Debug|x86.ActiveCfg = Debug|Win32
		{0837E7B4-B358-41C2-944B-ACEE55D50EC7}.Debug|x86.Build.0 = Debug|Win32
		{0837E7B4-B358-41C2-944B-ACEE55D50EC7}.Release|x64.ActiveCfg = Release|x64
		{0837E7B4-B358-41C2-944B-ACEE55D50EC7}.Release|x64.Build.0 = Release|x64
		{0837E7B4-B358-41C2-944B-ACEE55D50EC7}.Release|x86.ActiveCfg = Release|Win32
		{0837E7B4-B358-41C2-944B-ACEE55D50EC7}.Release|x86.Build.0 = Release|Win32
		{1BEA23CE-C92F-480B-B7C3-9FB6234984A2}.Debug|x64.ActiveCfg = Debug|x64
		{1BEA23CE-C92F-480B-B7C3-9FB6234984A2}.Debug|x64.Build.0 = Debug|x64
		{1BEA23CE-C92F-480B-B7C3-9FB6234984A2}.Debug|x86.ActiveCfg = Debug|Win32
		{1BEA23CE-C92F-480B-B7C3-9FB6234984A2}.Debug|x86.Build.0 = Debug|Win32
		{1BEA23CE-C92F-480B-B7C3-9FB6234984A2}.Release|x64.ActiveCfg = Release|x64
		{1BEA23CE-C92F-480B-B7C3-9FB6234984A2}.Release|x64.Build.0 = Release|x64
		{1BEA23CE-C92F-480B-B7C3-9FB6234984A2}.Release|x86.ActiveCfg = Release|Win32
		{1BEA23CE-C92F-480B-B7C3-9FB6234984A2}.Release|x86.Build.0 = Release|Win32
		{371B38AE-9ADD-4860-9EAB-BFA3A3600A01}.Debug|x64.ActiveCfg = Debug|x64
		{371B38AE-9ADD-4860-9EAB-BFA3A3600A01}.Debug|x64.Build.0 = Debug|x64
		{371B38AE-9ADD-4860-9EAB-BFA3A3600A01}.Debug|x86.ActiveCfg = Debug|Win32
		{371B38AE-9ADD-4860-9EAB-BFA3A3600A01}.Debug|x86.Build.0 = Debug|Win32
		{371B38AE-9ADD-4860-9EAB-BFA3A3600A01}.Release|x64.ActiveCfg = Release|x64
		{371B38AE-9ADD-4860-9EAB-BFA3A3600A01}.Release|x64.Build.0 = Release|x64
		{371B38AE-9ADD-4860-9EAB-BFA3A3600A01}.Release|x86.ActiveCfg = Release|Win32
		{371B38AE-9ADD-4860-9EAB-BFA3A3600A01}.Release|x86.Build.0 = Release|Win32
		{BB3D9033-2D29-4E12-B2A7-7197518A3598}.Debug|x64.ActiveCfg = Debug|x64
		{BB3D9033-2D29-4E12-B2A7-7197518A3598}.Debug|x64.Build.0 = Debug|x64
		{BB3D9033-2D29-4E12-B2A7-7197518A3598}.Debug|x86.ActiveCfg = Debug|Win32
		{BB3D9033-2D29-4E12-B2A7-7197518A3598}.Debug|x86.Build.0 = Debug|Win32
		{BB3D9033-2D29-4E12-B2A7-7197518A3598}.Release|x64.ActiveCfg = Release|x64
		{BB3D9033-2D29-4E12-B2A7-7197518A3598}.Release|x64.Build.0 = Release|x64
		{BB3D9033-2D29-4E12-B2A7-7197518A3598}.Release|x86.ActiveCfg = Release|Win32
		{BB3D9033-2D29-4E12-B2A7-7197518A3598}.Release|x86.Build.0 = Release|Win32
		{4905E82D-D22B-4E55-B992-08CAE68C1E67}.Debug|x64.ActiveCfg = Debug|x64
		{4905E82D-D22B-4E55-B992-08CAE68C1E67}.Debug|x64.Build.0 = Debug|x64
		{4905E82D-D22B-4E55-B992-08CAE68C1E67}.Debug|x86.ActiveCfg = Debug|Win32
		{4905E82D-D22B-4E55-B992-08CAE68C1E67}.Debug|x86.Build.0 = Debug|Win32
		{4905E82D-D22B-4E55-B992-08CAE68C1E67}.Release|x64.ActiveCfg = Release|x64
		{4905E82D-D22B-4E55-B992-08CAE68C1E67}.Release|x64.Build.0 = Release|x64
		{4905E82D-D22B-4E55-B992-08CAE68C1E67}.Release|x86.ActiveCfg = Release|Win32
		{4905E82D-D22B-4E55-B992-08CAE68C1E67}.Release|x86.Build.0 = Release|Win32
		{980A6172-53BA-45AA-8B36-1A07029DA01C}.Debug|x64.ActiveCfg = Debug|x64
		{980A6172-53BA-45AA-8B36-1A07029DA01C}.Debug|x64.Build.0 = Debug|x64
		{980A6172-53BA-45AA-8B36-1A07029DA01C}.Debug|x86.ActiveCfg = Debug|Win32
		{980A6172-53BA-45AA-8B36-1A07029DA01C}.Debug|x86.Build.0 = Debug|Win32
		{980A6172-53BA-45AA-8B36-1A07029DA01C}.Release|x64.ActiveCfg = Release|x64
		{980A6172-53BA-45AA-8B36-1A07029DA01C}.Release|x64.Build.0 = Release|x64
		{980A6172-53BA-45AA-8B36-1A07029DA01C}.Release|x86.ActiveCfg = Release|Win32
		{980A6172-53BA-45AA-8B36-1A07029DA01C}.Release|x86.Build.0 = Release|Win32
		{8ED23DCC-DF58-4537-A2E4-F879514BDD09}.Debug|x64.ActiveCfg = Debug|x64
		{8ED23DCC-DF58-4537-A2E4-F879514BDD09}.Debug|x64.Build.0 = Debug|x64
		{8ED23DCC-DF58-4537-A2E4-F879514BDD09}.Debug|x86.ActiveCfg = Debug|Win32
		{8ED23DCC-DF58-4537-A2E4-F879514BDD09}.Debug|x86.Build.0 = Debug|Win32
		{8ED23DCC-DF58-4537-A2E4-F879514BDD09}.Release|x64.ActiveCfg = Release|x64
		{8ED23DCC-DF58-4537-A2E4-F879514BDD09}.Release|x64.Build.0 = Release|x64
		{8ED23DCC-DF58-4537-A2E4-F879514BDD09}.Release|x86.ActiveCfg = Release|Win32
		{8ED23DCC-DF58-4537-A2E4-F879514BDD09}.Release|x86.Build.0 = Release|Win32
		{89BB3CB1-B11E-4FA2-AE86-7A125FAFA33B}.Debug|x64.ActiveCfg = Debug|x64
		{89BB3CB1-B11E-4FA2-AE86-7A125FAFA33B}.Debug|x64.Build.0 = Debug|x64
		{89BB3CB1-B11E-4FA2-AE86-7A125FAFA33B}.Debug|x86.ActiveCfg = Debug|Win32
		{89BB3CB1-B11E-4FA2-AE86-7A125FAFA33B}.Debug|x86.Build.0 = Debug|Win32
		{89BB3CB1-B11E-4FA2-AE86-7A125FAFA33B}.Release|x64.ActiveCfg = Release|x64
		{89BB3CB1-B11E-4FA2-AE86-7A125FAFA33B}.Release|x64.Build.0 = Release|x64
		{89BB3CB1-B11E-4FA2-AE86-7A125FAFA33B}.Release|x86.ActiveCfg = Release|Win32
		{89BB3CB1-B11E-4FA2-AE86-7A125FAFA33B}.Release|x86.Build.0 = Release|Win32
		{1E34DA88-1FD1-444A-BECB-FD5D916A4DF0}.Debug|x64.ActiveCfg = Debug|x64
		{1E34DA88-1FD1-444A-BECB-FD5D916A4DF0}.Debug|x64.Build.0 = Debug|x64
		{1E34DA88-1FD1-444A-BECB-FD5D916A4DF0}.Debug|x86.ActiveCfg = Debug|Win32
		{1E34DA88-1FD1-444A-BECB-FD5D916A4DF0}.Debug|x86.Build.0 = Debug|Win32
		{1E34DA88-1FD1-444A-BECB-FD5D916A4DF0}.Release|x64.ActiveCfg = Release|x64
		{1E34DA88-1FD1-444A-BECB-FD5D916A4DF0}.Release|x64.Build.0 = Release|x64
		{1E34DA88-1FD1-444A-BECB-FD5D916A4DF0}.Release|x86.ActiveCfg = Release|Win32
		{1E34DA88-1FD1-444A-BECB-FD5D916A4DF0}.Release|x86.Build.0 = Release|Win32
	EndGlobalSection
	GlobalSection(SolutionProperties) = preSolution
		HideSolutionNode = FALSE
	EndGlobalSection
	GlobalSection(NestedProjects) = preSolution
		{6B454DAD-686D-4388-A1D7-B3047B2BF52E} = {1B8164D0-A6B0-4635-86F7-9A389365DE6B}
		{E54BDE91-19F9-4778-BF96-BFA2D1A4C4D8} = {23070394-23D0-470E-BC58-9B139FAA399B}
		{131E3DAB-2B70-4238-9E54-5125D95B85F6} = {23070394-23D0-470E-BC58-9B139FAA399B}
		{51631309-17B1-41E0-B48F-1E8D8F9F014D} = {1B8164D0-A6B0-4635-86F7-9A389365DE6B}
		{A6A5FE9E-451B-44F9-9DA5-77999D6BFE80} = {23070394-23D0-470E-BC58-9B139FAA399B}
		{C006530A-9E66-4CDE-8000-5FE8DD5AB450} = {23070394-23D0-470E-BC58-9B139FAA399B}
		{BE3B4544-F009-4E05-833B-111F23071AD0} = {1B8164D0-A6B0-4635-86F7-9A389365DE6B}
		{B9395243-4877-41BB-9DE2-34826330228D} = {23070394-23D0-470E-BC58-9B139FAA399B}
		{596F9111-464E-4FB8-8FB8-FF17A0AA0704} = {23070394-23D0-470E-BC58-9B139FAA399B}
		{1D3DE6C3-C609-4546-AD99-53D94C79BBC0} = {1B8164D0-A6B0-4635-86F7-9A389365DE6B}
		{312F46C6-43E2-4711-995D-C199AE601802} = {1B8164D0-A6B0-4635-86F7-9A389365DE6B}
		{56728009-2BC1-409D-A905-F9E88F07F4BC} = {23070394-23D0-470E-BC58-9B139FAA399B}
		{AA5F48C9-4311-4A94-8DCE-C3804935144A} = {23070394-23D0-470E-BC58-9B139FAA399B}
		{253983CD-B034-4BAE-8540-5A187301360C} = {23070394-23D0-470E-BC58-9B139FAA399B}
		{68D4B588-8E6A-4ACF-B794-7B357D0E8BBC} = {23070394-23D0-470E-BC58-9B139FAA399B}
		{0C263D5B-FDC9-4154-AA78-B42ED1D84F79} = {23070394-23D0-470E-BC58-9B139FAA399B}
		{45649FFB-B9C6-4D3C-BE3F-FAAACBD7B631} = {1B8164D0-A6B0-4635-86F7-9A389365DE6B}
		{AC5119DE-009C-4A13-831F-FFE297C22437} = {1B8164D0-A6B0-4635-86F7-9A389365DE6B}
		{1372130F-8AFC-47A3-A410-16878DC1E7C8} = {1B8164D0-A6B0-4635-86F7-9A389365DE6B}
		{5BCB8ADE-CB2D-4BF6-B69B-4BFE410D932B} = {1B8164D0-A6B0-4635-86F7-9A389365DE6B}
		{AF72095C-AA85-4A1C-955E-2CFE5370F364} = {23070394-23D0-470E-BC58-9B139FAA399B}
		{804C63E3-54FE-41D0-8B51-D2F16B268502} = {1B8164D0-A6B0-4635-86F7-9A389365DE6B}
		{04A6C2ED-F931-431B-93AE-17FF2B8C4BC8} = {1B8164D0-A6B0-4635-86F7-9A389365DE6B}
		{61D97400-CF11-48C1-9127-EEA2C4AFD03B} = {23070394-23D0-470E-BC58-9B139FAA399B}
		{14687D1B-4F48-4757-8B45-A4F6C362062A} = {23070394-23D0-470E-BC58-9B139FAA399B}
		{FF27C6B8-CE1E-49F9-B707-1CF1864A88CC} = {23070394-23D0-470E-BC58-9B139FAA399B}
		{4BF77AAB-8383-4391-AADD-A8EB583613F2} = {23070394-23D0-470E-BC58-9B139FAA399B}
		{B497682D-6FE8-48D3-8031-7784A1700341} = {23070394-23D0-470E-BC58-9B139FAA399B}
		{7AE8FBC7-CAFE-46AB-BAEC-52B0470010DC} = {23070394-23D0-470E-BC58-9B139FAA399B}
		{1690F980-5A90-4738-9C9A-0AD1835F62C9} = {23070394-23D0-470E-BC58-9B139FAA399B}
		{2D7B00B1-B550-4A7C-A979-8A2FC0E65E7F} = {23070394-23D0-470E-BC58-9B139FAA399B}
		{CF85331E-B35C-4329-96C2-3D84FC7511F8} = {1B8164D0-A6B0-4635-86F7-9A389365DE6B}
		{EDD306DC-6518-427D-A39F-E551E3CF87A6} = {1B8164D0-A6B0-4635-86F7-9A389365DE6B}
		{C4296F81-14D8-4CB3-8BC7-D505ABCF66E4} = {23070394-23D0-470E-BC58-9B139FAA399B}
		{69A4C7E5-4B9D-4326-A2E5-D00B1820F889} = {23070394-23D0-470E-BC58-9B139FAA399B}
		{0837E7B4-B358-41C2-944B-ACEE55D50EC7} = {1B8164D0-A6B0-4635-86F7-9A389365DE6B}
		{1BEA23CE-C92F-480B-B7C3-9FB6234984A2} = {1B8164D0-A6B0-4635-86F7-9A389365DE6B}
		{371B38AE-9ADD-4860-9EAB-BFA3A3600A01} = {23070394-23D0-470E-BC58-9B139FAA399B}
		{BB3D9033-2D29-4E12-B2A7-7197518A3598} = {23070394-23D0-470E-BC58-9B139FAA399B}
		{4905E82D-D22B-4E55-B992-08CAE68C1E67} = {1B8164D0-A6B0-4635-86F7-9A389365DE6B}
		{980A6172-53BA-45AA-8B36-1A07029DA01C} = {1B8164D0-A6B0-4635-86F7-9A389365DE6B}
		{8ED23DCC-DF58-4537-A2E4-F879514BDD09} = {23070394-23D0-470E-BC58-9B139FAA399B}
		{89BB3CB1-B11E-4FA2-AE86-7A125FAFA33B} = {23070394-23D0-470E-BC58-9B139FAA399B}
		{1E34DA88-1FD1-444A-BECB-FD5D916A4DF0} = {1B8164D0-A6B0-4635-86F7-9A389365DE6B}
	EndGlobalSection
	GlobalSection(ExtensibilityGlobals) = postSolution
		SolutionGuid = {C4A995CE-6F6C-4492-BFA2-EF92701AAADB}
	EndGlobalSection
EndGlobal
