
Microsoft Visual Studio Solution File, Format Version 12.00
# Visual Studio Version 16
VisualStudioVersion = 16.0.32929.386
MinimumVisualStudioVersion = 10.0.40219.1
Project("{8BC9CEB8-8B4A-11D0-8D11-00A0C91BC942}") = "3-01", "3-01\3-01.vcxproj", "{DF4AD922-1821-4D33-AC29-57A84E9FB28A}"
EndProject
Project("{8BC9CEB8-8B4A-11D0-8D11-00A0C91BC942}") = "3-02", "3-02\3-02.vcxproj", "{93E78405-A386-4906-B1FE-2FD4C6CDD27E}"
EndProject
Project("{8BC9CEB8-8B4A-11D0-8D11-00A0C91BC942}") = "3-03", "3-03\3-03.vcxproj", "{E6616C62-FFED-479B-B6EA-CC5366932F94}"
EndProject
Project("{8BC9CEB8-8B4A-11D0-8D11-00A0C91BC942}") = "3-04", "3-04\3-04.vcxproj", "{2F4B6E3D-7666-45BA-877E-0E01A927779A}"
EndProject
Project("{2150E333-8FDC-42A3-9474-1A3956D46DE8}") = "Practice", "Practice", "{3D33D0D9-F455-49DA-AB6B-66B6DED03E5C}"
EndProject
Project("{2150E333-8FDC-42A3-9474-1A3956D46DE8}") = "Question", "Question", "{636882B1-8511-4C59-845D-69FF4B20C7B8}"
EndProject
Project("{8BC9CEB8-8B4A-11D0-8D11-00A0C91BC942}") = "Q01", "Q01\Q01.vcxproj", "{59CB6480-6817-4BB8-8A28-9F4E2719C0C1}"
EndProject
Project("{8BC9CEB8-8B4A-11D0-8D11-00A0C91BC942}") = "Q02", "Q02\Q02.vcxproj", "{BFA00CB3-FF00-4A1C-8D44-74281CD935C1}"
EndProject
Project("{8BC9CEB8-8B4A-11D0-8D11-00A0C91BC942}") = "Q03", "Q03\Q03.vcxproj", "{D29100D8-3295-40AF-BF12-CF99FA614BA9}"
EndProject
Project("{8BC9CEB8-8B4A-11D0-8D11-00A0C91BC942}") = "Q04", "Q04\Q04.vcxproj", "{E97F38A2-3DA8-468B-B688-4A34808B0114}"
EndProject
Project("{8BC9CEB8-8B4A-11D0-8D11-00A0C91BC942}") = "Q05", "Q05\Q05.vcxproj", "{F532C482-F2EA-49B5-9BB7-55204125F704}"
EndProject
Project("{8BC9CEB8-8B4A-11D0-8D11-00A0C91BC942}") = "3-05", "3-05\3-05.vcxproj", "{710091F7-A4D2-485B-B7A8-70105600236C}"
EndProject
Project("{8BC9CEB8-8B4A-11D0-8D11-00A0C91BC942}") = "3-06", "3-06\3-06.vcxproj", "{83FDEF58-3114-4E73-A542-AD03484575CF}"
EndProject
Project("{8BC9CEB8-8B4A-11D0-8D11-00A0C91BC942}") = "3C-1", "3C-1\3C-1.vcxproj", "{D764082C-49ED-4A9C-ACF0-0B7BD6848865}"
EndProject
Project("{8BC9CEB8-8B4A-11D0-8D11-00A0C91BC942}") = "3-07", "3-07\3-07.vcxproj", "{7008F285-F188-4445-B8E4-A2EC93040FE2}"
EndProject
Project("{8BC9CEB8-8B4A-11D0-8D11-00A0C91BC942}") = "Q07", "Q07\Q07.vcxproj", "{ABEDAA99-4633-4534-9971-D28A85F6146A}"
EndProject
Project("{8BC9CEB8-8B4A-11D0-8D11-00A0C91BC942}") = "Q08", "Q08\Q08.vcxproj", "{9D1E53DF-7445-4ACE-8EC9-046D4E39EC2F}"
EndProject
Project("{8BC9CEB8-8B4A-11D0-8D11-00A0C91BC942}") = "Q09", "Q09\Q09.vcxproj", "{ED3D0006-2EB8-40F0-8471-265F7F315EFC}"
EndProject
Global
	GlobalSection(SolutionConfigurationPlatforms) = preSolution
		Debug|x64 = Debug|x64
		Debug|x86 = Debug|x86
		Release|x64 = Release|x64
		Release|x86 = Release|x86
	EndGlobalSection
	GlobalSection(ProjectConfigurationPlatforms) = postSolution
		{DF4AD922-1821-4D33-AC29-57A84E9FB28A}.Debug|x64.ActiveCfg = Debug|x64
		{DF4AD922-1821-4D33-AC29-57A84E9FB28A}.Debug|x64.Build.0 = Debug|x64
		{DF4AD922-1821-4D33-AC29-57A84E9FB28A}.Debug|x86.ActiveCfg = Debug|Win32
		{DF4AD922-1821-4D33-AC29-57A84E9FB28A}.Debug|x86.Build.0 = Debug|Win32
		{DF4AD922-1821-4D33-AC29-57A84E9FB28A}.Release|x64.ActiveCfg = Release|x64
		{DF4AD922-1821-4D33-AC29-57A84E9FB28A}.Release|x64.Build.0 = Release|x64
		{DF4AD922-1821-4D33-AC29-57A84E9FB28A}.Release|x86.ActiveCfg = Release|Win32
		{DF4AD922-1821-4D33-AC29-57A84E9FB28A}.Release|x86.Build.0 = Release|Win32
		{93E78405-A386-4906-B1FE-2FD4C6CDD27E}.Debug|x64.ActiveCfg = Debug|x64
		{93E78405-A386-4906-B1FE-2FD4C6CDD27E}.Debug|x64.Build.0 = Debug|x64
		{93E78405-A386-4906-B1FE-2FD4C6CDD27E}.Debug|x86.ActiveCfg = Debug|Win32
		{93E78405-A386-4906-B1FE-2FD4C6CDD27E}.Debug|x86.Build.0 = Debug|Win32
		{93E78405-A386-4906-B1FE-2FD4C6CDD27E}.Release|x64.ActiveCfg = Release|x64
		{93E78405-A386-4906-B1FE-2FD4C6CDD27E}.Release|x64.Build.0 = Release|x64
		{93E78405-A386-4906-B1FE-2FD4C6CDD27E}.Release|x86.ActiveCfg = Release|Win32
		{93E78405-A386-4906-B1FE-2FD4C6CDD27E}.Release|x86.Build.0 = Release|Win32
		{E6616C62-FFED-479B-B6EA-CC5366932F94}.Debug|x64.ActiveCfg = Debug|x64
		{E6616C62-FFED-479B-B6EA-CC5366932F94}.Debug|x64.Build.0 = Debug|x64
		{E6616C62-FFED-479B-B6EA-CC5366932F94}.Debug|x86.ActiveCfg = Debug|Win32
		{E6616C62-FFED-479B-B6EA-CC5366932F94}.Debug|x86.Build.0 = Debug|Win32
		{E6616C62-FFED-479B-B6EA-CC5366932F94}.Release|x64.ActiveCfg = Release|x64
		{E6616C62-FFED-479B-B6EA-CC5366932F94}.Release|x64.Build.0 = Release|x64
		{E6616C62-FFED-479B-B6EA-CC5366932F94}.Release|x86.ActiveCfg = Release|Win32
		{E6616C62-FFED-479B-B6EA-CC5366932F94}.Release|x86.Build.0 = Release|Win32
		{2F4B6E3D-7666-45BA-877E-0E01A927779A}.Debug|x64.ActiveCfg = Debug|x64
		{2F4B6E3D-7666-45BA-877E-0E01A927779A}.Debug|x64.Build.0 = Debug|x64
		{2F4B6E3D-7666-45BA-877E-0E01A927779A}.Debug|x86.ActiveCfg = Debug|Win32
		{2F4B6E3D-7666-45BA-877E-0E01A927779A}.Debug|x86.Build.0 = Debug|Win32
		{2F4B6E3D-7666-45BA-877E-0E01A927779A}.Release|x64.ActiveCfg = Release|x64
		{2F4B6E3D-7666-45BA-877E-0E01A927779A}.Release|x64.Build.0 = Release|x64
		{2F4B6E3D-7666-45BA-877E-0E01A927779A}.Release|x86.ActiveCfg = Release|Win32
		{2F4B6E3D-7666-45BA-877E-0E01A927779A}.Release|x86.Build.0 = Release|Win32
		{59CB6480-6817-4BB8-8A28-9F4E2719C0C1}.Debug|x64.ActiveCfg = Debug|x64
		{59CB6480-6817-4BB8-8A28-9F4E2719C0C1}.Debug|x64.Build.0 = Debug|x64
		{59CB6480-6817-4BB8-8A28-9F4E2719C0C1}.Debug|x86.ActiveCfg = Debug|Win32
		{59CB6480-6817-4BB8-8A28-9F4E2719C0C1}.Debug|x86.Build.0 = Debug|Win32
		{59CB6480-6817-4BB8-8A28-9F4E2719C0C1}.Release|x64.ActiveCfg = Release|x64
		{59CB6480-6817-4BB8-8A28-9F4E2719C0C1}.Release|x64.Build.0 = Release|x64
		{59CB6480-6817-4BB8-8A28-9F4E2719C0C1}.Release|x86.ActiveCfg = Release|Win32
		{59CB6480-6817-4BB8-8A28-9F4E2719C0C1}.Release|x86.Build.0 = Release|Win32
		{BFA00CB3-FF00-4A1C-8D44-74281CD935C1}.Debug|x64.ActiveCfg = Debug|x64
		{BFA00CB3-FF00-4A1C-8D44-74281CD935C1}.Debug|x64.Build.0 = Debug|x64
		{BFA00CB3-FF00-4A1C-8D44-74281CD935C1}.Debug|x86.ActiveCfg = Debug|Win32
		{BFA00CB3-FF00-4A1C-8D44-74281CD935C1}.Debug|x86.Build.0 = Debug|Win32
		{BFA00CB3-FF00-4A1C-8D44-74281CD935C1}.Release|x64.ActiveCfg = Release|x64
		{BFA00CB3-FF00-4A1C-8D44-74281CD935C1}.Release|x64.Build.0 = Release|x64
		{BFA00CB3-FF00-4A1C-8D44-74281CD935C1}.Release|x86.ActiveCfg = Release|Win32
		{BFA00CB3-FF00-4A1C-8D44-74281CD935C1}.Release|x86.Build.0 = Release|Win32
		{D29100D8-3295-40AF-BF12-CF99FA614BA9}.Debug|x64.ActiveCfg = Debug|x64
		{D29100D8-3295-40AF-BF12-CF99FA614BA9}.Debug|x64.Build.0 = Debug|x64
		{D29100D8-3295-40AF-BF12-CF99FA614BA9}.Debug|x86.ActiveCfg = Debug|Win32
		{D29100D8-3295-40AF-BF12-CF99FA614BA9}.Debug|x86.Build.0 = Debug|Win32
		{D29100D8-3295-40AF-BF12-CF99FA614BA9}.Release|x64.ActiveCfg = Release|x64
		{D29100D8-3295-40AF-BF12-CF99FA614BA9}.Release|x64.Build.0 = Release|x64
		{D29100D8-3295-40AF-BF12-CF99FA614BA9}.Release|x86.ActiveCfg = Release|Win32
		{D29100D8-3295-40AF-BF12-CF99FA614BA9}.Release|x86.Build.0 = Release|Win32
		{E97F38A2-3DA8-468B-B688-4A34808B0114}.Debug|x64.ActiveCfg = Debug|x64
		{E97F38A2-3DA8-468B-B688-4A34808B0114}.Debug|x64.Build.0 = Debug|x64
		{E97F38A2-3DA8-468B-B688-4A34808B0114}.Debug|x86.ActiveCfg = Debug|Win32
		{E97F38A2-3DA8-468B-B688-4A34808B0114}.Debug|x86.Build.0 = Debug|Win32
		{E97F38A2-3DA8-468B-B688-4A34808B0114}.Release|x64.ActiveCfg = Release|x64
		{E97F38A2-3DA8-468B-B688-4A34808B0114}.Release|x64.Build.0 = Release|x64
		{E97F38A2-3DA8-468B-B688-4A34808B0114}.Release|x86.ActiveCfg = Release|Win32
		{E97F38A2-3DA8-468B-B688-4A34808B0114}.Release|x86.Build.0 = Release|Win32
		{F532C482-F2EA-49B5-9BB7-55204125F704}.Debug|x64.ActiveCfg = Debug|x64
		{F532C482-F2EA-49B5-9BB7-55204125F704}.Debug|x64.Build.0 = Debug|x64
		{F532C482-F2EA-49B5-9BB7-55204125F704}.Debug|x86.ActiveCfg = Debug|Win32
		{F532C482-F2EA-49B5-9BB7-55204125F704}.Debug|x86.Build.0 = Debug|Win32
		{F532C482-F2EA-49B5-9BB7-55204125F704}.Release|x64.ActiveCfg = Release|x64
		{F532C482-F2EA-49B5-9BB7-55204125F704}.Release|x64.Build.0 = Release|x64
		{F532C482-F2EA-49B5-9BB7-55204125F704}.Release|x86.ActiveCfg = Release|Win32
		{F532C482-F2EA-49B5-9BB7-55204125F704}.Release|x86.Build.0 = Release|Win32
		{710091F7-A4D2-485B-B7A8-70105600236C}.Debug|x64.ActiveCfg = Debug|x64
		{710091F7-A4D2-485B-B7A8-70105600236C}.Debug|x64.Build.0 = Debug|x64
		{710091F7-A4D2-485B-B7A8-70105600236C}.Debug|x86.ActiveCfg = Debug|Win32
		{710091F7-A4D2-485B-B7A8-70105600236C}.Debug|x86.Build.0 = Debug|Win32
		{710091F7-A4D2-485B-B7A8-70105600236C}.Release|x64.ActiveCfg = Release|x64
		{710091F7-A4D2-485B-B7A8-70105600236C}.Release|x64.Build.0 = Release|x64
		{710091F7-A4D2-485B-B7A8-70105600236C}.Release|x86.ActiveCfg = Release|Win32
		{710091F7-A4D2-485B-B7A8-70105600236C}.Release|x86.Build.0 = Release|Win32
		{83FDEF58-3114-4E73-A542-AD03484575CF}.Debug|x64.ActiveCfg = Debug|x64
		{83FDEF58-3114-4E73-A542-AD03484575CF}.Debug|x64.Build.0 = Debug|x64
		{83FDEF58-3114-4E73-A542-AD03484575CF}.Debug|x86.ActiveCfg = Debug|Win32
		{83FDEF58-3114-4E73-A542-AD03484575CF}.Debug|x86.Build.0 = Debug|Win32
		{83FDEF58-3114-4E73-A542-AD03484575CF}.Release|x64.ActiveCfg = Release|x64
		{83FDEF58-3114-4E73-A542-AD03484575CF}.Release|x64.Build.0 = Release|x64
		{83FDEF58-3114-4E73-A542-AD03484575CF}.Release|x86.ActiveCfg = Release|Win32
		{83FDEF58-3114-4E73-A542-AD03484575CF}.Release|x86.Build.0 = Release|Win32
		{D764082C-49ED-4A9C-ACF0-0B7BD6848865}.Debug|x64.ActiveCfg = Debug|x64
		{D764082C-49ED-4A9C-ACF0-0B7BD6848865}.Debug|x64.Build.0 = Debug|x64
		{D764082C-49ED-4A9C-ACF0-0B7BD6848865}.Debug|x86.ActiveCfg = Debug|Win32
		{D764082C-49ED-4A9C-ACF0-0B7BD6848865}.Debug|x86.Build.0 = Debug|Win32
		{D764082C-49ED-4A9C-ACF0-0B7BD6848865}.Release|x64.ActiveCfg = Release|x64
		{D764082C-49ED-4A9C-ACF0-0B7BD6848865}.Release|x64.Build.0 = Release|x64
		{D764082C-49ED-4A9C-ACF0-0B7BD6848865}.Release|x86.ActiveCfg = Release|Win32
		{D764082C-49ED-4A9C-ACF0-0B7BD6848865}.Release|x86.Build.0 = Release|Win32
		{7008F285-F188-4445-B8E4-A2EC93040FE2}.Debug|x64.ActiveCfg = Debug|x64
		{7008F285-F188-4445-B8E4-A2EC93040FE2}.Debug|x64.Build.0 = Debug|x64
		{7008F285-F188-4445-B8E4-A2EC93040FE2}.Debug|x86.ActiveCfg = Debug|Win32
		{7008F285-F188-4445-B8E4-A2EC93040FE2}.Debug|x86.Build.0 = Debug|Win32
		{7008F285-F188-4445-B8E4-A2EC93040FE2}.Release|x64.ActiveCfg = Release|x64
		{7008F285-F188-4445-B8E4-A2EC93040FE2}.Release|x64.Build.0 = Release|x64
		{7008F285-F188-4445-B8E4-A2EC93040FE2}.Release|x86.ActiveCfg = Release|Win32
		{7008F285-F188-4445-B8E4-A2EC93040FE2}.Release|x86.Build.0 = Release|Win32
		{ABEDAA99-4633-4534-9971-D28A85F6146A}.Debug|x64.ActiveCfg = Debug|x64
		{ABEDAA99-4633-4534-9971-D28A85F6146A}.Debug|x64.Build.0 = Debug|x64
		{ABEDAA99-4633-4534-9971-D28A85F6146A}.Debug|x86.ActiveCfg = Debug|Win32
		{ABEDAA99-4633-4534-9971-D28A85F6146A}.Debug|x86.Build.0 = Debug|Win32
		{ABEDAA99-4633-4534-9971-D28A85F6146A}.Release|x64.ActiveCfg = Release|x64
		{ABEDAA99-4633-4534-9971-D28A85F6146A}.Release|x64.Build.0 = Release|x64
		{ABEDAA99-4633-4534-9971-D28A85F6146A}.Release|x86.ActiveCfg = Release|Win32
		{ABEDAA99-4633-4534-9971-D28A85F6146A}.Release|x86.Build.0 = Release|Win32
		{9D1E53DF-7445-4ACE-8EC9-046D4E39EC2F}.Debug|x64.ActiveCfg = Debug|x64
		{9D1E53DF-7445-4ACE-8EC9-046D4E39EC2F}.Debug|x64.Build.0 = Debug|x64
		{9D1E53DF-7445-4ACE-8EC9-046D4E39EC2F}.Debug|x86.ActiveCfg = Debug|Win32
		{9D1E53DF-7445-4ACE-8EC9-046D4E39EC2F}.Debug|x86.Build.0 = Debug|Win32
		{9D1E53DF-7445-4ACE-8EC9-046D4E39EC2F}.Release|x64.ActiveCfg = Release|x64
		{9D1E53DF-7445-4ACE-8EC9-046D4E39EC2F}.Release|x64.Build.0 = Release|x64
		{9D1E53DF-7445-4ACE-8EC9-046D4E39EC2F}.Release|x86.ActiveCfg = Release|Win32
		{9D1E53DF-7445-4ACE-8EC9-046D4E39EC2F}.Release|x86.Build.0 = Release|Win32
		{ED3D0006-2EB8-40F0-8471-265F7F315EFC}.Debug|x64.ActiveCfg = Debug|x64
		{ED3D0006-2EB8-40F0-8471-265F7F315EFC}.Debug|x64.Build.0 = Debug|x64
		{ED3D0006-2EB8-40F0-8471-265F7F315EFC}.Debug|x86.ActiveCfg = Debug|Win32
		{ED3D0006-2EB8-40F0-8471-265F7F315EFC}.Debug|x86.Build.0 = Debug|Win32
		{ED3D0006-2EB8-40F0-8471-265F7F315EFC}.Release|x64.ActiveCfg = Release|x64
		{ED3D0006-2EB8-40F0-8471-265F7F315EFC}.Release|x64.Build.0 = Release|x64
		{ED3D0006-2EB8-40F0-8471-265F7F315EFC}.Release|x86.ActiveCfg = Release|Win32
		{ED3D0006-2EB8-40F0-8471-265F7F315EFC}.Release|x86.Build.0 = Release|Win32
	EndGlobalSection
	GlobalSection(SolutionProperties) = preSolution
		HideSolutionNode = FALSE
	EndGlobalSection
	GlobalSection(NestedProjects) = preSolution
		{DF4AD922-1821-4D33-AC29-57A84E9FB28A} = {3D33D0D9-F455-49DA-AB6B-66B6DED03E5C}
		{93E78405-A386-4906-B1FE-2FD4C6CDD27E} = {3D33D0D9-F455-49DA-AB6B-66B6DED03E5C}
		{E6616C62-FFED-479B-B6EA-CC5366932F94} = {3D33D0D9-F455-49DA-AB6B-66B6DED03E5C}
		{2F4B6E3D-7666-45BA-877E-0E01A927779A} = {3D33D0D9-F455-49DA-AB6B-66B6DED03E5C}
		{59CB6480-6817-4BB8-8A28-9F4E2719C0C1} = {636882B1-8511-4C59-845D-69FF4B20C7B8}
		{BFA00CB3-FF00-4A1C-8D44-74281CD935C1} = {636882B1-8511-4C59-845D-69FF4B20C7B8}
		{D29100D8-3295-40AF-BF12-CF99FA614BA9} = {636882B1-8511-4C59-845D-69FF4B20C7B8}
		{E97F38A2-3DA8-468B-B688-4A34808B0114} = {636882B1-8511-4C59-845D-69FF4B20C7B8}
		{F532C482-F2EA-49B5-9BB7-55204125F704} = {636882B1-8511-4C59-845D-69FF4B20C7B8}
		{710091F7-A4D2-485B-B7A8-70105600236C} = {3D33D0D9-F455-49DA-AB6B-66B6DED03E5C}
		{83FDEF58-3114-4E73-A542-AD03484575CF} = {3D33D0D9-F455-49DA-AB6B-66B6DED03E5C}
		{D764082C-49ED-4A9C-ACF0-0B7BD6848865} = {3D33D0D9-F455-49DA-AB6B-66B6DED03E5C}
		{7008F285-F188-4445-B8E4-A2EC93040FE2} = {3D33D0D9-F455-49DA-AB6B-66B6DED03E5C}
		{ABEDAA99-4633-4534-9971-D28A85F6146A} = {636882B1-8511-4C59-845D-69FF4B20C7B8}
		{9D1E53DF-7445-4ACE-8EC9-046D4E39EC2F} = {636882B1-8511-4C59-845D-69FF4B20C7B8}
		{ED3D0006-2EB8-40F0-8471-265F7F315EFC} = {636882B1-8511-4C59-845D-69FF4B20C7B8}
	EndGlobalSection
	GlobalSection(ExtensibilityGlobals) = postSolution
		SolutionGuid = {E9A6899D-0B7D-4AFD-BF9F-96BED2CD8F27}
	EndGlobalSection
EndGlobal
