
Microsoft Visual Studio Solution File, Format Version 12.00
# Visual Studio Version 16
VisualStudioVersion = 16.0.32929.386
MinimumVisualStudioVersion = 10.0.40219.1
Project("{8BC9CEB8-8B4A-11D0-8D11-00A0C91BC942}") = "2-01", "2-01\2-01.vcxproj", "{63358E21-2A73-4DB6-8074-30A1D88E6619}"
EndProject
Project("{2150E333-8FDC-42A3-9474-1A3956D46DE8}") = "Practice", "Practice", "{D5FB458B-C222-4525-85EF-CC6E2DCD081B}"
EndProject
Project("{2150E333-8FDC-42A3-9474-1A3956D46DE8}") = "Question", "Question", "{8F4ABF7B-4B2F-4028-92C9-93ACD92C94FC}"
EndProject
Project("{8BC9CEB8-8B4A-11D0-8D11-00A0C91BC942}") = "2-02", "2-02\2-02.vcxproj", "{4329489F-A68F-45BE-B7A4-8A0B9C7D4DAC}"
EndProject
Project("{8BC9CEB8-8B4A-11D0-8D11-00A0C91BC942}") = "2-03", "2-03\2-03.vcxproj", "{10BE7C06-22C3-4BCD-9B9F-B48F9BDA64CB}"
EndProject
Project("{8BC9CEB8-8B4A-11D0-8D11-00A0C91BC942}") = "2-04", "2-04\2-04.vcxproj", "{7946D6D3-D38D-45B2-98E1-B018814D3F5F}"
EndProject
Project("{8BC9CEB8-8B4A-11D0-8D11-00A0C91BC942}") = "2-05", "2-05\2-05.vcxproj", "{ED08AC8A-AB71-4276-88AC-694E1DE7701F}"
EndProject
Project("{8BC9CEB8-8B4A-11D0-8D11-00A0C91BC942}") = "2-06", "2-06\2-06.vcxproj", "{80AE753F-32FE-400D-B5E3-249D4C0ADBC9}"
EndProject
Project("{8BC9CEB8-8B4A-11D0-8D11-00A0C91BC942}") = "2-07", "2-07\2-07.vcxproj", "{B106F290-CA7E-4F64-9B3C-E512B80E319D}"
EndProject
Project("{8BC9CEB8-8B4A-11D0-8D11-00A0C91BC942}") = "2-08[A]", "2-08[A]\2-08[A].vcxproj", "{CD35252E-931E-431E-A10F-E959B432E645}"
EndProject
Project("{8BC9CEB8-8B4A-11D0-8D11-00A0C91BC942}") = "Q01", "Q01\Q01.vcxproj", "{6F9EBAE2-63B4-4A55-8535-B3370E552D6E}"
EndProject
Project("{8BC9CEB8-8B4A-11D0-8D11-00A0C91BC942}") = "Q02", "Q02\Q02.vcxproj", "{516E6A18-A75B-4391-A442-4A8B842DCC73}"
EndProject
Project("{8BC9CEB8-8B4A-11D0-8D11-00A0C91BC942}") = "Q04", "Q04\Q04.vcxproj", "{DAB9CC5C-B430-4EF4-B6FC-4967A4972CFF}"
EndProject
Project("{8BC9CEB8-8B4A-11D0-8D11-00A0C91BC942}") = "Q05", "Q05\Q05.vcxproj", "{80442181-1E8B-4E1B-B721-98FCA48F41FC}"
EndProject
Project("{8BC9CEB8-8B4A-11D0-8D11-00A0C91BC942}") = "Q07", "Q07\Q07.vcxproj", "{C1922BE5-B415-4057-91EC-803A11B3F685}"
EndProject
Project("{8BC9CEB8-8B4A-11D0-8D11-00A0C91BC942}") = "Q08", "Q08\Q08.vcxproj", "{FF00DE4C-69E6-4FE6-BD13-ADDAB195AC1B}"
EndProject
Project("{8BC9CEB8-8B4A-11D0-8D11-00A0C91BC942}") = "Q09", "Q09\Q09.vcxproj", "{5A938055-29EE-4578-A4C9-32C73CE77E11}"
EndProject
Project("{8BC9CEB8-8B4A-11D0-8D11-00A0C91BC942}") = "Q10", "Q10\Q10.vcxproj", "{4422814B-8479-48B0-A854-D8A9912F5871}"
EndProject
Project("{8BC9CEB8-8B4A-11D0-8D11-00A0C91BC942}") = "2-09", "2-09\2-09.vcxproj", "{6462DC58-0B08-4C76-913E-27594D844F2E}"
EndProject
Project("{8BC9CEB8-8B4A-11D0-8D11-00A0C91BC942}") = "2-10", "2-10\2-10.vcxproj", "{1B6EE4BA-0EF9-43C9-BF80-0C5EFB1DA2CB}"
EndProject
Project("{8BC9CEB8-8B4A-11D0-8D11-00A0C91BC942}") = "2-11", "2-11\2-11.vcxproj", "{5F62D9A2-4A47-4038-BDC3-2BE5EF731F7A}"
EndProject
Project("{8BC9CEB8-8B4A-11D0-8D11-00A0C91BC942}") = "2-12", "2-12\2-12.vcxproj", "{BC2BD343-7E38-44F6-9DAF-88542B03A5E2}"
EndProject
Project("{8BC9CEB8-8B4A-11D0-8D11-00A0C91BC942}") = "Q11", "Q11\Q11.vcxproj", "{74E0FF08-C71F-4254-8AEC-1656B729CDF5}"
EndProject
Project("{8BC9CEB8-8B4A-11D0-8D11-00A0C91BC942}") = "2-13", "2-13\2-13.vcxproj", "{A77F4937-B25E-49ED-8E9F-159D50D42027}"
EndProject
Project("{8BC9CEB8-8B4A-11D0-8D11-00A0C91BC942}") = "Q12", "Q12\Q12.vcxproj", "{498EF07F-879F-4BCB-8227-FBC59D503D5D}"
EndProject
Project("{8BC9CEB8-8B4A-11D0-8D11-00A0C91BC942}") = "Q13", "Q13\Q13.vcxproj", "{A8CE411F-4DE0-4796-9655-36556979FD3B}"
EndProject
Global
	GlobalSection(SolutionConfigurationPlatforms) = preSolution
		Debug|x64 = Debug|x64
		Debug|x86 = Debug|x86
		Release|x64 = Release|x64
		Release|x86 = Release|x86
	EndGlobalSection
	GlobalSection(ProjectConfigurationPlatforms) = postSolution
		{63358E21-2A73-4DB6-8074-30A1D88E6619}.Debug|x64.ActiveCfg = Debug|x64
		{63358E21-2A73-4DB6-8074-30A1D88E6619}.Debug|x64.Build.0 = Debug|x64
		{63358E21-2A73-4DB6-8074-30A1D88E6619}.Debug|x86.ActiveCfg = Debug|Win32
		{63358E21-2A73-4DB6-8074-30A1D88E6619}.Debug|x86.Build.0 = Debug|Win32
		{63358E21-2A73-4DB6-8074-30A1D88E6619}.Release|x64.ActiveCfg = Release|x64
		{63358E21-2A73-4DB6-8074-30A1D88E6619}.Release|x64.Build.0 = Release|x64
		{63358E21-2A73-4DB6-8074-30A1D88E6619}.Release|x86.ActiveCfg = Release|Win32
		{63358E21-2A73-4DB6-8074-30A1D88E6619}.Release|x86.Build.0 = Release|Win32
		{4329489F-A68F-45BE-B7A4-8A0B9C7D4DAC}.Debug|x64.ActiveCfg = Debug|x64
		{4329489F-A68F-45BE-B7A4-8A0B9C7D4DAC}.Debug|x64.Build.0 = Debug|x64
		{4329489F-A68F-45BE-B7A4-8A0B9C7D4DAC}.Debug|x86.ActiveCfg = Debug|Win32
		{4329489F-A68F-45BE-B7A4-8A0B9C7D4DAC}.Debug|x86.Build.0 = Debug|Win32
		{4329489F-A68F-45BE-B7A4-8A0B9C7D4DAC}.Release|x64.ActiveCfg = Release|x64
		{4329489F-A68F-45BE-B7A4-8A0B9C7D4DAC}.Release|x64.Build.0 = Release|x64
		{4329489F-A68F-45BE-B7A4-8A0B9C7D4DAC}.Release|x86.ActiveCfg = Release|Win32
		{4329489F-A68F-45BE-B7A4-8A0B9C7D4DAC}.Release|x86.Build.0 = Release|Win32
		{10BE7C06-22C3-4BCD-9B9F-B48F9BDA64CB}.Debug|x64.ActiveCfg = Debug|x64
		{10BE7C06-22C3-4BCD-9B9F-B48F9BDA64CB}.Debug|x64.Build.0 = Debug|x64
		{10BE7C06-22C3-4BCD-9B9F-B48F9BDA64CB}.Debug|x86.ActiveCfg = Debug|Win32
		{10BE7C06-22C3-4BCD-9B9F-B48F9BDA64CB}.Debug|x86.Build.0 = Debug|Win32
		{10BE7C06-22C3-4BCD-9B9F-B48F9BDA64CB}.Release|x64.ActiveCfg = Release|x64
		{10BE7C06-22C3-4BCD-9B9F-B48F9BDA64CB}.Release|x64.Build.0 = Release|x64
		{10BE7C06-22C3-4BCD-9B9F-B48F9BDA64CB}.Release|x86.ActiveCfg = Release|Win32
		{10BE7C06-22C3-4BCD-9B9F-B48F9BDA64CB}.Release|x86.Build.0 = Release|Win32
		{7946D6D3-D38D-45B2-98E1-B018814D3F5F}.Debug|x64.ActiveCfg = Debug|x64
		{7946D6D3-D38D-45B2-98E1-B018814D3F5F}.Debug|x64.Build.0 = Debug|x64
		{7946D6D3-D38D-45B2-98E1-B018814D3F5F}.Debug|x86.ActiveCfg = Debug|Win32
		{7946D6D3-D38D-45B2-98E1-B018814D3F5F}.Debug|x86.Build.0 = Debug|Win32
		{7946D6D3-D38D-45B2-98E1-B018814D3F5F}.Release|x64.ActiveCfg = Release|x64
		{7946D6D3-D38D-45B2-98E1-B018814D3F5F}.Release|x64.Build.0 = Release|x64
		{7946D6D3-D38D-45B2-98E1-B018814D3F5F}.Release|x86.ActiveCfg = Release|Win32
		{7946D6D3-D38D-45B2-98E1-B018814D3F5F}.Release|x86.Build.0 = Release|Win32
		{ED08AC8A-AB71-4276-88AC-694E1DE7701F}.Debug|x64.ActiveCfg = Debug|x64
		{ED08AC8A-AB71-4276-88AC-694E1DE7701F}.Debug|x64.Build.0 = Debug|x64
		{ED08AC8A-AB71-4276-88AC-694E1DE7701F}.Debug|x86.ActiveCfg = Debug|Win32
		{ED08AC8A-AB71-4276-88AC-694E1DE7701F}.Debug|x86.Build.0 = Debug|Win32
		{ED08AC8A-AB71-4276-88AC-694E1DE7701F}.Release|x64.ActiveCfg = Release|x64
		{ED08AC8A-AB71-4276-88AC-694E1DE7701F}.Release|x64.Build.0 = Release|x64
		{ED08AC8A-AB71-4276-88AC-694E1DE7701F}.Release|x86.ActiveCfg = Release|Win32
		{ED08AC8A-AB71-4276-88AC-694E1DE7701F}.Release|x86.Build.0 = Release|Win32
		{80AE753F-32FE-400D-B5E3-249D4C0ADBC9}.Debug|x64.ActiveCfg = Debug|x64
		{80AE753F-32FE-400D-B5E3-249D4C0ADBC9}.Debug|x64.Build.0 = Debug|x64
		{80AE753F-32FE-400D-B5E3-249D4C0ADBC9}.Debug|x86.ActiveCfg = Debug|Win32
		{80AE753F-32FE-400D-B5E3-249D4C0ADBC9}.Debug|x86.Build.0 = Debug|Win32
		{80AE753F-32FE-400D-B5E3-249D4C0ADBC9}.Release|x64.ActiveCfg = Release|x64
		{80AE753F-32FE-400D-B5E3-249D4C0ADBC9}.Release|x64.Build.0 = Release|x64
		{80AE753F-32FE-400D-B5E3-249D4C0ADBC9}.Release|x86.ActiveCfg = Release|Win32
		{80AE753F-32FE-400D-B5E3-249D4C0ADBC9}.Release|x86.Build.0 = Release|Win32
		{B106F290-CA7E-4F64-9B3C-E512B80E319D}.Debug|x64.ActiveCfg = Debug|x64
		{B106F290-CA7E-4F64-9B3C-E512B80E319D}.Debug|x64.Build.0 = Debug|x64
		{B106F290-CA7E-4F64-9B3C-E512B80E319D}.Debug|x86.ActiveCfg = Debug|Win32
		{B106F290-CA7E-4F64-9B3C-E512B80E319D}.Debug|x86.Build.0 = Debug|Win32
		{B106F290-CA7E-4F64-9B3C-E512B80E319D}.Release|x64.ActiveCfg = Release|x64
		{B106F290-CA7E-4F64-9B3C-E512B80E319D}.Release|x64.Build.0 = Release|x64
		{B106F290-CA7E-4F64-9B3C-E512B80E319D}.Release|x86.ActiveCfg = Release|Win32
		{B106F290-CA7E-4F64-9B3C-E512B80E319D}.Release|x86.Build.0 = Release|Win32
		{CD35252E-931E-431E-A10F-E959B432E645}.Debug|x64.ActiveCfg = Debug|x64
		{CD35252E-931E-431E-A10F-E959B432E645}.Debug|x64.Build.0 = Debug|x64
		{CD35252E-931E-431E-A10F-E959B432E645}.Debug|x86.ActiveCfg = Debug|Win32
		{CD35252E-931E-431E-A10F-E959B432E645}.Debug|x86.Build.0 = Debug|Win32
		{CD35252E-931E-431E-A10F-E959B432E645}.Release|x64.ActiveCfg = Release|x64
		{CD35252E-931E-431E-A10F-E959B432E645}.Release|x64.Build.0 = Release|x64
		{CD35252E-931E-431E-A10F-E959B432E645}.Release|x86.ActiveCfg = Release|Win32
		{CD35252E-931E-431E-A10F-E959B432E645}.Release|x86.Build.0 = Release|Win32
		{6F9EBAE2-63B4-4A55-8535-B3370E552D6E}.Debug|x64.ActiveCfg = Debug|x64
		{6F9EBAE2-63B4-4A55-8535-B3370E552D6E}.Debug|x64.Build.0 = Debug|x64
		{6F9EBAE2-63B4-4A55-8535-B3370E552D6E}.Debug|x86.ActiveCfg = Debug|Win32
		{6F9EBAE2-63B4-4A55-8535-B3370E552D6E}.Debug|x86.Build.0 = Debug|Win32
		{6F9EBAE2-63B4-4A55-8535-B3370E552D6E}.Release|x64.ActiveCfg = Release|x64
		{6F9EBAE2-63B4-4A55-8535-B3370E552D6E}.Release|x64.Build.0 = Release|x64
		{6F9EBAE2-63B4-4A55-8535-B3370E552D6E}.Release|x86.ActiveCfg = Release|Win32
		{6F9EBAE2-63B4-4A55-8535-B3370E552D6E}.Release|x86.Build.0 = Release|Win32
		{516E6A18-A75B-4391-A442-4A8B842DCC73}.Debug|x64.ActiveCfg = Debug|x64
		{516E6A18-A75B-4391-A442-4A8B842DCC73}.Debug|x64.Build.0 = Debug|x64
		{516E6A18-A75B-4391-A442-4A8B842DCC73}.Debug|x86.ActiveCfg = Debug|Win32
		{516E6A18-A75B-4391-A442-4A8B842DCC73}.Debug|x86.Build.0 = Debug|Win32
		{516E6A18-A75B-4391-A442-4A8B842DCC73}.Release|x64.ActiveCfg = Release|x64
		{516E6A18-A75B-4391-A442-4A8B842DCC73}.Release|x64.Build.0 = Release|x64
		{516E6A18-A75B-4391-A442-4A8B842DCC73}.Release|x86.ActiveCfg = Release|Win32
		{516E6A18-A75B-4391-A442-4A8B842DCC73}.Release|x86.Build.0 = Release|Win32
		{DAB9CC5C-B430-4EF4-B6FC-4967A4972CFF}.Debug|x64.ActiveCfg = Debug|x64
		{DAB9CC5C-B430-4EF4-B6FC-4967A4972CFF}.Debug|x64.Build.0 = Debug|x64
		{DAB9CC5C-B430-4EF4-B6FC-4967A4972CFF}.Debug|x86.ActiveCfg = Debug|Win32
		{DAB9CC5C-B430-4EF4-B6FC-4967A4972CFF}.Debug|x86.Build.0 = Debug|Win32
		{DAB9CC5C-B430-4EF4-B6FC-4967A4972CFF}.Release|x64.ActiveCfg = Release|x64
		{DAB9CC5C-B430-4EF4-B6FC-4967A4972CFF}.Release|x64.Build.0 = Release|x64
		{DAB9CC5C-B430-4EF4-B6FC-4967A4972CFF}.Release|x86.ActiveCfg = Release|Win32
		{DAB9CC5C-B430-4EF4-B6FC-4967A4972CFF}.Release|x86.Build.0 = Release|Win32
		{80442181-1E8B-4E1B-B721-98FCA48F41FC}.Debug|x64.ActiveCfg = Debug|x64
		{80442181-1E8B-4E1B-B721-98FCA48F41FC}.Debug|x64.Build.0 = Debug|x64
		{80442181-1E8B-4E1B-B721-98FCA48F41FC}.Debug|x86.ActiveCfg = Debug|Win32
		{80442181-1E8B-4E1B-B721-98FCA48F41FC}.Debug|x86.Build.0 = Debug|Win32
		{80442181-1E8B-4E1B-B721-98FCA48F41FC}.Release|x64.ActiveCfg = Release|x64
		{80442181-1E8B-4E1B-B721-98FCA48F41FC}.Release|x64.Build.0 = Release|x64
		{80442181-1E8B-4E1B-B721-98FCA48F41FC}.Release|x86.ActiveCfg = Release|Win32
		{80442181-1E8B-4E1B-B721-98FCA48F41FC}.Release|x86.Build.0 = Release|Win32
		{C1922BE5-B415-4057-91EC-803A11B3F685}.Debug|x64.ActiveCfg = Debug|x64
		{C1922BE5-B415-4057-91EC-803A11B3F685}.Debug|x64.Build.0 = Debug|x64
		{C1922BE5-B415-4057-91EC-803A11B3F685}.Debug|x86.ActiveCfg = Debug|Win32
		{C1922BE5-B415-4057-91EC-803A11B3F685}.Debug|x86.Build.0 = Debug|Win32
		{C1922BE5-B415-4057-91EC-803A11B3F685}.Release|x64.ActiveCfg = Release|x64
		{C1922BE5-B415-4057-91EC-803A11B3F685}.Release|x64.Build.0 = Release|x64
		{C1922BE5-B415-4057-91EC-803A11B3F685}.Release|x86.ActiveCfg = Release|Win32
		{C1922BE5-B415-4057-91EC-803A11B3F685}.Release|x86.Build.0 = Release|Win32
		{FF00DE4C-69E6-4FE6-BD13-ADDAB195AC1B}.Debug|x64.ActiveCfg = Debug|x64
		{FF00DE4C-69E6-4FE6-BD13-ADDAB195AC1B}.Debug|x64.Build.0 = Debug|x64
		{FF00DE4C-69E6-4FE6-BD13-ADDAB195AC1B}.Debug|x86.ActiveCfg = Debug|Win32
		{FF00DE4C-69E6-4FE6-BD13-ADDAB195AC1B}.Debug|x86.Build.0 = Debug|Win32
		{FF00DE4C-69E6-4FE6-BD13-ADDAB195AC1B}.Release|x64.ActiveCfg = Release|x64
		{FF00DE4C-69E6-4FE6-BD13-ADDAB195AC1B}.Release|x64.Build.0 = Release|x64
		{FF00DE4C-69E6-4FE6-BD13-ADDAB195AC1B}.Release|x86.ActiveCfg = Release|Win32
		{FF00DE4C-69E6-4FE6-BD13-ADDAB195AC1B}.Release|x86.Build.0 = Release|Win32
		{5A938055-29EE-4578-A4C9-32C73CE77E11}.Debug|x64.ActiveCfg = Debug|x64
		{5A938055-29EE-4578-A4C9-32C73CE77E11}.Debug|x64.Build.0 = Debug|x64
		{5A938055-29EE-4578-A4C9-32C73CE77E11}.Debug|x86.ActiveCfg = Debug|Win32
		{5A938055-29EE-4578-A4C9-32C73CE77E11}.Debug|x86.Build.0 = Debug|Win32
		{5A938055-29EE-4578-A4C9-32C73CE77E11}.Release|x64.ActiveCfg = Release|x64
		{5A938055-29EE-4578-A4C9-32C73CE77E11}.Release|x64.Build.0 = Release|x64
		{5A938055-29EE-4578-A4C9-32C73CE77E11}.Release|x86.ActiveCfg = Release|Win32
		{5A938055-29EE-4578-A4C9-32C73CE77E11}.Release|x86.Build.0 = Release|Win32
		{4422814B-8479-48B0-A854-D8A9912F5871}.Debug|x64.ActiveCfg = Debug|x64
		{4422814B-8479-48B0-A854-D8A9912F5871}.Debug|x64.Build.0 = Debug|x64
		{4422814B-8479-48B0-A854-D8A9912F5871}.Debug|x86.ActiveCfg = Debug|Win32
		{4422814B-8479-48B0-A854-D8A9912F5871}.Debug|x86.Build.0 = Debug|Win32
		{4422814B-8479-48B0-A854-D8A9912F5871}.Release|x64.ActiveCfg = Release|x64
		{4422814B-8479-48B0-A854-D8A9912F5871}.Release|x64.Build.0 = Release|x64
		{4422814B-8479-48B0-A854-D8A9912F5871}.Release|x86.ActiveCfg = Release|Win32
		{4422814B-8479-48B0-A854-D8A9912F5871}.Release|x86.Build.0 = Release|Win32
		{6462DC58-0B08-4C76-913E-27594D844F2E}.Debug|x64.ActiveCfg = Debug|x64
		{6462DC58-0B08-4C76-913E-27594D844F2E}.Debug|x64.Build.0 = Debug|x64
		{6462DC58-0B08-4C76-913E-27594D844F2E}.Debug|x86.ActiveCfg = Debug|Win32
		{6462DC58-0B08-4C76-913E-27594D844F2E}.Debug|x86.Build.0 = Debug|Win32
		{6462DC58-0B08-4C76-913E-27594D844F2E}.Release|x64.ActiveCfg = Release|x64
		{6462DC58-0B08-4C76-913E-27594D844F2E}.Release|x64.Build.0 = Release|x64
		{6462DC58-0B08-4C76-913E-27594D844F2E}.Release|x86.ActiveCfg = Release|Win32
		{6462DC58-0B08-4C76-913E-27594D844F2E}.Release|x86.Build.0 = Release|Win32
		{1B6EE4BA-0EF9-43C9-BF80-0C5EFB1DA2CB}.Debug|x64.ActiveCfg = Debug|x64
		{1B6EE4BA-0EF9-43C9-BF80-0C5EFB1DA2CB}.Debug|x64.Build.0 = Debug|x64
		{1B6EE4BA-0EF9-43C9-BF80-0C5EFB1DA2CB}.Debug|x86.ActiveCfg = Debug|Win32
		{1B6EE4BA-0EF9-43C9-BF80-0C5EFB1DA2CB}.Debug|x86.Build.0 = Debug|Win32
		{1B6EE4BA-0EF9-43C9-BF80-0C5EFB1DA2CB}.Release|x64.ActiveCfg = Release|x64
		{1B6EE4BA-0EF9-43C9-BF80-0C5EFB1DA2CB}.Release|x64.Build.0 = Release|x64
		{1B6EE4BA-0EF9-43C9-BF80-0C5EFB1DA2CB}.Release|x86.ActiveCfg = Release|Win32
		{1B6EE4BA-0EF9-43C9-BF80-0C5EFB1DA2CB}.Release|x86.Build.0 = Release|Win32
		{5F62D9A2-4A47-4038-BDC3-2BE5EF731F7A}.Debug|x64.ActiveCfg = Debug|x64
		{5F62D9A2-4A47-4038-BDC3-2BE5EF731F7A}.Debug|x64.Build.0 = Debug|x64
		{5F62D9A2-4A47-4038-BDC3-2BE5EF731F7A}.Debug|x86.ActiveCfg = Debug|Win32
		{5F62D9A2-4A47-4038-BDC3-2BE5EF731F7A}.Debug|x86.Build.0 = Debug|Win32
		{5F62D9A2-4A47-4038-BDC3-2BE5EF731F7A}.Release|x64.ActiveCfg = Release|x64
		{5F62D9A2-4A47-4038-BDC3-2BE5EF731F7A}.Release|x64.Build.0 = Release|x64
		{5F62D9A2-4A47-4038-BDC3-2BE5EF731F7A}.Release|x86.ActiveCfg = Release|Win32
		{5F62D9A2-4A47-4038-BDC3-2BE5EF731F7A}.Release|x86.Build.0 = Release|Win32
		{BC2BD343-7E38-44F6-9DAF-88542B03A5E2}.Debug|x64.ActiveCfg = Debug|x64
		{BC2BD343-7E38-44F6-9DAF-88542B03A5E2}.Debug|x64.Build.0 = Debug|x64
		{BC2BD343-7E38-44F6-9DAF-88542B03A5E2}.Debug|x86.ActiveCfg = Debug|Win32
		{BC2BD343-7E38-44F6-9DAF-88542B03A5E2}.Debug|x86.Build.0 = Debug|Win32
		{BC2BD343-7E38-44F6-9DAF-88542B03A5E2}.Release|x64.ActiveCfg = Release|x64
		{BC2BD343-7E38-44F6-9DAF-88542B03A5E2}.Release|x64.Build.0 = Release|x64
		{BC2BD343-7E38-44F6-9DAF-88542B03A5E2}.Release|x86.ActiveCfg = Release|Win32
		{BC2BD343-7E38-44F6-9DAF-88542B03A5E2}.Release|x86.Build.0 = Release|Win32
		{74E0FF08-C71F-4254-8AEC-1656B729CDF5}.Debug|x64.ActiveCfg = Debug|x64
		{74E0FF08-C71F-4254-8AEC-1656B729CDF5}.Debug|x64.Build.0 = Debug|x64
		{74E0FF08-C71F-4254-8AEC-1656B729CDF5}.Debug|x86.ActiveCfg = Debug|Win32
		{74E0FF08-C71F-4254-8AEC-1656B729CDF5}.Debug|x86.Build.0 = Debug|Win32
		{74E0FF08-C71F-4254-8AEC-1656B729CDF5}.Release|x64.ActiveCfg = Release|x64
		{74E0FF08-C71F-4254-8AEC-1656B729CDF5}.Release|x64.Build.0 = Release|x64
		{74E0FF08-C71F-4254-8AEC-1656B729CDF5}.Release|x86.ActiveCfg = Release|Win32
		{74E0FF08-C71F-4254-8AEC-1656B729CDF5}.Release|x86.Build.0 = Release|Win32
		{A77F4937-B25E-49ED-8E9F-159D50D42027}.Debug|x64.ActiveCfg = Debug|x64
		{A77F4937-B25E-49ED-8E9F-159D50D42027}.Debug|x64.Build.0 = Debug|x64
		{A77F4937-B25E-49ED-8E9F-159D50D42027}.Debug|x86.ActiveCfg = Debug|Win32
		{A77F4937-B25E-49ED-8E9F-159D50D42027}.Debug|x86.Build.0 = Debug|Win32
		{A77F4937-B25E-49ED-8E9F-159D50D42027}.Release|x64.ActiveCfg = Release|x64
		{A77F4937-B25E-49ED-8E9F-159D50D42027}.Release|x64.Build.0 = Release|x64
		{A77F4937-B25E-49ED-8E9F-159D50D42027}.Release|x86.ActiveCfg = Release|Win32
		{A77F4937-B25E-49ED-8E9F-159D50D42027}.Release|x86.Build.0 = Release|Win32
		{498EF07F-879F-4BCB-8227-FBC59D503D5D}.Debug|x64.ActiveCfg = Debug|x64
		{498EF07F-879F-4BCB-8227-FBC59D503D5D}.Debug|x64.Build.0 = Debug|x64
		{498EF07F-879F-4BCB-8227-FBC59D503D5D}.Debug|x86.ActiveCfg = Debug|Win32
		{498EF07F-879F-4BCB-8227-FBC59D503D5D}.Debug|x86.Build.0 = Debug|Win32
		{498EF07F-879F-4BCB-8227-FBC59D503D5D}.Release|x64.ActiveCfg = Release|x64
		{498EF07F-879F-4BCB-8227-FBC59D503D5D}.Release|x64.Build.0 = Release|x64
		{498EF07F-879F-4BCB-8227-FBC59D503D5D}.Release|x86.ActiveCfg = Release|Win32
		{498EF07F-879F-4BCB-8227-FBC59D503D5D}.Release|x86.Build.0 = Release|Win32
		{A8CE411F-4DE0-4796-9655-36556979FD3B}.Debug|x64.ActiveCfg = Debug|x64
		{A8CE411F-4DE0-4796-9655-36556979FD3B}.Debug|x64.Build.0 = Debug|x64
		{A8CE411F-4DE0-4796-9655-36556979FD3B}.Debug|x86.ActiveCfg = Debug|Win32
		{A8CE411F-4DE0-4796-9655-36556979FD3B}.Debug|x86.Build.0 = Debug|Win32
		{A8CE411F-4DE0-4796-9655-36556979FD3B}.Release|x64.ActiveCfg = Release|x64
		{A8CE411F-4DE0-4796-9655-36556979FD3B}.Release|x64.Build.0 = Release|x64
		{A8CE411F-4DE0-4796-9655-36556979FD3B}.Release|x86.ActiveCfg = Release|Win32
		{A8CE411F-4DE0-4796-9655-36556979FD3B}.Release|x86.Build.0 = Release|Win32
	EndGlobalSection
	GlobalSection(SolutionProperties) = preSolution
		HideSolutionNode = FALSE
	EndGlobalSection
	GlobalSection(NestedProjects) = preSolution
		{63358E21-2A73-4DB6-8074-30A1D88E6619} = {D5FB458B-C222-4525-85EF-CC6E2DCD081B}
		{4329489F-A68F-45BE-B7A4-8A0B9C7D4DAC} = {D5FB458B-C222-4525-85EF-CC6E2DCD081B}
		{10BE7C06-22C3-4BCD-9B9F-B48F9BDA64CB} = {D5FB458B-C222-4525-85EF-CC6E2DCD081B}
		{7946D6D3-D38D-45B2-98E1-B018814D3F5F} = {D5FB458B-C222-4525-85EF-CC6E2DCD081B}
		{ED08AC8A-AB71-4276-88AC-694E1DE7701F} = {D5FB458B-C222-4525-85EF-CC6E2DCD081B}
		{80AE753F-32FE-400D-B5E3-249D4C0ADBC9} = {D5FB458B-C222-4525-85EF-CC6E2DCD081B}
		{B106F290-CA7E-4F64-9B3C-E512B80E319D} = {D5FB458B-C222-4525-85EF-CC6E2DCD081B}
		{CD35252E-931E-431E-A10F-E959B432E645} = {D5FB458B-C222-4525-85EF-CC6E2DCD081B}
		{6F9EBAE2-63B4-4A55-8535-B3370E552D6E} = {8F4ABF7B-4B2F-4028-92C9-93ACD92C94FC}
		{516E6A18-A75B-4391-A442-4A8B842DCC73} = {8F4ABF7B-4B2F-4028-92C9-93ACD92C94FC}
		{DAB9CC5C-B430-4EF4-B6FC-4967A4972CFF} = {8F4ABF7B-4B2F-4028-92C9-93ACD92C94FC}
		{80442181-1E8B-4E1B-B721-98FCA48F41FC} = {8F4ABF7B-4B2F-4028-92C9-93ACD92C94FC}
		{C1922BE5-B415-4057-91EC-803A11B3F685} = {8F4ABF7B-4B2F-4028-92C9-93ACD92C94FC}
		{FF00DE4C-69E6-4FE6-BD13-ADDAB195AC1B} = {8F4ABF7B-4B2F-4028-92C9-93ACD92C94FC}
		{5A938055-29EE-4578-A4C9-32C73CE77E11} = {8F4ABF7B-4B2F-4028-92C9-93ACD92C94FC}
		{4422814B-8479-48B0-A854-D8A9912F5871} = {8F4ABF7B-4B2F-4028-92C9-93ACD92C94FC}
		{6462DC58-0B08-4C76-913E-27594D844F2E} = {D5FB458B-C222-4525-85EF-CC6E2DCD081B}
		{1B6EE4BA-0EF9-43C9-BF80-0C5EFB1DA2CB} = {D5FB458B-C222-4525-85EF-CC6E2DCD081B}
		{5F62D9A2-4A47-4038-BDC3-2BE5EF731F7A} = {D5FB458B-C222-4525-85EF-CC6E2DCD081B}
		{BC2BD343-7E38-44F6-9DAF-88542B03A5E2} = {D5FB458B-C222-4525-85EF-CC6E2DCD081B}
		{74E0FF08-C71F-4254-8AEC-1656B729CDF5} = {8F4ABF7B-4B2F-4028-92C9-93ACD92C94FC}
		{A77F4937-B25E-49ED-8E9F-159D50D42027} = {D5FB458B-C222-4525-85EF-CC6E2DCD081B}
		{498EF07F-879F-4BCB-8227-FBC59D503D5D} = {8F4ABF7B-4B2F-4028-92C9-93ACD92C94FC}
		{A8CE411F-4DE0-4796-9655-36556979FD3B} = {8F4ABF7B-4B2F-4028-92C9-93ACD92C94FC}
	EndGlobalSection
	GlobalSection(ExtensibilityGlobals) = postSolution
		SolutionGuid = {223CE60C-6B3F-419B-819C-5060F1180C91}
	EndGlobalSection
EndGlobal
