
Microsoft Visual Studio Solution File, Format Version 12.00
# Visual Studio Version 16
VisualStudioVersion = 16.0.32002.261
MinimumVisualStudioVersion = 10.0.40219.1
Project("{8BC9CEB8-8B4A-11D0-8D11-00A0C91BC942}") = "Proj7.1", "Proj7.1\Proj7.1.vcxproj", "{D9B35CDD-7E5A-487B-923B-3996A4F8F703}"
EndProject
Project("{8BC9CEB8-8B4A-11D0-8D11-00A0C91BC942}") = "Proj7.2", "Proj7.2\Proj7.2.vcxproj", "{97D5943B-5493-4250-A679-22635F870E40}"
EndProject
Project("{8BC9CEB8-8B4A-11D0-8D11-00A0C91BC942}") = "Proj7.3", "Proj7.3\Proj7.3.vcxproj", "{876D8B86-E42C-430A-97BF-49553A82F806}"
EndProject
Project("{8BC9CEB8-8B4A-11D0-8D11-00A0C91BC942}") = "Proj7.4", "Proj7.4\Proj7.4.vcxproj", "{5648ACCA-7800-450A-B9E2-C16A22C5E848}"
EndProject
Project("{8BC9CEB8-8B4A-11D0-8D11-00A0C91BC942}") = "Proj7.5", "Proj7.5\Proj7.5.vcxproj", "{42115B6D-2F18-4B3C-8237-592B9613476D}"
EndProject
Project("{8BC9CEB8-8B4A-11D0-8D11-00A0C91BC942}") = "Proj7.6", "Proj7.6\Proj7.6.vcxproj", "{331F9A40-57BE-4D2E-96DF-53689D81DCD3}"
EndProject
Project("{8BC9CEB8-8B4A-11D0-8D11-00A0C91BC942}") = "Proj7.7", "Proj7.7\Proj7.7.vcxproj", "{D8B3ABF5-1597-4A7E-B4C2-5529D745CF39}"
EndProject
Project("{8BC9CEB8-8B4A-11D0-8D11-00A0C91BC942}") = "Proj7.8", "Proj7.8\Proj7.8.vcxproj", "{078547C4-F944-4A92-93AE-3D61825EF95B}"
EndProject
Project("{8BC9CEB8-8B4A-11D0-8D11-00A0C91BC942}") = "Proj7.9", "Proj7.9\Proj7.9.vcxproj", "{F8512EA4-EC5B-476B-A59A-36463EE9B8F7}"
EndProject
Project("{8BC9CEB8-8B4A-11D0-8D11-00A0C91BC942}") = "Proj7.10", "Proj7.10\Proj7.10.vcxproj", "{63247A79-3595-433D-B464-6C6B5182B1AE}"
EndProject
Project("{8BC9CEB8-8B4A-11D0-8D11-00A0C91BC942}") = "Proj7.11", "Proj7.11\Proj7.11.vcxproj", "{2E817199-B012-4309-9214-B2B79D086CC2}"
EndProject
Project("{8BC9CEB8-8B4A-11D0-8D11-00A0C91BC942}") = "Proj7.12", "Proj7.12\Proj7.12.vcxproj", "{DDC5E472-5D5C-4308-A94A-529314DCA69E}"
EndProject
Project("{8BC9CEB8-8B4A-11D0-8D11-00A0C91BC942}") = "Proj7.13", "Proj7.13\Proj7.13.vcxproj", "{462D1815-36F2-4B73-B7C9-A0A51469406F}"
EndProject
Global
	GlobalSection(SolutionConfigurationPlatforms) = preSolution
		Debug|x64 = Debug|x64
		Debug|x86 = Debug|x86
		Release|x64 = Release|x64
		Release|x86 = Release|x86
	EndGlobalSection
	GlobalSection(ProjectConfigurationPlatforms) = postSolution
		{D9B35CDD-7E5A-487B-923B-3996A4F8F703}.Debug|x64.ActiveCfg = Debug|x64
		{D9B35CDD-7E5A-487B-923B-3996A4F8F703}.Debug|x64.Build.0 = Debug|x64
		{D9B35CDD-7E5A-487B-923B-3996A4F8F703}.Debug|x86.ActiveCfg = Debug|Win32
		{D9B35CDD-7E5A-487B-923B-3996A4F8F703}.Debug|x86.Build.0 = Debug|Win32
		{D9B35CDD-7E5A-487B-923B-3996A4F8F703}.Release|x64.ActiveCfg = Release|x64
		{D9B35CDD-7E5A-487B-923B-3996A4F8F703}.Release|x64.Build.0 = Release|x64
		{D9B35CDD-7E5A-487B-923B-3996A4F8F703}.Release|x86.ActiveCfg = Release|Win32
		{D9B35CDD-7E5A-487B-923B-3996A4F8F703}.Release|x86.Build.0 = Release|Win32
		{97D5943B-5493-4250-A679-22635F870E40}.Debug|x64.ActiveCfg = Debug|x64
		{97D5943B-5493-4250-A679-22635F870E40}.Debug|x64.Build.0 = Debug|x64
		{97D5943B-5493-4250-A679-22635F870E40}.Debug|x86.ActiveCfg = Debug|Win32
		{97D5943B-5493-4250-A679-22635F870E40}.Debug|x86.Build.0 = Debug|Win32
		{97D5943B-5493-4250-A679-22635F870E40}.Release|x64.ActiveCfg = Release|x64
		{97D5943B-5493-4250-A679-22635F870E40}.Release|x64.Build.0 = Release|x64
		{97D5943B-5493-4250-A679-22635F870E40}.Release|x86.ActiveCfg = Release|Win32
		{97D5943B-5493-4250-A679-22635F870E40}.Release|x86.Build.0 = Release|Win32
		{876D8B86-E42C-430A-97BF-49553A82F806}.Debug|x64.ActiveCfg = Debug|x64
		{876D8B86-E42C-430A-97BF-49553A82F806}.Debug|x64.Build.0 = Debug|x64
		{876D8B86-E42C-430A-97BF-49553A82F806}.Debug|x86.ActiveCfg = Debug|Win32
		{876D8B86-E42C-430A-97BF-49553A82F806}.Debug|x86.Build.0 = Debug|Win32
		{876D8B86-E42C-430A-97BF-49553A82F806}.Release|x64.ActiveCfg = Release|x64
		{876D8B86-E42C-430A-97BF-49553A82F806}.Release|x64.Build.0 = Release|x64
		{876D8B86-E42C-430A-97BF-49553A82F806}.Release|x86.ActiveCfg = Release|Win32
		{876D8B86-E42C-430A-97BF-49553A82F806}.Release|x86.Build.0 = Release|Win32
		{5648ACCA-7800-450A-B9E2-C16A22C5E848}.Debug|x64.ActiveCfg = Debug|x64
		{5648ACCA-7800-450A-B9E2-C16A22C5E848}.Debug|x64.Build.0 = Debug|x64
		{5648ACCA-7800-450A-B9E2-C16A22C5E848}.Debug|x86.ActiveCfg = Debug|Win32
		{5648ACCA-7800-450A-B9E2-C16A22C5E848}.Debug|x86.Build.0 = Debug|Win32
		{5648ACCA-7800-450A-B9E2-C16A22C5E848}.Release|x64.ActiveCfg = Release|x64
		{5648ACCA-7800-450A-B9E2-C16A22C5E848}.Release|x64.Build.0 = Release|x64
		{5648ACCA-7800-450A-B9E2-C16A22C5E848}.Release|x86.ActiveCfg = Release|Win32
		{5648ACCA-7800-450A-B9E2-C16A22C5E848}.Release|x86.Build.0 = Release|Win32
		{42115B6D-2F18-4B3C-8237-592B9613476D}.Debug|x64.ActiveCfg = Debug|x64
		{42115B6D-2F18-4B3C-8237-592B9613476D}.Debug|x64.Build.0 = Debug|x64
		{42115B6D-2F18-4B3C-8237-592B9613476D}.Debug|x86.ActiveCfg = Debug|Win32
		{42115B6D-2F18-4B3C-8237-592B9613476D}.Debug|x86.Build.0 = Debug|Win32
		{42115B6D-2F18-4B3C-8237-592B9613476D}.Release|x64.ActiveCfg = Release|x64
		{42115B6D-2F18-4B3C-8237-592B9613476D}.Release|x64.Build.0 = Release|x64
		{42115B6D-2F18-4B3C-8237-592B9613476D}.Release|x86.ActiveCfg = Release|Win32
		{42115B6D-2F18-4B3C-8237-592B9613476D}.Release|x86.Build.0 = Release|Win32
		{331F9A40-57BE-4D2E-96DF-53689D81DCD3}.Debug|x64.ActiveCfg = Debug|x64
		{331F9A40-57BE-4D2E-96DF-53689D81DCD3}.Debug|x64.Build.0 = Debug|x64
		{331F9A40-57BE-4D2E-96DF-53689D81DCD3}.Debug|x86.ActiveCfg = Debug|Win32
		{331F9A40-57BE-4D2E-96DF-53689D81DCD3}.Debug|x86.Build.0 = Debug|Win32
		{331F9A40-57BE-4D2E-96DF-53689D81DCD3}.Release|x64.ActiveCfg = Release|x64
		{331F9A40-57BE-4D2E-96DF-53689D81DCD3}.Release|x64.Build.0 = Release|x64
		{331F9A40-57BE-4D2E-96DF-53689D81DCD3}.Release|x86.ActiveCfg = Release|Win32
		{331F9A40-57BE-4D2E-96DF-53689D81DCD3}.Release|x86.Build.0 = Release|Win32
		{D8B3ABF5-1597-4A7E-B4C2-5529D745CF39}.Debug|x64.ActiveCfg = Debug|x64
		{D8B3ABF5-1597-4A7E-B4C2-5529D745CF39}.Debug|x64.Build.0 = Debug|x64
		{D8B3ABF5-1597-4A7E-B4C2-5529D745CF39}.Debug|x86.ActiveCfg = Debug|Win32
		{D8B3ABF5-1597-4A7E-B4C2-5529D745CF39}.Debug|x86.Build.0 = Debug|Win32
		{D8B3ABF5-1597-4A7E-B4C2-5529D745CF39}.Release|x64.ActiveCfg = Release|x64
		{D8B3ABF5-1597-4A7E-B4C2-5529D745CF39}.Release|x64.Build.0 = Release|x64
		{D8B3ABF5-1597-4A7E-B4C2-5529D745CF39}.Release|x86.ActiveCfg = Release|Win32
		{D8B3ABF5-1597-4A7E-B4C2-5529D745CF39}.Release|x86.Build.0 = Release|Win32
		{078547C4-F944-4A92-93AE-3D61825EF95B}.Debug|x64.ActiveCfg = Debug|x64
		{078547C4-F944-4A92-93AE-3D61825EF95B}.Debug|x64.Build.0 = Debug|x64
		{078547C4-F944-4A92-93AE-3D61825EF95B}.Debug|x86.ActiveCfg = Debug|Win32
		{078547C4-F944-4A92-93AE-3D61825EF95B}.Debug|x86.Build.0 = Debug|Win32
		{078547C4-F944-4A92-93AE-3D61825EF95B}.Release|x64.ActiveCfg = Release|x64
		{078547C4-F944-4A92-93AE-3D61825EF95B}.Release|x64.Build.0 = Release|x64
		{078547C4-F944-4A92-93AE-3D61825EF95B}.Release|x86.ActiveCfg = Release|Win32
		{078547C4-F944-4A92-93AE-3D61825EF95B}.Release|x86.Build.0 = Release|Win32
		{F8512EA4-EC5B-476B-A59A-36463EE9B8F7}.Debug|x64.ActiveCfg = Debug|x64
		{F8512EA4-EC5B-476B-A59A-36463EE9B8F7}.Debug|x64.Build.0 = Debug|x64
		{F8512EA4-EC5B-476B-A59A-36463EE9B8F7}.Debug|x86.ActiveCfg = Debug|Win32
		{F8512EA4-EC5B-476B-A59A-36463EE9B8F7}.Debug|x86.Build.0 = Debug|Win32
		{F8512EA4-EC5B-476B-A59A-36463EE9B8F7}.Release|x64.ActiveCfg = Release|x64
		{F8512EA4-EC5B-476B-A59A-36463EE9B8F7}.Release|x64.Build.0 = Release|x64
		{F8512EA4-EC5B-476B-A59A-36463EE9B8F7}.Release|x86.ActiveCfg = Release|Win32
		{F8512EA4-EC5B-476B-A59A-36463EE9B8F7}.Release|x86.Build.0 = Release|Win32
		{63247A79-3595-433D-B464-6C6B5182B1AE}.Debug|x64.ActiveCfg = Debug|x64
		{63247A79-3595-433D-B464-6C6B5182B1AE}.Debug|x64.Build.0 = Debug|x64
		{63247A79-3595-433D-B464-6C6B5182B1AE}.Debug|x86.ActiveCfg = Debug|Win32
		{63247A79-3595-433D-B464-6C6B5182B1AE}.Debug|x86.Build.0 = Debug|Win32
		{63247A79-3595-433D-B464-6C6B5182B1AE}.Release|x64.ActiveCfg = Release|x64
		{63247A79-3595-433D-B464-6C6B5182B1AE}.Release|x64.Build.0 = Release|x64
		{63247A79-3595-433D-B464-6C6B5182B1AE}.Release|x86.ActiveCfg = Release|Win32
		{63247A79-3595-433D-B464-6C6B5182B1AE}.Release|x86.Build.0 = Release|Win32
		{2E817199-B012-4309-9214-B2B79D086CC2}.Debug|x64.ActiveCfg = Debug|x64
		{2E817199-B012-4309-9214-B2B79D086CC2}.Debug|x64.Build.0 = Debug|x64
		{2E817199-B012-4309-9214-B2B79D086CC2}.Debug|x86.ActiveCfg = Debug|Win32
		{2E817199-B012-4309-9214-B2B79D086CC2}.Debug|x86.Build.0 = Debug|Win32
		{2E817199-B012-4309-9214-B2B79D086CC2}.Release|x64.ActiveCfg = Release|x64
		{2E817199-B012-4309-9214-B2B79D086CC2}.Release|x64.Build.0 = Release|x64
		{2E817199-B012-4309-9214-B2B79D086CC2}.Release|x86.ActiveCfg = Release|Win32
		{2E817199-B012-4309-9214-B2B79D086CC2}.Release|x86.Build.0 = Release|Win32
		{DDC5E472-5D5C-4308-A94A-529314DCA69E}.Debug|x64.ActiveCfg = Debug|x64
		{DDC5E472-5D5C-4308-A94A-529314DCA69E}.Debug|x64.Build.0 = Debug|x64
		{DDC5E472-5D5C-4308-A94A-529314DCA69E}.Debug|x86.ActiveCfg = Debug|Win32
		{DDC5E472-5D5C-4308-A94A-529314DCA69E}.Debug|x86.Build.0 = Debug|Win32
		{DDC5E472-5D5C-4308-A94A-529314DCA69E}.Release|x64.ActiveCfg = Release|x64
		{DDC5E472-5D5C-4308-A94A-529314DCA69E}.Release|x64.Build.0 = Release|x64
		{DDC5E472-5D5C-4308-A94A-529314DCA69E}.Release|x86.ActiveCfg = Release|Win32
		{DDC5E472-5D5C-4308-A94A-529314DCA69E}.Release|x86.Build.0 = Release|Win32
		{462D1815-36F2-4B73-B7C9-A0A51469406F}.Debug|x64.ActiveCfg = Debug|x64
		{462D1815-36F2-4B73-B7C9-A0A51469406F}.Debug|x64.Build.0 = Debug|x64
		{462D1815-36F2-4B73-B7C9-A0A51469406F}.Debug|x86.ActiveCfg = Debug|Win32
		{462D1815-36F2-4B73-B7C9-A0A51469406F}.Debug|x86.Build.0 = Debug|Win32
		{462D1815-36F2-4B73-B7C9-A0A51469406F}.Release|x64.ActiveCfg = Release|x64
		{462D1815-36F2-4B73-B7C9-A0A51469406F}.Release|x64.Build.0 = Release|x64
		{462D1815-36F2-4B73-B7C9-A0A51469406F}.Release|x86.ActiveCfg = Release|Win32
		{462D1815-36F2-4B73-B7C9-A0A51469406F}.Release|x86.Build.0 = Release|Win32
	EndGlobalSection
	GlobalSection(SolutionProperties) = preSolution
		HideSolutionNode = FALSE
	EndGlobalSection
	GlobalSection(ExtensibilityGlobals) = postSolution
		SolutionGuid = {ACFAA9FE-ADC8-4E0F-AD85-D17C6ACC742A}
	EndGlobalSection
EndGlobal
