
Microsoft Visual Studio Solution File, Format Version 12.00
# Visual Studio Version 16
VisualStudioVersion = 16.0.32002.261
MinimumVisualStudioVersion = 10.0.40219.1
Project("{8BC9CEB8-8B4A-11D0-8D11-00A0C91BC942}") = "Proj3.1", "Proj3.1\Proj3.1.vcxproj", "{E5329D82-8A9A-4987-AB5A-3961018FAB90}"
EndProject
Project("{8BC9CEB8-8B4A-11D0-8D11-00A0C91BC942}") = "Proj3.2", "Proj3.2\Proj3.2.vcxproj", "{4F625070-CABD-4BC3-85D7-E72DB78AF65F}"
EndProject
Project("{8BC9CEB8-8B4A-11D0-8D11-00A0C91BC942}") = "Proj3.3", "Proj3.3\Proj3.3.vcxproj", "{5DFEA896-5E55-4B90-A320-CE976C87D664}"
EndProject
Project("{8BC9CEB8-8B4A-11D0-8D11-00A0C91BC942}") = "Proj3.4", "Proj3.4\Proj3.4.vcxproj", "{78EC454A-741C-4CB9-B0C7-B09A20367761}"
EndProject
Project("{8BC9CEB8-8B4A-11D0-8D11-00A0C91BC942}") = "Proj3.5", "Proj3.5\Proj3.5.vcxproj", "{25AC639F-231F-42C7-B3C1-28E46BADC178}"
EndProject
Project("{8BC9CEB8-8B4A-11D0-8D11-00A0C91BC942}") = "Proj3.6", "Proj3.6\Proj3.6.vcxproj", "{0CC74287-758A-4FFF-8292-E9BBA70F083A}"
EndProject
Project("{8BC9CEB8-8B4A-11D0-8D11-00A0C91BC942}") = "Proj3.7", "Proj3.7\Proj3.7.vcxproj", "{F0A9DC11-F972-4943-80CF-6C2ECB60ABC5}"
EndProject
Project("{8BC9CEB8-8B4A-11D0-8D11-00A0C91BC942}") = "Proj3.8", "Proj3.8\Proj3.8.vcxproj", "{10CBE4FA-64DE-4A9B-BE2C-686733DE461F}"
EndProject
Project("{8BC9CEB8-8B4A-11D0-8D11-00A0C91BC942}") = "Proj3.9", "Proj3.9\Proj3.9.vcxproj", "{9F4CDD1A-C683-4C47-8916-764D5E1FE1A6}"
EndProject
Project("{8BC9CEB8-8B4A-11D0-8D11-00A0C91BC942}") = "Proj3.10", "Proj3.10\Proj3.10.vcxproj", "{FD671E78-F0BD-4B45-A3E4-E6E7648780E6}"
EndProject
Project("{8BC9CEB8-8B4A-11D0-8D11-00A0C91BC942}") = "Proj3.11", "Proj3.11\Proj3.11.vcxproj", "{4B02B639-9C10-483B-A68F-31F215BAA2F8}"
EndProject
Project("{8BC9CEB8-8B4A-11D0-8D11-00A0C91BC942}") = "Proj3.12", "Proj3.12\Proj3.12.vcxproj", "{90CD295A-730C-4409-8EE5-A420BC705026}"
EndProject
Project("{8BC9CEB8-8B4A-11D0-8D11-00A0C91BC942}") = "Proj3.13", "Proj3.13\Proj3.13.vcxproj", "{E88E4A1D-A0D0-4B56-AD56-FC3B5B0FF8B6}"
EndProject
Project("{8BC9CEB8-8B4A-11D0-8D11-00A0C91BC942}") = "Proj3.14", "Proj3.14\Proj3.14.vcxproj", "{FC9CC52B-71C8-4920-84CA-C6CD84FBBD34}"
EndProject
Global
	GlobalSection(SolutionConfigurationPlatforms) = preSolution
		Debug|x64 = Debug|x64
		Debug|x86 = Debug|x86
		Release|x64 = Release|x64
		Release|x86 = Release|x86
	EndGlobalSection
	GlobalSection(ProjectConfigurationPlatforms) = postSolution
		{E5329D82-8A9A-4987-AB5A-3961018FAB90}.Debug|x64.ActiveCfg = Debug|x64
		{E5329D82-8A9A-4987-AB5A-3961018FAB90}.Debug|x64.Build.0 = Debug|x64
		{E5329D82-8A9A-4987-AB5A-3961018FAB90}.Debug|x86.ActiveCfg = Debug|Win32
		{E5329D82-8A9A-4987-AB5A-3961018FAB90}.Debug|x86.Build.0 = Debug|Win32
		{E5329D82-8A9A-4987-AB5A-3961018FAB90}.Release|x64.ActiveCfg = Release|x64
		{E5329D82-8A9A-4987-AB5A-3961018FAB90}.Release|x64.Build.0 = Release|x64
		{E5329D82-8A9A-4987-AB5A-3961018FAB90}.Release|x86.ActiveCfg = Release|Win32
		{E5329D82-8A9A-4987-AB5A-3961018FAB90}.Release|x86.Build.0 = Release|Win32
		{4F625070-CABD-4BC3-85D7-E72DB78AF65F}.Debug|x64.ActiveCfg = Debug|x64
		{4F625070-CABD-4BC3-85D7-E72DB78AF65F}.Debug|x64.Build.0 = Debug|x64
		{4F625070-CABD-4BC3-85D7-E72DB78AF65F}.Debug|x86.ActiveCfg = Debug|Win32
		{4F625070-CABD-4BC3-85D7-E72DB78AF65F}.Debug|x86.Build.0 = Debug|Win32
		{4F625070-CABD-4BC3-85D7-E72DB78AF65F}.Release|x64.ActiveCfg = Release|x64
		{4F625070-CABD-4BC3-85D7-E72DB78AF65F}.Release|x64.Build.0 = Release|x64
		{4F625070-CABD-4BC3-85D7-E72DB78AF65F}.Release|x86.ActiveCfg = Release|Win32
		{4F625070-CABD-4BC3-85D7-E72DB78AF65F}.Release|x86.Build.0 = Release|Win32
		{5DFEA896-5E55-4B90-A320-CE976C87D664}.Debug|x64.ActiveCfg = Debug|x64
		{5DFEA896-5E55-4B90-A320-CE976C87D664}.Debug|x64.Build.0 = Debug|x64
		{5DFEA896-5E55-4B90-A320-CE976C87D664}.Debug|x86.ActiveCfg = Debug|Win32
		{5DFEA896-5E55-4B90-A320-CE976C87D664}.Debug|x86.Build.0 = Debug|Win32
		{5DFEA896-5E55-4B90-A320-CE976C87D664}.Release|x64.ActiveCfg = Release|x64
		{5DFEA896-5E55-4B90-A320-CE976C87D664}.Release|x64.Build.0 = Release|x64
		{5DFEA896-5E55-4B90-A320-CE976C87D664}.Release|x86.ActiveCfg = Release|Win32
		{5DFEA896-5E55-4B90-A320-CE976C87D664}.Release|x86.Build.0 = Release|Win32
		{78EC454A-741C-4CB9-B0C7-B09A20367761}.Debug|x64.ActiveCfg = Debug|x64
		{78EC454A-741C-4CB9-B0C7-B09A20367761}.Debug|x64.Build.0 = Debug|x64
		{78EC454A-741C-4CB9-B0C7-B09A20367761}.Debug|x86.ActiveCfg = Debug|Win32
		{78EC454A-741C-4CB9-B0C7-B09A20367761}.Debug|x86.Build.0 = Debug|Win32
		{78EC454A-741C-4CB9-B0C7-B09A20367761}.Release|x64.ActiveCfg = Release|x64
		{78EC454A-741C-4CB9-B0C7-B09A20367761}.Release|x64.Build.0 = Release|x64
		{78EC454A-741C-4CB9-B0C7-B09A20367761}.Release|x86.ActiveCfg = Release|Win32
		{78EC454A-741C-4CB9-B0C7-B09A20367761}.Release|x86.Build.0 = Release|Win32
		{25AC639F-231F-42C7-B3C1-28E46BADC178}.Debug|x64.ActiveCfg = Debug|x64
		{25AC639F-231F-42C7-B3C1-28E46BADC178}.Debug|x64.Build.0 = Debug|x64
		{25AC639F-231F-42C7-B3C1-28E46BADC178}.Debug|x86.ActiveCfg = Debug|Win32
		{25AC639F-231F-42C7-B3C1-28E46BADC178}.Debug|x86.Build.0 = Debug|Win32
		{25AC639F-231F-42C7-B3C1-28E46BADC178}.Release|x64.ActiveCfg = Release|x64
		{25AC639F-231F-42C7-B3C1-28E46BADC178}.Release|x64.Build.0 = Release|x64
		{25AC639F-231F-42C7-B3C1-28E46BADC178}.Release|x86.ActiveCfg = Release|Win32
		{25AC639F-231F-42C7-B3C1-28E46BADC178}.Release|x86.Build.0 = Release|Win32
		{0CC74287-758A-4FFF-8292-E9BBA70F083A}.Debug|x64.ActiveCfg = Debug|x64
		{0CC74287-758A-4FFF-8292-E9BBA70F083A}.Debug|x64.Build.0 = Debug|x64
		{0CC74287-758A-4FFF-8292-E9BBA70F083A}.Debug|x86.ActiveCfg = Debug|Win32
		{0CC74287-758A-4FFF-8292-E9BBA70F083A}.Debug|x86.Build.0 = Debug|Win32
		{0CC74287-758A-4FFF-8292-E9BBA70F083A}.Release|x64.ActiveCfg = Release|x64
		{0CC74287-758A-4FFF-8292-E9BBA70F083A}.Release|x64.Build.0 = Release|x64
		{0CC74287-758A-4FFF-8292-E9BBA70F083A}.Release|x86.ActiveCfg = Release|Win32
		{0CC74287-758A-4FFF-8292-E9BBA70F083A}.Release|x86.Build.0 = Release|Win32
		{F0A9DC11-F972-4943-80CF-6C2ECB60ABC5}.Debug|x64.ActiveCfg = Debug|x64
		{F0A9DC11-F972-4943-80CF-6C2ECB60ABC5}.Debug|x64.Build.0 = Debug|x64
		{F0A9DC11-F972-4943-80CF-6C2ECB60ABC5}.Debug|x86.ActiveCfg = Debug|Win32
		{F0A9DC11-F972-4943-80CF-6C2ECB60ABC5}.Debug|x86.Build.0 = Debug|Win32
		{F0A9DC11-F972-4943-80CF-6C2ECB60ABC5}.Release|x64.ActiveCfg = Release|x64
		{F0A9DC11-F972-4943-80CF-6C2ECB60ABC5}.Release|x64.Build.0 = Release|x64
		{F0A9DC11-F972-4943-80CF-6C2ECB60ABC5}.Release|x86.ActiveCfg = Release|Win32
		{F0A9DC11-F972-4943-80CF-6C2ECB60ABC5}.Release|x86.Build.0 = Release|Win32
		{10CBE4FA-64DE-4A9B-BE2C-686733DE461F}.Debug|x64.ActiveCfg = Debug|x64
		{10CBE4FA-64DE-4A9B-BE2C-686733DE461F}.Debug|x64.Build.0 = Debug|x64
		{10CBE4FA-64DE-4A9B-BE2C-686733DE461F}.Debug|x86.ActiveCfg = Debug|Win32
		{10CBE4FA-64DE-4A9B-BE2C-686733DE461F}.Debug|x86.Build.0 = Debug|Win32
		{10CBE4FA-64DE-4A9B-BE2C-686733DE461F}.Release|x64.ActiveCfg = Release|x64
		{10CBE4FA-64DE-4A9B-BE2C-686733DE461F}.Release|x64.Build.0 = Release|x64
		{10CBE4FA-64DE-4A9B-BE2C-686733DE461F}.Release|x86.ActiveCfg = Release|Win32
		{10CBE4FA-64DE-4A9B-BE2C-686733DE461F}.Release|x86.Build.0 = Release|Win32
		{9F4CDD1A-C683-4C47-8916-764D5E1FE1A6}.Debug|x64.ActiveCfg = Debug|x64
		{9F4CDD1A-C683-4C47-8916-764D5E1FE1A6}.Debug|x64.Build.0 = Debug|x64
		{9F4CDD1A-C683-4C47-8916-764D5E1FE1A6}.Debug|x86.ActiveCfg = Debug|Win32
		{9F4CDD1A-C683-4C47-8916-764D5E1FE1A6}.Debug|x86.Build.0 = Debug|Win32
		{9F4CDD1A-C683-4C47-8916-764D5E1FE1A6}.Release|x64.ActiveCfg = Release|x64
		{9F4CDD1A-C683-4C47-8916-764D5E1FE1A6}.Release|x64.Build.0 = Release|x64
		{9F4CDD1A-C683-4C47-8916-764D5E1FE1A6}.Release|x86.ActiveCfg = Release|Win32
		{9F4CDD1A-C683-4C47-8916-764D5E1FE1A6}.Release|x86.Build.0 = Release|Win32
		{FD671E78-F0BD-4B45-A3E4-E6E7648780E6}.Debug|x64.ActiveCfg = Debug|x64
		{FD671E78-F0BD-4B45-A3E4-E6E7648780E6}.Debug|x64.Build.0 = Debug|x64
		{FD671E78-F0BD-4B45-A3E4-E6E7648780E6}.Debug|x86.ActiveCfg = Debug|Win32
		{FD671E78-F0BD-4B45-A3E4-E6E7648780E6}.Debug|x86.Build.0 = Debug|Win32
		{FD671E78-F0BD-4B45-A3E4-E6E7648780E6}.Release|x64.ActiveCfg = Release|x64
		{FD671E78-F0BD-4B45-A3E4-E6E7648780E6}.Release|x64.Build.0 = Release|x64
		{FD671E78-F0BD-4B45-A3E4-E6E7648780E6}.Release|x86.ActiveCfg = Release|Win32
		{FD671E78-F0BD-4B45-A3E4-E6E7648780E6}.Release|x86.Build.0 = Release|Win32
		{4B02B639-9C10-483B-A68F-31F215BAA2F8}.Debug|x64.ActiveCfg = Debug|x64
		{4B02B639-9C10-483B-A68F-31F215BAA2F8}.Debug|x64.Build.0 = Debug|x64
		{4B02B639-9C10-483B-A68F-31F215BAA2F8}.Debug|x86.ActiveCfg = Debug|Win32
		{4B02B639-9C10-483B-A68F-31F215BAA2F8}.Debug|x86.Build.0 = Debug|Win32
		{4B02B639-9C10-483B-A68F-31F215BAA2F8}.Release|x64.ActiveCfg = Release|x64
		{4B02B639-9C10-483B-A68F-31F215BAA2F8}.Release|x64.Build.0 = Release|x64
		{4B02B639-9C10-483B-A68F-31F215BAA2F8}.Release|x86.ActiveCfg = Release|Win32
		{4B02B639-9C10-483B-A68F-31F215BAA2F8}.Release|x86.Build.0 = Release|Win32
		{90CD295A-730C-4409-8EE5-A420BC705026}.Debug|x64.ActiveCfg = Debug|x64
		{90CD295A-730C-4409-8EE5-A420BC705026}.Debug|x64.Build.0 = Debug|x64
		{90CD295A-730C-4409-8EE5-A420BC705026}.Debug|x86.ActiveCfg = Debug|Win32
		{90CD295A-730C-4409-8EE5-A420BC705026}.Debug|x86.Build.0 = Debug|Win32
		{90CD295A-730C-4409-8EE5-A420BC705026}.Release|x64.ActiveCfg = Release|x64
		{90CD295A-730C-4409-8EE5-A420BC705026}.Release|x64.Build.0 = Release|x64
		{90CD295A-730C-4409-8EE5-A420BC705026}.Release|x86.ActiveCfg = Release|Win32
		{90CD295A-730C-4409-8EE5-A420BC705026}.Release|x86.Build.0 = Release|Win32
		{E88E4A1D-A0D0-4B56-AD56-FC3B5B0FF8B6}.Debug|x64.ActiveCfg = Debug|x64
		{E88E4A1D-A0D0-4B56-AD56-FC3B5B0FF8B6}.Debug|x64.Build.0 = Debug|x64
		{E88E4A1D-A0D0-4B56-AD56-FC3B5B0FF8B6}.Debug|x86.ActiveCfg = Debug|Win32
		{E88E4A1D-A0D0-4B56-AD56-FC3B5B0FF8B6}.Debug|x86.Build.0 = Debug|Win32
		{E88E4A1D-A0D0-4B56-AD56-FC3B5B0FF8B6}.Release|x64.ActiveCfg = Release|x64
		{E88E4A1D-A0D0-4B56-AD56-FC3B5B0FF8B6}.Release|x64.Build.0 = Release|x64
		{E88E4A1D-A0D0-4B56-AD56-FC3B5B0FF8B6}.Release|x86.ActiveCfg = Release|Win32
		{E88E4A1D-A0D0-4B56-AD56-FC3B5B0FF8B6}.Release|x86.Build.0 = Release|Win32
		{FC9CC52B-71C8-4920-84CA-C6CD84FBBD34}.Debug|x64.ActiveCfg = Debug|x64
		{FC9CC52B-71C8-4920-84CA-C6CD84FBBD34}.Debug|x64.Build.0 = Debug|x64
		{FC9CC52B-71C8-4920-84CA-C6CD84FBBD34}.Debug|x86.ActiveCfg = Debug|Win32
		{FC9CC52B-71C8-4920-84CA-C6CD84FBBD34}.Debug|x86.Build.0 = Debug|Win32
		{FC9CC52B-71C8-4920-84CA-C6CD84FBBD34}.Release|x64.ActiveCfg = Release|x64
		{FC9CC52B-71C8-4920-84CA-C6CD84FBBD34}.Release|x64.Build.0 = Release|x64
		{FC9CC52B-71C8-4920-84CA-C6CD84FBBD34}.Release|x86.ActiveCfg = Release|Win32
		{FC9CC52B-71C8-4920-84CA-C6CD84FBBD34}.Release|x86.Build.0 = Release|Win32
	EndGlobalSection
	GlobalSection(SolutionProperties) = preSolution
		HideSolutionNode = FALSE
	EndGlobalSection
	GlobalSection(ExtensibilityGlobals) = postSolution
		SolutionGuid = {DB92DA86-2E6A-4174-9F22-416DB07CD655}
	EndGlobalSection
EndGlobal
