
Microsoft Visual Studio Solution File, Format Version 12.00
# Visual Studio Version 16
VisualStudioVersion = 16.0.32002.261
MinimumVisualStudioVersion = 10.0.40219.1
Project("{8BC9CEB8-8B4A-11D0-8D11-00A0C91BC942}") = "Proj8.1", "Proj8.1\Proj8.1.vcxproj", "{719DBD8E-5DA2-4137-8F31-1D8A4DB2ACED}"
EndProject
Project("{8BC9CEB8-8B4A-11D0-8D11-00A0C91BC942}") = "Proj8.2", "Proj8.2\Proj8.2.vcxproj", "{C7C2C6C4-8623-43DB-A83B-D918FC3640DD}"
EndProject
Project("{8BC9CEB8-8B4A-11D0-8D11-00A0C91BC942}") = "Proj8.3", "Proj8.3\Proj8.3.vcxproj", "{01BBA77E-7D7D-41C5-A170-A4DE1624B1CA}"
EndProject
Project("{8BC9CEB8-8B4A-11D0-8D11-00A0C91BC942}") = "Proj8.4", "Proj8.4\Proj8.4.vcxproj", "{36A43B94-E97C-4135-9C21-CD0FDB2505F3}"
EndProject
Project("{8BC9CEB8-8B4A-11D0-8D11-00A0C91BC942}") = "Proj8.5", "Proj8.5\Proj8.5.vcxproj", "{19940449-772C-49F6-B694-37B22B8F9D57}"
EndProject
Project("{8BC9CEB8-8B4A-11D0-8D11-00A0C91BC942}") = "Proj8.6", "Proj8.6\Proj8.6.vcxproj", "{ADE54851-DED1-4394-9640-5BFDA2416DA4}"
EndProject
Project("{8BC9CEB8-8B4A-11D0-8D11-00A0C91BC942}") = "Proj8.7", "Proj8.7\Proj8.7.vcxproj", "{9DBB2ACE-CEEE-4F04-85D1-BAE44DFB772E}"
EndProject
Project("{8BC9CEB8-8B4A-11D0-8D11-00A0C91BC942}") = "Proj8.8", "Proj8.8\Proj8.8.vcxproj", "{B838CD97-8130-44FE-919D-87EAD17BF6BA}"
EndProject
Project("{8BC9CEB8-8B4A-11D0-8D11-00A0C91BC942}") = "Proj8.9", "Proj8.9\Proj8.9.vcxproj", "{710C21B4-1084-4973-99B9-D5B00698E239}"
EndProject
Global
	GlobalSection(SolutionConfigurationPlatforms) = preSolution
		Debug|x64 = Debug|x64
		Debug|x86 = Debug|x86
		Release|x64 = Release|x64
		Release|x86 = Release|x86
	EndGlobalSection
	GlobalSection(ProjectConfigurationPlatforms) = postSolution
		{719DBD8E-5DA2-4137-8F31-1D8A4DB2ACED}.Debug|x64.ActiveCfg = Debug|x64
		{719DBD8E-5DA2-4137-8F31-1D8A4DB2ACED}.Debug|x64.Build.0 = Debug|x64
		{719DBD8E-5DA2-4137-8F31-1D8A4DB2ACED}.Debug|x86.ActiveCfg = Debug|Win32
		{719DBD8E-5DA2-4137-8F31-1D8A4DB2ACED}.Debug|x86.Build.0 = Debug|Win32
		{719DBD8E-5DA2-4137-8F31-1D8A4DB2ACED}.Release|x64.ActiveCfg = Release|x64
		{719DBD8E-5DA2-4137-8F31-1D8A4DB2ACED}.Release|x64.Build.0 = Release|x64
		{719DBD8E-5DA2-4137-8F31-1D8A4DB2ACED}.Release|x86.ActiveCfg = Release|Win32
		{719DBD8E-5DA2-4137-8F31-1D8A4DB2ACED}.Release|x86.Build.0 = Release|Win32
		{C7C2C6C4-8623-43DB-A83B-D918FC3640DD}.Debug|x64.ActiveCfg = Debug|x64
		{C7C2C6C4-8623-43DB-A83B-D918FC3640DD}.Debug|x64.Build.0 = Debug|x64
		{C7C2C6C4-8623-43DB-A83B-D918FC3640DD}.Debug|x86.ActiveCfg = Debug|Win32
		{C7C2C6C4-8623-43DB-A83B-D918FC3640DD}.Debug|x86.Build.0 = Debug|Win32
		{C7C2C6C4-8623-43DB-A83B-D918FC3640DD}.Release|x64.ActiveCfg = Release|x64
		{C7C2C6C4-8623-43DB-A83B-D918FC3640DD}.Release|x64.Build.0 = Release|x64
		{C7C2C6C4-8623-43DB-A83B-D918FC3640DD}.Release|x86.ActiveCfg = Release|Win32
		{C7C2C6C4-8623-43DB-A83B-D918FC3640DD}.Release|x86.Build.0 = Release|Win32
		{01BBA77E-7D7D-41C5-A170-A4DE1624B1CA}.Debug|x64.ActiveCfg = Debug|x64
		{01BBA77E-7D7D-41C5-A170-A4DE1624B1CA}.Debug|x64.Build.0 = Debug|x64
		{01BBA77E-7D7D-41C5-A170-A4DE1624B1CA}.Debug|x86.ActiveCfg = Debug|Win32
		{01BBA77E-7D7D-41C5-A170-A4DE1624B1CA}.Debug|x86.Build.0 = Debug|Win32
		{01BBA77E-7D7D-41C5-A170-A4DE1624B1CA}.Release|x64.ActiveCfg = Release|x64
		{01BBA77E-7D7D-41C5-A170-A4DE1624B1CA}.Release|x64.Build.0 = Release|x64
		{01BBA77E-7D7D-41C5-A170-A4DE1624B1CA}.Release|x86.ActiveCfg = Release|Win32
		{01BBA77E-7D7D-41C5-A170-A4DE1624B1CA}.Release|x86.Build.0 = Release|Win32
		{36A43B94-E97C-4135-9C21-CD0FDB2505F3}.Debug|x64.ActiveCfg = Debug|x64
		{36A43B94-E97C-4135-9C21-CD0FDB2505F3}.Debug|x64.Build.0 = Debug|x64
		{36A43B94-E97C-4135-9C21-CD0FDB2505F3}.Debug|x86.ActiveCfg = Debug|Win32
		{36A43B94-E97C-4135-9C21-CD0FDB2505F3}.Debug|x86.Build.0 = Debug|Win32
		{36A43B94-E97C-4135-9C21-CD0FDB2505F3}.Release|x64.ActiveCfg = Release|x64
		{36A43B94-E97C-4135-9C21-CD0FDB2505F3}.Release|x64.Build.0 = Release|x64
		{36A43B94-E97C-4135-9C21-CD0FDB2505F3}.Release|x86.ActiveCfg = Release|Win32
		{36A43B94-E97C-4135-9C21-CD0FDB2505F3}.Release|x86.Build.0 = Release|Win32
		{19940449-772C-49F6-B694-37B22B8F9D57}.Debug|x64.ActiveCfg = Debug|x64
		{19940449-772C-49F6-B694-37B22B8F9D57}.Debug|x64.Build.0 = Debug|x64
		{19940449-772C-49F6-B694-37B22B8F9D57}.Debug|x86.ActiveCfg = Debug|Win32
		{19940449-772C-49F6-B694-37B22B8F9D57}.Debug|x86.Build.0 = Debug|Win32
		{19940449-772C-49F6-B694-37B22B8F9D57}.Release|x64.ActiveCfg = Release|x64
		{19940449-772C-49F6-B694-37B22B8F9D57}.Release|x64.Build.0 = Release|x64
		{19940449-772C-49F6-B694-37B22B8F9D57}.Release|x86.ActiveCfg = Release|Win32
		{19940449-772C-49F6-B694-37B22B8F9D57}.Release|x86.Build.0 = Release|Win32
		{ADE54851-DED1-4394-9640-5BFDA2416DA4}.Debug|x64.ActiveCfg = Debug|x64
		{ADE54851-DED1-4394-9640-5BFDA2416DA4}.Debug|x64.Build.0 = Debug|x64
		{ADE54851-DED1-4394-9640-5BFDA2416DA4}.Debug|x86.ActiveCfg = Debug|Win32
		{ADE54851-DED1-4394-9640-5BFDA2416DA4}.Debug|x86.Build.0 = Debug|Win32
		{ADE54851-DED1-4394-9640-5BFDA2416DA4}.Release|x64.ActiveCfg = Release|x64
		{ADE54851-DED1-4394-9640-5BFDA2416DA4}.Release|x64.Build.0 = Release|x64
		{ADE54851-DED1-4394-9640-5BFDA2416DA4}.Release|x86.ActiveCfg = Release|Win32
		{ADE54851-DED1-4394-9640-5BFDA2416DA4}.Release|x86.Build.0 = Release|Win32
		{9DBB2ACE-CEEE-4F04-85D1-BAE44DFB772E}.Debug|x64.ActiveCfg = Debug|x64
		{9DBB2ACE-CEEE-4F04-85D1-BAE44DFB772E}.Debug|x64.Build.0 = Debug|x64
		{9DBB2ACE-CEEE-4F04-85D1-BAE44DFB772E}.Debug|x86.ActiveCfg = Debug|Win32
		{9DBB2ACE-CEEE-4F04-85D1-BAE44DFB772E}.Debug|x86.Build.0 = Debug|Win32
		{9DBB2ACE-CEEE-4F04-85D1-BAE44DFB772E}.Release|x64.ActiveCfg = Release|x64
		{9DBB2ACE-CEEE-4F04-85D1-BAE44DFB772E}.Release|x64.Build.0 = Release|x64
		{9DBB2ACE-CEEE-4F04-85D1-BAE44DFB772E}.Release|x86.ActiveCfg = Release|Win32
		{9DBB2ACE-CEEE-4F04-85D1-BAE44DFB772E}.Release|x86.Build.0 = Release|Win32
		{B838CD97-8130-44FE-919D-87EAD17BF6BA}.Debug|x64.ActiveCfg = Debug|x64
		{B838CD97-8130-44FE-919D-87EAD17BF6BA}.Debug|x64.Build.0 = Debug|x64
		{B838CD97-8130-44FE-919D-87EAD17BF6BA}.Debug|x86.ActiveCfg = Debug|Win32
		{B838CD97-8130-44FE-919D-87EAD17BF6BA}.Debug|x86.Build.0 = Debug|Win32
		{B838CD97-8130-44FE-919D-87EAD17BF6BA}.Release|x64.ActiveCfg = Release|x64
		{B838CD97-8130-44FE-919D-87EAD17BF6BA}.Release|x64.Build.0 = Release|x64
		{B838CD97-8130-44FE-919D-87EAD17BF6BA}.Release|x86.ActiveCfg = Release|Win32
		{B838CD97-8130-44FE-919D-87EAD17BF6BA}.Release|x86.Build.0 = Release|Win32
		{710C21B4-1084-4973-99B9-D5B00698E239}.Debug|x64.ActiveCfg = Debug|x64
		{710C21B4-1084-4973-99B9-D5B00698E239}.Debug|x64.Build.0 = Debug|x64
		{710C21B4-1084-4973-99B9-D5B00698E239}.Debug|x86.ActiveCfg = Debug|Win32
		{710C21B4-1084-4973-99B9-D5B00698E239}.Debug|x86.Build.0 = Debug|Win32
		{710C21B4-1084-4973-99B9-D5B00698E239}.Release|x64.ActiveCfg = Release|x64
		{710C21B4-1084-4973-99B9-D5B00698E239}.Release|x64.Build.0 = Release|x64
		{710C21B4-1084-4973-99B9-D5B00698E239}.Release|x86.ActiveCfg = Release|Win32
		{710C21B4-1084-4973-99B9-D5B00698E239}.Release|x86.Build.0 = Release|Win32
	EndGlobalSection
	GlobalSection(SolutionProperties) = preSolution
		HideSolutionNode = FALSE
	EndGlobalSection
	GlobalSection(ExtensibilityGlobals) = postSolution
		SolutionGuid = {354199E1-5442-4E13-A7FD-FEF9C5299587}
	EndGlobalSection
EndGlobal
