
Microsoft Visual Studio Solution File, Format Version 12.00
# Visual Studio Version 16
VisualStudioVersion = 16.0.32002.261
MinimumVisualStudioVersion = 10.0.40219.1
Project("{8BC9CEB8-8B4A-11D0-8D11-00A0C91BC942}") = "Proj5.1", "Proj5.1\Proj5.1.vcxproj", "{297B20D1-5809-4628-8733-74223EC88036}"
EndProject
Project("{8BC9CEB8-8B4A-11D0-8D11-00A0C91BC942}") = "Proj5.2", "Proj5.2\Proj5.2.vcxproj", "{ABAC8C3C-B27E-4F67-B837-57FE530763A3}"
EndProject
Project("{8BC9CEB8-8B4A-11D0-8D11-00A0C91BC942}") = "Proj5.3", "Proj5.3\Proj5.3.vcxproj", "{0C03980B-89D6-438F-8604-A6A96376F031}"
EndProject
Project("{8BC9CEB8-8B4A-11D0-8D11-00A0C91BC942}") = "Proj5.4", "Proj5.4\Proj5.4.vcxproj", "{2342CCE9-249F-410C-84D9-9DC22B578F72}"
EndProject
Project("{8BC9CEB8-8B4A-11D0-8D11-00A0C91BC942}") = "Proj5.5", "Proj5.5\Proj5.5.vcxproj", "{C55A8859-445F-4401-9155-4D37C84B5BB8}"
EndProject
Project("{8BC9CEB8-8B4A-11D0-8D11-00A0C91BC942}") = "Proj5.6", "Proj5.6\Proj5.6.vcxproj", "{6ED052B7-9FE8-4EE2-B49A-C5D54D20B27E}"
EndProject
Project("{8BC9CEB8-8B4A-11D0-8D11-00A0C91BC942}") = "Proj5.7", "Proj5.7\Proj5.7.vcxproj", "{F1D6BC11-3320-47F6-AFF5-2634AD55A277}"
EndProject
Project("{8BC9CEB8-8B4A-11D0-8D11-00A0C91BC942}") = "Proj5.8", "Proj5.8\Proj5.8.vcxproj", "{3F459EE3-0A08-4732-865E-AE1B8E80C522}"
EndProject
Project("{8BC9CEB8-8B4A-11D0-8D11-00A0C91BC942}") = "Proj5.9", "Proj5.9\Proj5.9.vcxproj", "{A4DF8709-267D-466E-A438-D5BA8F5DC06C}"
EndProject
Project("{8BC9CEB8-8B4A-11D0-8D11-00A0C91BC942}") = "Proj5.10", "Proj5.10\Proj5.10.vcxproj", "{0696F7ED-4C32-4EFD-B6A9-6FB1815B903E}"
EndProject
Project("{8BC9CEB8-8B4A-11D0-8D11-00A0C91BC942}") = "Proj5.11", "Proj5.11\Proj5.11.vcxproj", "{75C24EC1-E8DF-4F66-A388-CEF921AB5983}"
EndProject
Project("{8BC9CEB8-8B4A-11D0-8D11-00A0C91BC942}") = "Proj5.12", "Proj5.12\Proj5.12.vcxproj", "{D98DF405-81C4-44E0-9823-780720F594A5}"
EndProject
Global
	GlobalSection(SolutionConfigurationPlatforms) = preSolution
		Debug|x64 = Debug|x64
		Debug|x86 = Debug|x86
		Release|x64 = Release|x64
		Release|x86 = Release|x86
	EndGlobalSection
	GlobalSection(ProjectConfigurationPlatforms) = postSolution
		{297B20D1-5809-4628-8733-74223EC88036}.Debug|x64.ActiveCfg = Debug|x64
		{297B20D1-5809-4628-8733-74223EC88036}.Debug|x64.Build.0 = Debug|x64
		{297B20D1-5809-4628-8733-74223EC88036}.Debug|x86.ActiveCfg = Debug|Win32
		{297B20D1-5809-4628-8733-74223EC88036}.Debug|x86.Build.0 = Debug|Win32
		{297B20D1-5809-4628-8733-74223EC88036}.Release|x64.ActiveCfg = Release|x64
		{297B20D1-5809-4628-8733-74223EC88036}.Release|x64.Build.0 = Release|x64
		{297B20D1-5809-4628-8733-74223EC88036}.Release|x86.ActiveCfg = Release|Win32
		{297B20D1-5809-4628-8733-74223EC88036}.Release|x86.Build.0 = Release|Win32
		{ABAC8C3C-B27E-4F67-B837-57FE530763A3}.Debug|x64.ActiveCfg = Debug|x64
		{ABAC8C3C-B27E-4F67-B837-57FE530763A3}.Debug|x64.Build.0 = Debug|x64
		{ABAC8C3C-B27E-4F67-B837-57FE530763A3}.Debug|x86.ActiveCfg = Debug|Win32
		{ABAC8C3C-B27E-4F67-B837-57FE530763A3}.Debug|x86.Build.0 = Debug|Win32
		{ABAC8C3C-B27E-4F67-B837-57FE530763A3}.Release|x64.ActiveCfg = Release|x64
		{ABAC8C3C-B27E-4F67-B837-57FE530763A3}.Release|x64.Build.0 = Release|x64
		{ABAC8C3C-B27E-4F67-B837-57FE530763A3}.Release|x86.ActiveCfg = Release|Win32
		{ABAC8C3C-B27E-4F67-B837-57FE530763A3}.Release|x86.Build.0 = Release|Win32
		{0C03980B-89D6-438F-8604-A6A96376F031}.Debug|x64.ActiveCfg = Debug|x64
		{0C03980B-89D6-438F-8604-A6A96376F031}.Debug|x64.Build.0 = Debug|x64
		{0C03980B-89D6-438F-8604-A6A96376F031}.Debug|x86.ActiveCfg = Debug|Win32
		{0C03980B-89D6-438F-8604-A6A96376F031}.Debug|x86.Build.0 = Debug|Win32
		{0C03980B-89D6-438F-8604-A6A96376F031}.Release|x64.ActiveCfg = Release|x64
		{0C03980B-89D6-438F-8604-A6A96376F031}.Release|x64.Build.0 = Release|x64
		{0C03980B-89D6-438F-8604-A6A96376F031}.Release|x86.ActiveCfg = Release|Win32
		{0C03980B-89D6-438F-8604-A6A96376F031}.Release|x86.Build.0 = Release|Win32
		{2342CCE9-249F-410C-84D9-9DC22B578F72}.Debug|x64.ActiveCfg = Debug|x64
		{2342CCE9-249F-410C-84D9-9DC22B578F72}.Debug|x64.Build.0 = Debug|x64
		{2342CCE9-249F-410C-84D9-9DC22B578F72}.Debug|x86.ActiveCfg = Debug|Win32
		{2342CCE9-249F-410C-84D9-9DC22B578F72}.Debug|x86.Build.0 = Debug|Win32
		{2342CCE9-249F-410C-84D9-9DC22B578F72}.Release|x64.ActiveCfg = Release|x64
		{2342CCE9-249F-410C-84D9-9DC22B578F72}.Release|x64.Build.0 = Release|x64
		{2342CCE9-249F-410C-84D9-9DC22B578F72}.Release|x86.ActiveCfg = Release|Win32
		{2342CCE9-249F-410C-84D9-9DC22B578F72}.Release|x86.Build.0 = Release|Win32
		{C55A8859-445F-4401-9155-4D37C84B5BB8}.Debug|x64.ActiveCfg = Debug|x64
		{C55A8859-445F-4401-9155-4D37C84B5BB8}.Debug|x64.Build.0 = Debug|x64
		{C55A8859-445F-4401-9155-4D37C84B5BB8}.Debug|x86.ActiveCfg = Debug|Win32
		{C55A8859-445F-4401-9155-4D37C84B5BB8}.Debug|x86.Build.0 = Debug|Win32
		{C55A8859-445F-4401-9155-4D37C84B5BB8}.Release|x64.ActiveCfg = Release|x64
		{C55A8859-445F-4401-9155-4D37C84B5BB8}.Release|x64.Build.0 = Release|x64
		{C55A8859-445F-4401-9155-4D37C84B5BB8}.Release|x86.ActiveCfg = Release|Win32
		{C55A8859-445F-4401-9155-4D37C84B5BB8}.Release|x86.Build.0 = Release|Win32
		{6ED052B7-9FE8-4EE2-B49A-C5D54D20B27E}.Debug|x64.ActiveCfg = Debug|x64
		{6ED052B7-9FE8-4EE2-B49A-C5D54D20B27E}.Debug|x64.Build.0 = Debug|x64
		{6ED052B7-9FE8-4EE2-B49A-C5D54D20B27E}.Debug|x86.ActiveCfg = Debug|Win32
		{6ED052B7-9FE8-4EE2-B49A-C5D54D20B27E}.Debug|x86.Build.0 = Debug|Win32
		{6ED052B7-9FE8-4EE2-B49A-C5D54D20B27E}.Release|x64.ActiveCfg = Release|x64
		{6ED052B7-9FE8-4EE2-B49A-C5D54D20B27E}.Release|x64.Build.0 = Release|x64
		{6ED052B7-9FE8-4EE2-B49A-C5D54D20B27E}.Release|x86.ActiveCfg = Release|Win32
		{6ED052B7-9FE8-4EE2-B49A-C5D54D20B27E}.Release|x86.Build.0 = Release|Win32
		{F1D6BC11-3320-47F6-AFF5-2634AD55A277}.Debug|x64.ActiveCfg = Debug|x64
		{F1D6BC11-3320-47F6-AFF5-2634AD55A277}.Debug|x64.Build.0 = Debug|x64
		{F1D6BC11-3320-47F6-AFF5-2634AD55A277}.Debug|x86.ActiveCfg = Debug|Win32
		{F1D6BC11-3320-47F6-AFF5-2634AD55A277}.Debug|x86.Build.0 = Debug|Win32
		{F1D6BC11-3320-47F6-AFF5-2634AD55A277}.Release|x64.ActiveCfg = Release|x64
		{F1D6BC11-3320-47F6-AFF5-2634AD55A277}.Release|x64.Build.0 = Release|x64
		{F1D6BC11-3320-47F6-AFF5-2634AD55A277}.Release|x86.ActiveCfg = Release|Win32
		{F1D6BC11-3320-47F6-AFF5-2634AD55A277}.Release|x86.Build.0 = Release|Win32
		{3F459EE3-0A08-4732-865E-AE1B8E80C522}.Debug|x64.ActiveCfg = Debug|x64
		{3F459EE3-0A08-4732-865E-AE1B8E80C522}.Debug|x64.Build.0 = Debug|x64
		{3F459EE3-0A08-4732-865E-AE1B8E80C522}.Debug|x86.ActiveCfg = Debug|Win32
		{3F459EE3-0A08-4732-865E-AE1B8E80C522}.Debug|x86.Build.0 = Debug|Win32
		{3F459EE3-0A08-4732-865E-AE1B8E80C522}.Release|x64.ActiveCfg = Release|x64
		{3F459EE3-0A08-4732-865E-AE1B8E80C522}.Release|x64.Build.0 = Release|x64
		{3F459EE3-0A08-4732-865E-AE1B8E80C522}.Release|x86.ActiveCfg = Release|Win32
		{3F459EE3-0A08-4732-865E-AE1B8E80C522}.Release|x86.Build.0 = Release|Win32
		{A4DF8709-267D-466E-A438-D5BA8F5DC06C}.Debug|x64.ActiveCfg = Debug|x64
		{A4DF8709-267D-466E-A438-D5BA8F5DC06C}.Debug|x64.Build.0 = Debug|x64
		{A4DF8709-267D-466E-A438-D5BA8F5DC06C}.Debug|x86.ActiveCfg = Debug|Win32
		{A4DF8709-267D-466E-A438-D5BA8F5DC06C}.Debug|x86.Build.0 = Debug|Win32
		{A4DF8709-267D-466E-A438-D5BA8F5DC06C}.Release|x64.ActiveCfg = Release|x64
		{A4DF8709-267D-466E-A438-D5BA8F5DC06C}.Release|x64.Build.0 = Release|x64
		{A4DF8709-267D-466E-A438-D5BA8F5DC06C}.Release|x86.ActiveCfg = Release|Win32
		{A4DF8709-267D-466E-A438-D5BA8F5DC06C}.Release|x86.Build.0 = Release|Win32
		{0696F7ED-4C32-4EFD-B6A9-6FB1815B903E}.Debug|x64.ActiveCfg = Debug|x64
		{0696F7ED-4C32-4EFD-B6A9-6FB1815B903E}.Debug|x64.Build.0 = Debug|x64
		{0696F7ED-4C32-4EFD-B6A9-6FB1815B903E}.Debug|x86.ActiveCfg = Debug|Win32
		{0696F7ED-4C32-4EFD-B6A9-6FB1815B903E}.Debug|x86.Build.0 = Debug|Win32
		{0696F7ED-4C32-4EFD-B6A9-6FB1815B903E}.Release|x64.ActiveCfg = Release|x64
		{0696F7ED-4C32-4EFD-B6A9-6FB1815B903E}.Release|x64.Build.0 = Release|x64
		{0696F7ED-4C32-4EFD-B6A9-6FB1815B903E}.Release|x86.ActiveCfg = Release|Win32
		{0696F7ED-4C32-4EFD-B6A9-6FB1815B903E}.Release|x86.Build.0 = Release|Win32
		{75C24EC1-E8DF-4F66-A388-CEF921AB5983}.Debug|x64.ActiveCfg = Debug|x64
		{75C24EC1-E8DF-4F66-A388-CEF921AB5983}.Debug|x64.Build.0 = Debug|x64
		{75C24EC1-E8DF-4F66-A388-CEF921AB5983}.Debug|x86.ActiveCfg = Debug|Win32
		{75C24EC1-E8DF-4F66-A388-CEF921AB5983}.Debug|x86.Build.0 = Debug|Win32
		{75C24EC1-E8DF-4F66-A388-CEF921AB5983}.Release|x64.ActiveCfg = Release|x64
		{75C24EC1-E8DF-4F66-A388-CEF921AB5983}.Release|x64.Build.0 = Release|x64
		{75C24EC1-E8DF-4F66-A388-CEF921AB5983}.Release|x86.ActiveCfg = Release|Win32
		{75C24EC1-E8DF-4F66-A388-CEF921AB5983}.Release|x86.Build.0 = Release|Win32
		{D98DF405-81C4-44E0-9823-780720F594A5}.Debug|x64.ActiveCfg = Debug|x64
		{D98DF405-81C4-44E0-9823-780720F594A5}.Debug|x64.Build.0 = Debug|x64
		{D98DF405-81C4-44E0-9823-780720F594A5}.Debug|x86.ActiveCfg = Debug|Win32
		{D98DF405-81C4-44E0-9823-780720F594A5}.Debug|x86.Build.0 = Debug|Win32
		{D98DF405-81C4-44E0-9823-780720F594A5}.Release|x64.ActiveCfg = Release|x64
		{D98DF405-81C4-44E0-9823-780720F594A5}.Release|x64.Build.0 = Release|x64
		{D98DF405-81C4-44E0-9823-780720F594A5}.Release|x86.ActiveCfg = Release|Win32
		{D98DF405-81C4-44E0-9823-780720F594A5}.Release|x86.Build.0 = Release|Win32
	EndGlobalSection
	GlobalSection(SolutionProperties) = preSolution
		HideSolutionNode = FALSE
	EndGlobalSection
	GlobalSection(ExtensibilityGlobals) = postSolution
		SolutionGuid = {CC35976F-9332-4E05-A851-3DB1CEDDA8F4}
	EndGlobalSection
EndGlobal
