
Microsoft Visual Studio Solution File, Format Version 12.00
# Visual Studio Version 16
VisualStudioVersion = 16.0.32002.261
MinimumVisualStudioVersion = 10.0.40219.1
Project("{8BC9CEB8-8B4A-11D0-8D11-00A0C91BC942}") = "Proj10.1", "Proj10.1\Proj10.1.vcxproj", "{402C8F10-23B9-404D-A31C-F695277B0E43}"
EndProject
Project("{8BC9CEB8-8B4A-11D0-8D11-00A0C91BC942}") = "Proj10.2", "Proj10.2\Proj10.2.vcxproj", "{7EC0FCF9-52DA-4A19-BED2-FE2A88D7E463}"
EndProject
Project("{8BC9CEB8-8B4A-11D0-8D11-00A0C91BC942}") = "Proj10.3", "Proj10.3\Proj10.3.vcxproj", "{2D60D3B3-96D9-410C-A3C9-EDCC5D83D585}"
EndProject
Project("{8BC9CEB8-8B4A-11D0-8D11-00A0C91BC942}") = "Proj10.4", "Proj10.4\Proj10.4.vcxproj", "{A4E80741-12FC-4255-91D5-B66FD2830DC4}"
EndProject
Project("{8BC9CEB8-8B4A-11D0-8D11-00A0C91BC942}") = "Proj10.5", "Proj10.5\Proj10.5.vcxproj", "{E70F9D3F-1ED2-425B-AE0D-DD222B861450}"
EndProject
Project("{8BC9CEB8-8B4A-11D0-8D11-00A0C91BC942}") = "Proj10.6", "Proj10.6\Proj10.6.vcxproj", "{5C28AD10-5C9A-48FF-9F31-895D10114242}"
EndProject
Project("{8BC9CEB8-8B4A-11D0-8D11-00A0C91BC942}") = "Proj10.7", "Proj10.7\Proj10.7.vcxproj", "{7D089D98-2B06-42A5-8460-484A14815252}"
EndProject
Project("{8BC9CEB8-8B4A-11D0-8D11-00A0C91BC942}") = "Proj10.8", "Proj10.8\Proj10.8.vcxproj", "{7BC1CF37-59A4-46F5-A599-3E6F7817735A}"
EndProject
Project("{8BC9CEB8-8B4A-11D0-8D11-00A0C91BC942}") = "Proj10.9", "Proj10.9\Proj10.9.vcxproj", "{51EBB860-B2C9-44C4-8DC0-E34613501A09}"
EndProject
Project("{8BC9CEB8-8B4A-11D0-8D11-00A0C91BC942}") = "Proj10.10", "Proj10.10\Proj10.10.vcxproj", "{49CB1DF5-DC4E-4515-9864-35CAB5F21067}"
EndProject
Project("{8BC9CEB8-8B4A-11D0-8D11-00A0C91BC942}") = "Proj10.11", "Proj10.11\Proj10.11.vcxproj", "{8857979C-2108-4EF4-99F3-E1839F96117A}"
EndProject
Project("{8BC9CEB8-8B4A-11D0-8D11-00A0C91BC942}") = "Proj10.12", "Proj10.12\Proj10.12.vcxproj", "{AA949EE7-CE43-4AB6-B6EF-1B32FE00FC66}"
EndProject
Project("{8BC9CEB8-8B4A-11D0-8D11-00A0C91BC942}") = "Proj10.13", "Proj10.13\Proj10.13.vcxproj", "{0DF524C1-2930-4DBB-96F3-B02908E768FD}"
EndProject
Project("{8BC9CEB8-8B4A-11D0-8D11-00A0C91BC942}") = "Proj10.14", "Proj10.14\Proj10.14.vcxproj", "{5FD42B3D-9A1B-4BE3-9AF6-B723CA1C7E6C}"
EndProject
Project("{8BC9CEB8-8B4A-11D0-8D11-00A0C91BC942}") = "Proj10.15", "Proj10.15\Proj10.15.vcxproj", "{2BBDE3AE-5554-4C22-9BAE-CD5BCF7988AF}"
EndProject
Project("{8BC9CEB8-8B4A-11D0-8D11-00A0C91BC942}") = "Proj10.16", "Proj10.16\Proj10.16.vcxproj", "{F9EF7184-FC99-45E6-828F-AF2A90B6B92E}"
EndProject
Project("{8BC9CEB8-8B4A-11D0-8D11-00A0C91BC942}") = "Proj10.17", "Proj10.17\Proj10.17.vcxproj", "{B37C75A1-ABA2-44F1-B421-DC60CFFB1F1D}"
EndProject
Project("{8BC9CEB8-8B4A-11D0-8D11-00A0C91BC942}") = "Proj10.18", "Proj10.18\Proj10.18.vcxproj", "{EDE7576E-ED7E-4E2B-A178-C9978818692F}"
EndProject
Global
	GlobalSection(SolutionConfigurationPlatforms) = preSolution
		Debug|x64 = Debug|x64
		Debug|x86 = Debug|x86
		Release|x64 = Release|x64
		Release|x86 = Release|x86
	EndGlobalSection
	GlobalSection(ProjectConfigurationPlatforms) = postSolution
		{402C8F10-23B9-404D-A31C-F695277B0E43}.Debug|x64.ActiveCfg = Debug|x64
		{402C8F10-23B9-404D-A31C-F695277B0E43}.Debug|x64.Build.0 = Debug|x64
		{402C8F10-23B9-404D-A31C-F695277B0E43}.Debug|x86.ActiveCfg = Debug|Win32
		{402C8F10-23B9-404D-A31C-F695277B0E43}.Debug|x86.Build.0 = Debug|Win32
		{402C8F10-23B9-404D-A31C-F695277B0E43}.Release|x64.ActiveCfg = Release|x64
		{402C8F10-23B9-404D-A31C-F695277B0E43}.Release|x64.Build.0 = Release|x64
		{402C8F10-23B9-404D-A31C-F695277B0E43}.Release|x86.ActiveCfg = Release|Win32
		{402C8F10-23B9-404D-A31C-F695277B0E43}.Release|x86.Build.0 = Release|Win32
		{7EC0FCF9-52DA-4A19-BED2-FE2A88D7E463}.Debug|x64.ActiveCfg = Debug|x64
		{7EC0FCF9-52DA-4A19-BED2-FE2A88D7E463}.Debug|x64.Build.0 = Debug|x64
		{7EC0FCF9-52DA-4A19-BED2-FE2A88D7E463}.Debug|x86.ActiveCfg = Debug|Win32
		{7EC0FCF9-52DA-4A19-BED2-FE2A88D7E463}.Debug|x86.Build.0 = Debug|Win32
		{7EC0FCF9-52DA-4A19-BED2-FE2A88D7E463}.Release|x64.ActiveCfg = Release|x64
		{7EC0FCF9-52DA-4A19-BED2-FE2A88D7E463}.Release|x64.Build.0 = Release|x64
		{7EC0FCF9-52DA-4A19-BED2-FE2A88D7E463}.Release|x86.ActiveCfg = Release|Win32
		{7EC0FCF9-52DA-4A19-BED2-FE2A88D7E463}.Release|x86.Build.0 = Release|Win32
		{2D60D3B3-96D9-410C-A3C9-EDCC5D83D585}.Debug|x64.ActiveCfg = Debug|x64
		{2D60D3B3-96D9-410C-A3C9-EDCC5D83D585}.Debug|x64.Build.0 = Debug|x64
		{2D60D3B3-96D9-410C-A3C9-EDCC5D83D585}.Debug|x86.ActiveCfg = Debug|Win32
		{2D60D3B3-96D9-410C-A3C9-EDCC5D83D585}.Debug|x86.Build.0 = Debug|Win32
		{2D60D3B3-96D9-410C-A3C9-EDCC5D83D585}.Release|x64.ActiveCfg = Release|x64
		{2D60D3B3-96D9-410C-A3C9-EDCC5D83D585}.Release|x64.Build.0 = Release|x64
		{2D60D3B3-96D9-410C-A3C9-EDCC5D83D585}.Release|x86.ActiveCfg = Release|Win32
		{2D60D3B3-96D9-410C-A3C9-EDCC5D83D585}.Release|x86.Build.0 = Release|Win32
		{A4E80741-12FC-4255-91D5-B66FD2830DC4}.Debug|x64.ActiveCfg = Debug|x64
		{A4E80741-12FC-4255-91D5-B66FD2830DC4}.Debug|x64.Build.0 = Debug|x64
		{A4E80741-12FC-4255-91D5-B66FD2830DC4}.Debug|x86.ActiveCfg = Debug|Win32
		{A4E80741-12FC-4255-91D5-B66FD2830DC4}.Debug|x86.Build.0 = Debug|Win32
		{A4E80741-12FC-4255-91D5-B66FD2830DC4}.Release|x64.ActiveCfg = Release|x64
		{A4E80741-12FC-4255-91D5-B66FD2830DC4}.Release|x64.Build.0 = Release|x64
		{A4E80741-12FC-4255-91D5-B66FD2830DC4}.Release|x86.ActiveCfg = Release|Win32
		{A4E80741-12FC-4255-91D5-B66FD2830DC4}.Release|x86.Build.0 = Release|Win32
		{E70F9D3F-1ED2-425B-AE0D-DD222B861450}.Debug|x64.ActiveCfg = Debug|x64
		{E70F9D3F-1ED2-425B-AE0D-DD222B861450}.Debug|x64.Build.0 = Debug|x64
		{E70F9D3F-1ED2-425B-AE0D-DD222B861450}.Debug|x86.ActiveCfg = Debug|Win32
		{E70F9D3F-1ED2-425B-AE0D-DD222B861450}.Debug|x86.Build.0 = Debug|Win32
		{E70F9D3F-1ED2-425B-AE0D-DD222B861450}.Release|x64.ActiveCfg = Release|x64
		{E70F9D3F-1ED2-425B-AE0D-DD222B861450}.Release|x64.Build.0 = Release|x64
		{E70F9D3F-1ED2-425B-AE0D-DD222B861450}.Release|x86.ActiveCfg = Release|Win32
		{E70F9D3F-1ED2-425B-AE0D-DD222B861450}.Release|x86.Build.0 = Release|Win32
		{5C28AD10-5C9A-48FF-9F31-895D10114242}.Debug|x64.ActiveCfg = Debug|x64
		{5C28AD10-5C9A-48FF-9F31-895D10114242}.Debug|x64.Build.0 = Debug|x64
		{5C28AD10-5C9A-48FF-9F31-895D10114242}.Debug|x86.ActiveCfg = Debug|Win32
		{5C28AD10-5C9A-48FF-9F31-895D10114242}.Debug|x86.Build.0 = Debug|Win32
		{5C28AD10-5C9A-48FF-9F31-895D10114242}.Release|x64.ActiveCfg = Release|x64
		{5C28AD10-5C9A-48FF-9F31-895D10114242}.Release|x64.Build.0 = Release|x64
		{5C28AD10-5C9A-48FF-9F31-895D10114242}.Release|x86.ActiveCfg = Release|Win32
		{5C28AD10-5C9A-48FF-9F31-895D10114242}.Release|x86.Build.0 = Release|Win32
		{7D089D98-2B06-42A5-8460-484A14815252}.Debug|x64.ActiveCfg = Debug|x64
		{7D089D98-2B06-42A5-8460-484A14815252}.Debug|x64.Build.0 = Debug|x64
		{7D089D98-2B06-42A5-8460-484A14815252}.Debug|x86.ActiveCfg = Debug|Win32
		{7D089D98-2B06-42A5-8460-484A14815252}.Debug|x86.Build.0 = Debug|Win32
		{7D089D98-2B06-42A5-8460-484A14815252}.Release|x64.ActiveCfg = Release|x64
		{7D089D98-2B06-42A5-8460-484A14815252}.Release|x64.Build.0 = Release|x64
		{7D089D98-2B06-42A5-8460-484A14815252}.Release|x86.ActiveCfg = Release|Win32
		{7D089D98-2B06-42A5-8460-484A14815252}.Release|x86.Build.0 = Release|Win32
		{7BC1CF37-59A4-46F5-A599-3E6F7817735A}.Debug|x64.ActiveCfg = Debug|x64
		{7BC1CF37-59A4-46F5-A599-3E6F7817735A}.Debug|x64.Build.0 = Debug|x64
		{7BC1CF37-59A4-46F5-A599-3E6F7817735A}.Debug|x86.ActiveCfg = Debug|Win32
		{7BC1CF37-59A4-46F5-A599-3E6F7817735A}.Debug|x86.Build.0 = Debug|Win32
		{7BC1CF37-59A4-46F5-A599-3E6F7817735A}.Release|x64.ActiveCfg = Release|x64
		{7BC1CF37-59A4-46F5-A599-3E6F7817735A}.Release|x64.Build.0 = Release|x64
		{7BC1CF37-59A4-46F5-A599-3E6F7817735A}.Release|x86.ActiveCfg = Release|Win32
		{7BC1CF37-59A4-46F5-A599-3E6F7817735A}.Release|x86.Build.0 = Release|Win32
		{51EBB860-B2C9-44C4-8DC0-E34613501A09}.Debug|x64.ActiveCfg = Debug|x64
		{51EBB860-B2C9-44C4-8DC0-E34613501A09}.Debug|x64.Build.0 = Debug|x64
		{51EBB860-B2C9-44C4-8DC0-E34613501A09}.Debug|x86.ActiveCfg = Debug|Win32
		{51EBB860-B2C9-44C4-8DC0-E34613501A09}.Debug|x86.Build.0 = Debug|Win32
		{51EBB860-B2C9-44C4-8DC0-E34613501A09}.Release|x64.ActiveCfg = Release|x64
		{51EBB860-B2C9-44C4-8DC0-E34613501A09}.Release|x64.Build.0 = Release|x64
		{51EBB860-B2C9-44C4-8DC0-E34613501A09}.Release|x86.ActiveCfg = Release|Win32
		{51EBB860-B2C9-44C4-8DC0-E34613501A09}.Release|x86.Build.0 = Release|Win32
		{49CB1DF5-DC4E-4515-9864-35CAB5F21067}.Debug|x64.ActiveCfg = Debug|x64
		{49CB1DF5-DC4E-4515-9864-35CAB5F21067}.Debug|x64.Build.0 = Debug|x64
		{49CB1DF5-DC4E-4515-9864-35CAB5F21067}.Debug|x86.ActiveCfg = Debug|Win32
		{49CB1DF5-DC4E-4515-9864-35CAB5F21067}.Debug|x86.Build.0 = Debug|Win32
		{49CB1DF5-DC4E-4515-9864-35CAB5F21067}.Release|x64.ActiveCfg = Release|x64
		{49CB1DF5-DC4E-4515-9864-35CAB5F21067}.Release|x64.Build.0 = Release|x64
		{49CB1DF5-DC4E-4515-9864-35CAB5F21067}.Release|x86.ActiveCfg = Release|Win32
		{49CB1DF5-DC4E-4515-9864-35CAB5F21067}.Release|x86.Build.0 = Release|Win32
		{8857979C-2108-4EF4-99F3-E1839F96117A}.Debug|x64.ActiveCfg = Debug|x64
		{8857979C-2108-4EF4-99F3-E1839F96117A}.Debug|x64.Build.0 = Debug|x64
		{8857979C-2108-4EF4-99F3-E1839F96117A}.Debug|x86.ActiveCfg = Debug|Win32
		{8857979C-2108-4EF4-99F3-E1839F96117A}.Debug|x86.Build.0 = Debug|Win32
		{8857979C-2108-4EF4-99F3-E1839F96117A}.Release|x64.ActiveCfg = Release|x64
		{8857979C-2108-4EF4-99F3-E1839F96117A}.Release|x64.Build.0 = Release|x64
		{8857979C-2108-4EF4-99F3-E1839F96117A}.Release|x86.ActiveCfg = Release|Win32
		{8857979C-2108-4EF4-99F3-E1839F96117A}.Release|x86.Build.0 = Release|Win32
		{AA949EE7-CE43-4AB6-B6EF-1B32FE00FC66}.Debug|x64.ActiveCfg = Debug|x64
		{AA949EE7-CE43-4AB6-B6EF-1B32FE00FC66}.Debug|x64.Build.0 = Debug|x64
		{AA949EE7-CE43-4AB6-B6EF-1B32FE00FC66}.Debug|x86.ActiveCfg = Debug|Win32
		{AA949EE7-CE43-4AB6-B6EF-1B32FE00FC66}.Debug|x86.Build.0 = Debug|Win32
		{AA949EE7-CE43-4AB6-B6EF-1B32FE00FC66}.Release|x64.ActiveCfg = Release|x64
		{AA949EE7-CE43-4AB6-B6EF-1B32FE00FC66}.Release|x64.Build.0 = Release|x64
		{AA949EE7-CE43-4AB6-B6EF-1B32FE00FC66}.Release|x86.ActiveCfg = Release|Win32
		{AA949EE7-CE43-4AB6-B6EF-1B32FE00FC66}.Release|x86.Build.0 = Release|Win32
		{0DF524C1-2930-4DBB-96F3-B02908E768FD}.Debug|x64.ActiveCfg = Debug|x64
		{0DF524C1-2930-4DBB-96F3-B02908E768FD}.Debug|x64.Build.0 = Debug|x64
		{0DF524C1-2930-4DBB-96F3-B02908E768FD}.Debug|x86.ActiveCfg = Debug|Win32
		{0DF524C1-2930-4DBB-96F3-B02908E768FD}.Debug|x86.Build.0 = Debug|Win32
		{0DF524C1-2930-4DBB-96F3-B02908E768FD}.Release|x64.ActiveCfg = Release|x64
		{0DF524C1-2930-4DBB-96F3-B02908E768FD}.Release|x64.Build.0 = Release|x64
		{0DF524C1-2930-4DBB-96F3-B02908E768FD}.Release|x86.ActiveCfg = Release|Win32
		{0DF524C1-2930-4DBB-96F3-B02908E768FD}.Release|x86.Build.0 = Release|Win32
		{5FD42B3D-9A1B-4BE3-9AF6-B723CA1C7E6C}.Debug|x64.ActiveCfg = Debug|x64
		{5FD42B3D-9A1B-4BE3-9AF6-B723CA1C7E6C}.Debug|x64.Build.0 = Debug|x64
		{5FD42B3D-9A1B-4BE3-9AF6-B723CA1C7E6C}.Debug|x86.ActiveCfg = Debug|Win32
		{5FD42B3D-9A1B-4BE3-9AF6-B723CA1C7E6C}.Debug|x86.Build.0 = Debug|Win32
		{5FD42B3D-9A1B-4BE3-9AF6-B723CA1C7E6C}.Release|x64.ActiveCfg = Release|x64
		{5FD42B3D-9A1B-4BE3-9AF6-B723CA1C7E6C}.Release|x64.Build.0 = Release|x64
		{5FD42B3D-9A1B-4BE3-9AF6-B723CA1C7E6C}.Release|x86.ActiveCfg = Release|Win32
		{5FD42B3D-9A1B-4BE3-9AF6-B723CA1C7E6C}.Release|x86.Build.0 = Release|Win32
		{2BBDE3AE-5554-4C22-9BAE-CD5BCF7988AF}.Debug|x64.ActiveCfg = Debug|x64
		{2BBDE3AE-5554-4C22-9BAE-CD5BCF7988AF}.Debug|x64.Build.0 = Debug|x64
		{2BBDE3AE-5554-4C22-9BAE-CD5BCF7988AF}.Debug|x86.ActiveCfg = Debug|Win32
		{2BBDE3AE-5554-4C22-9BAE-CD5BCF7988AF}.Debug|x86.Build.0 = Debug|Win32
		{2BBDE3AE-5554-4C22-9BAE-CD5BCF7988AF}.Release|x64.ActiveCfg = Release|x64
		{2BBDE3AE-5554-4C22-9BAE-CD5BCF7988AF}.Release|x64.Build.0 = Release|x64
		{2BBDE3AE-5554-4C22-9BAE-CD5BCF7988AF}.Release|x86.ActiveCfg = Release|Win32
		{2BBDE3AE-5554-4C22-9BAE-CD5BCF7988AF}.Release|x86.Build.0 = Release|Win32
		{F9EF7184-FC99-45E6-828F-AF2A90B6B92E}.Debug|x64.ActiveCfg = Debug|x64
		{F9EF7184-FC99-45E6-828F-AF2A90B6B92E}.Debug|x64.Build.0 = Debug|x64
		{F9EF7184-FC99-45E6-828F-AF2A90B6B92E}.Debug|x86.ActiveCfg = Debug|Win32
		{F9EF7184-FC99-45E6-828F-AF2A90B6B92E}.Debug|x86.Build.0 = Debug|Win32
		{F9EF7184-FC99-45E6-828F-AF2A90B6B92E}.Release|x64.ActiveCfg = Release|x64
		{F9EF7184-FC99-45E6-828F-AF2A90B6B92E}.Release|x64.Build.0 = Release|x64
		{F9EF7184-FC99-45E6-828F-AF2A90B6B92E}.Release|x86.ActiveCfg = Release|Win32
		{F9EF7184-FC99-45E6-828F-AF2A90B6B92E}.Release|x86.Build.0 = Release|Win32
		{B37C75A1-ABA2-44F1-B421-DC60CFFB1F1D}.Debug|x64.ActiveCfg = Debug|x64
		{B37C75A1-ABA2-44F1-B421-DC60CFFB1F1D}.Debug|x64.Build.0 = Debug|x64
		{B37C75A1-ABA2-44F1-B421-DC60CFFB1F1D}.Debug|x86.ActiveCfg = Debug|Win32
		{B37C75A1-ABA2-44F1-B421-DC60CFFB1F1D}.Debug|x86.Build.0 = Debug|Win32
		{B37C75A1-ABA2-44F1-B421-DC60CFFB1F1D}.Release|x64.ActiveCfg = Release|x64
		{B37C75A1-ABA2-44F1-B421-DC60CFFB1F1D}.Release|x64.Build.0 = Release|x64
		{B37C75A1-ABA2-44F1-B421-DC60CFFB1F1D}.Release|x86.ActiveCfg = Release|Win32
		{B37C75A1-ABA2-44F1-B421-DC60CFFB1F1D}.Release|x86.Build.0 = Release|Win32
		{EDE7576E-ED7E-4E2B-A178-C9978818692F}.Debug|x64.ActiveCfg = Debug|x64
		{EDE7576E-ED7E-4E2B-A178-C9978818692F}.Debug|x64.Build.0 = Debug|x64
		{EDE7576E-ED7E-4E2B-A178-C9978818692F}.Debug|x86.ActiveCfg = Debug|Win32
		{EDE7576E-ED7E-4E2B-A178-C9978818692F}.Debug|x86.Build.0 = Debug|Win32
		{EDE7576E-ED7E-4E2B-A178-C9978818692F}.Release|x64.ActiveCfg = Release|x64
		{EDE7576E-ED7E-4E2B-A178-C9978818692F}.Release|x64.Build.0 = Release|x64
		{EDE7576E-ED7E-4E2B-A178-C9978818692F}.Release|x86.ActiveCfg = Release|Win32
		{EDE7576E-ED7E-4E2B-A178-C9978818692F}.Release|x86.Build.0 = Release|Win32
	EndGlobalSection
	GlobalSection(SolutionProperties) = preSolution
		HideSolutionNode = FALSE
	EndGlobalSection
	GlobalSection(ExtensibilityGlobals) = postSolution
		SolutionGuid = {65C350BA-64F4-49E1-BA5E-23C8E102E701}
	EndGlobalSection
EndGlobal
