
Microsoft Visual Studio Solution File, Format Version 12.00
# Visual Studio Version 16
VisualStudioVersion = 16.0.32002.261
MinimumVisualStudioVersion = 10.0.40219.1
Project("{8BC9CEB8-8B4A-11D0-8D11-00A0C91BC942}") = "Proj4.1", "Proj4.1\Proj4.1.vcxproj", "{13A8A7F4-FADA-483E-9201-FE7D08756632}"
EndProject
Project("{8BC9CEB8-8B4A-11D0-8D11-00A0C91BC942}") = "Proj4.2", "Proj4.2\Proj4.2.vcxproj", "{CE4DB265-1155-4E60-B259-8A424ED36F49}"
EndProject
Project("{8BC9CEB8-8B4A-11D0-8D11-00A0C91BC942}") = "Proj4.3", "Proj4.3\Proj4.3.vcxproj", "{17108768-4992-4A48-B5AD-B82310B07E2E}"
EndProject
Project("{8BC9CEB8-8B4A-11D0-8D11-00A0C91BC942}") = "Proj4.4", "Proj4.4\Proj4.4.vcxproj", "{FB59A228-A981-477E-A143-4DE63F48141B}"
EndProject
Project("{8BC9CEB8-8B4A-11D0-8D11-00A0C91BC942}") = "Proj4.5", "Proj4.5\Proj4.5.vcxproj", "{828538A7-C9CE-4BBD-96CE-E7793837F7D2}"
EndProject
Project("{8BC9CEB8-8B4A-11D0-8D11-00A0C91BC942}") = "Proj4.6", "Proj4.6\Proj4.6.vcxproj", "{1AFF507E-A6FD-405F-9AD2-E47954FD7A6A}"
EndProject
Project("{8BC9CEB8-8B4A-11D0-8D11-00A0C91BC942}") = "Proj4.7", "Proj4.7\Proj4.7.vcxproj", "{DE28CD40-22D7-4E05-BD27-2089C16AF8B5}"
EndProject
Project("{8BC9CEB8-8B4A-11D0-8D11-00A0C91BC942}") = "Proj4.8", "Proj4.8\Proj4.8.vcxproj", "{32A94403-F7BB-4405-AA40-BBA280C46C06}"
EndProject
Project("{8BC9CEB8-8B4A-11D0-8D11-00A0C91BC942}") = "Proj4.9", "Proj4.9\Proj4.9.vcxproj", "{2D5635DB-15D8-40E6-8D70-EF84DDB3EE4D}"
EndProject
Project("{8BC9CEB8-8B4A-11D0-8D11-00A0C91BC942}") = "Proj4.10", "Proj4.10\Proj4.10.vcxproj", "{0ED7EAD3-5B0B-4EA7-B375-97F0BD9FD348}"
EndProject
Global
	GlobalSection(SolutionConfigurationPlatforms) = preSolution
		Debug|x64 = Debug|x64
		Debug|x86 = Debug|x86
		Release|x64 = Release|x64
		Release|x86 = Release|x86
	EndGlobalSection
	GlobalSection(ProjectConfigurationPlatforms) = postSolution
		{13A8A7F4-FADA-483E-9201-FE7D08756632}.Debug|x64.ActiveCfg = Debug|x64
		{13A8A7F4-FADA-483E-9201-FE7D08756632}.Debug|x64.Build.0 = Debug|x64
		{13A8A7F4-FADA-483E-9201-FE7D08756632}.Debug|x86.ActiveCfg = Debug|Win32
		{13A8A7F4-FADA-483E-9201-FE7D08756632}.Debug|x86.Build.0 = Debug|Win32
		{13A8A7F4-FADA-483E-9201-FE7D08756632}.Release|x64.ActiveCfg = Release|x64
		{13A8A7F4-FADA-483E-9201-FE7D08756632}.Release|x64.Build.0 = Release|x64
		{13A8A7F4-FADA-483E-9201-FE7D08756632}.Release|x86.ActiveCfg = Release|Win32
		{13A8A7F4-FADA-483E-9201-FE7D08756632}.Release|x86.Build.0 = Release|Win32
		{CE4DB265-1155-4E60-B259-8A424ED36F49}.Debug|x64.ActiveCfg = Debug|x64
		{CE4DB265-1155-4E60-B259-8A424ED36F49}.Debug|x64.Build.0 = Debug|x64
		{CE4DB265-1155-4E60-B259-8A424ED36F49}.Debug|x86.ActiveCfg = Debug|Win32
		{CE4DB265-1155-4E60-B259-8A424ED36F49}.Debug|x86.Build.0 = Debug|Win32
		{CE4DB265-1155-4E60-B259-8A424ED36F49}.Release|x64.ActiveCfg = Release|x64
		{CE4DB265-1155-4E60-B259-8A424ED36F49}.Release|x64.Build.0 = Release|x64
		{CE4DB265-1155-4E60-B259-8A424ED36F49}.Release|x86.ActiveCfg = Release|Win32
		{CE4DB265-1155-4E60-B259-8A424ED36F49}.Release|x86.Build.0 = Release|Win32
		{17108768-4992-4A48-B5AD-B82310B07E2E}.Debug|x64.ActiveCfg = Debug|x64
		{17108768-4992-4A48-B5AD-B82310B07E2E}.Debug|x64.Build.0 = Debug|x64
		{17108768-4992-4A48-B5AD-B82310B07E2E}.Debug|x86.ActiveCfg = Debug|Win32
		{17108768-4992-4A48-B5AD-B82310B07E2E}.Debug|x86.Build.0 = Debug|Win32
		{17108768-4992-4A48-B5AD-B82310B07E2E}.Release|x64.ActiveCfg = Release|x64
		{17108768-4992-4A48-B5AD-B82310B07E2E}.Release|x64.Build.0 = Release|x64
		{17108768-4992-4A48-B5AD-B82310B07E2E}.Release|x86.ActiveCfg = Release|Win32
		{17108768-4992-4A48-B5AD-B82310B07E2E}.Release|x86.Build.0 = Release|Win32
		{FB59A228-A981-477E-A143-4DE63F48141B}.Debug|x64.ActiveCfg = Debug|x64
		{FB59A228-A981-477E-A143-4DE63F48141B}.Debug|x64.Build.0 = Debug|x64
		{FB59A228-A981-477E-A143-4DE63F48141B}.Debug|x86.ActiveCfg = Debug|Win32
		{FB59A228-A981-477E-A143-4DE63F48141B}.Debug|x86.Build.0 = Debug|Win32
		{FB59A228-A981-477E-A143-4DE63F48141B}.Release|x64.ActiveCfg = Release|x64
		{FB59A228-A981-477E-A143-4DE63F48141B}.Release|x64.Build.0 = Release|x64
		{FB59A228-A981-477E-A143-4DE63F48141B}.Release|x86.ActiveCfg = Release|Win32
		{FB59A228-A981-477E-A143-4DE63F48141B}.Release|x86.Build.0 = Release|Win32
		{828538A7-C9CE-4BBD-96CE-E7793837F7D2}.Debug|x64.ActiveCfg = Debug|x64
		{828538A7-C9CE-4BBD-96CE-E7793837F7D2}.Debug|x64.Build.0 = Debug|x64
		{828538A7-C9CE-4BBD-96CE-E7793837F7D2}.Debug|x86.ActiveCfg = Debug|Win32
		{828538A7-C9CE-4BBD-96CE-E7793837F7D2}.Debug|x86.Build.0 = Debug|Win32
		{828538A7-C9CE-4BBD-96CE-E7793837F7D2}.Release|x64.ActiveCfg = Release|x64
		{828538A7-C9CE-4BBD-96CE-E7793837F7D2}.Release|x64.Build.0 = Release|x64
		{828538A7-C9CE-4BBD-96CE-E7793837F7D2}.Release|x86.ActiveCfg = Release|Win32
		{828538A7-C9CE-4BBD-96CE-E7793837F7D2}.Release|x86.Build.0 = Release|Win32
		{1AFF507E-A6FD-405F-9AD2-E47954FD7A6A}.Debug|x64.ActiveCfg = Debug|x64
		{1AFF507E-A6FD-405F-9AD2-E47954FD7A6A}.Debug|x64.Build.0 = Debug|x64
		{1AFF507E-A6FD-405F-9AD2-E47954FD7A6A}.Debug|x86.ActiveCfg = Debug|Win32
		{1AFF507E-A6FD-405F-9AD2-E47954FD7A6A}.Debug|x86.Build.0 = Debug|Win32
		{1AFF507E-A6FD-405F-9AD2-E47954FD7A6A}.Release|x64.ActiveCfg = Release|x64
		{1AFF507E-A6FD-405F-9AD2-E47954FD7A6A}.Release|x64.Build.0 = Release|x64
		{1AFF507E-A6FD-405F-9AD2-E47954FD7A6A}.Release|x86.ActiveCfg = Release|Win32
		{1AFF507E-A6FD-405F-9AD2-E47954FD7A6A}.Release|x86.Build.0 = Release|Win32
		{DE28CD40-22D7-4E05-BD27-2089C16AF8B5}.Debug|x64.ActiveCfg = Debug|x64
		{DE28CD40-22D7-4E05-BD27-2089C16AF8B5}.Debug|x64.Build.0 = Debug|x64
		{DE28CD40-22D7-4E05-BD27-2089C16AF8B5}.Debug|x86.ActiveCfg = Debug|Win32
		{DE28CD40-22D7-4E05-BD27-2089C16AF8B5}.Debug|x86.Build.0 = Debug|Win32
		{DE28CD40-22D7-4E05-BD27-2089C16AF8B5}.Release|x64.ActiveCfg = Release|x64
		{DE28CD40-22D7-4E05-BD27-2089C16AF8B5}.Release|x64.Build.0 = Release|x64
		{DE28CD40-22D7-4E05-BD27-2089C16AF8B5}.Release|x86.ActiveCfg = Release|Win32
		{DE28CD40-22D7-4E05-BD27-2089C16AF8B5}.Release|x86.Build.0 = Release|Win32
		{32A94403-F7BB-4405-AA40-BBA280C46C06}.Debug|x64.ActiveCfg = Debug|x64
		{32A94403-F7BB-4405-AA40-BBA280C46C06}.Debug|x64.Build.0 = Debug|x64
		{32A94403-F7BB-4405-AA40-BBA280C46C06}.Debug|x86.ActiveCfg = Debug|Win32
		{32A94403-F7BB-4405-AA40-BBA280C46C06}.Debug|x86.Build.0 = Debug|Win32
		{32A94403-F7BB-4405-AA40-BBA280C46C06}.Release|x64.ActiveCfg = Release|x64
		{32A94403-F7BB-4405-AA40-BBA280C46C06}.Release|x64.Build.0 = Release|x64
		{32A94403-F7BB-4405-AA40-BBA280C46C06}.Release|x86.ActiveCfg = Release|Win32
		{32A94403-F7BB-4405-AA40-BBA280C46C06}.Release|x86.Build.0 = Release|Win32
		{2D5635DB-15D8-40E6-8D70-EF84DDB3EE4D}.Debug|x64.ActiveCfg = Debug|x64
		{2D5635DB-15D8-40E6-8D70-EF84DDB3EE4D}.Debug|x64.Build.0 = Debug|x64
		{2D5635DB-15D8-40E6-8D70-EF84DDB3EE4D}.Debug|x86.ActiveCfg = Debug|Win32
		{2D5635DB-15D8-40E6-8D70-EF84DDB3EE4D}.Debug|x86.Build.0 = Debug|Win32
		{2D5635DB-15D8-40E6-8D70-EF84DDB3EE4D}.Release|x64.ActiveCfg = Release|x64
		{2D5635DB-15D8-40E6-8D70-EF84DDB3EE4D}.Release|x64.Build.0 = Release|x64
		{2D5635DB-15D8-40E6-8D70-EF84DDB3EE4D}.Release|x86.ActiveCfg = Release|Win32
		{2D5635DB-15D8-40E6-8D70-EF84DDB3EE4D}.Release|x86.Build.0 = Release|Win32
		{0ED7EAD3-5B0B-4EA7-B375-97F0BD9FD348}.Debug|x64.ActiveCfg = Debug|x64
		{0ED7EAD3-5B0B-4EA7-B375-97F0BD9FD348}.Debug|x64.Build.0 = Debug|x64
		{0ED7EAD3-5B0B-4EA7-B375-97F0BD9FD348}.Debug|x86.ActiveCfg = Debug|Win32
		{0ED7EAD3-5B0B-4EA7-B375-97F0BD9FD348}.Debug|x86.Build.0 = Debug|Win32
		{0ED7EAD3-5B0B-4EA7-B375-97F0BD9FD348}.Release|x64.ActiveCfg = Release|x64
		{0ED7EAD3-5B0B-4EA7-B375-97F0BD9FD348}.Release|x64.Build.0 = Release|x64
		{0ED7EAD3-5B0B-4EA7-B375-97F0BD9FD348}.Release|x86.ActiveCfg = Release|Win32
		{0ED7EAD3-5B0B-4EA7-B375-97F0BD9FD348}.Release|x86.Build.0 = Release|Win32
	EndGlobalSection
	GlobalSection(SolutionProperties) = preSolution
		HideSolutionNode = FALSE
	EndGlobalSection
	GlobalSection(ExtensibilityGlobals) = postSolution
		SolutionGuid = {38C36DDB-325E-41E4-80B4-60F4E3C995C3}
	EndGlobalSection
EndGlobal
