
Microsoft Visual Studio Solution File, Format Version 12.00
# Visual Studio Version 16
VisualStudioVersion = 16.0.32002.261
MinimumVisualStudioVersion = 10.0.40219.1
Project("{8BC9CEB8-8B4A-11D0-8D11-00A0C91BC942}") = "Proj9.1", "Proj9.1\Proj9.1.vcxproj", "{0E19AA77-6714-4889-BFF4-110EC77C9883}"
EndProject
Project("{8BC9CEB8-8B4A-11D0-8D11-00A0C91BC942}") = "Proj9.2", "Proj9.2\Proj9.2.vcxproj", "{F9B269C9-4522-445A-80CC-D65441EEB152}"
EndProject
Project("{8BC9CEB8-8B4A-11D0-8D11-00A0C91BC942}") = "Proj9.3", "Proj9.3\Proj9.3.vcxproj", "{90F9F966-6B51-49C1-A1B5-819AC78FAF15}"
EndProject
Project("{8BC9CEB8-8B4A-11D0-8D11-00A0C91BC942}") = "Proj9.4", "Proj9.4\Proj9.4.vcxproj", "{CD8E5AD8-2FB0-444C-9DE4-884309F384C7}"
EndProject
Project("{8BC9CEB8-8B4A-11D0-8D11-00A0C91BC942}") = "Proj9.5", "Proj9.5\Proj9.5.vcxproj", "{165199A4-5A60-48EE-9023-97BD07BECCF5}"
EndProject
Project("{8BC9CEB8-8B4A-11D0-8D11-00A0C91BC942}") = "Proj9.6", "Proj9.6\Proj9.6.vcxproj", "{5EF66A7F-9BE7-4346-BC66-F42A2409B6CB}"
EndProject
Project("{8BC9CEB8-8B4A-11D0-8D11-00A0C91BC942}") = "Proj9.7", "Proj9.7\Proj9.7.vcxproj", "{9A79F2AC-09A6-458E-A9E2-15D1166A5E37}"
EndProject
Project("{8BC9CEB8-8B4A-11D0-8D11-00A0C91BC942}") = "Proj9.8", "Proj9.8\Proj9.8.vcxproj", "{E624BED2-6374-46E7-890D-4E198482D293}"
EndProject
Project("{8BC9CEB8-8B4A-11D0-8D11-00A0C91BC942}") = "Proj9.9", "Proj9.9\Proj9.9.vcxproj", "{4C9FE280-CC94-472A-976A-62ADEFE2BA79}"
EndProject
Project("{8BC9CEB8-8B4A-11D0-8D11-00A0C91BC942}") = "Proj9.10", "Proj9.10\Proj9.10.vcxproj", "{E63E21D5-E56E-4E66-8C9C-FF1247DABAEC}"
EndProject
Project("{8BC9CEB8-8B4A-11D0-8D11-00A0C91BC942}") = "Proj9.11", "Proj9.11\Proj9.11.vcxproj", "{CC065DD4-598B-41C5-9DC5-9A3688913B61}"
EndProject
Project("{8BC9CEB8-8B4A-11D0-8D11-00A0C91BC942}") = "Proj9.12", "Proj9.12\Proj9.12.vcxproj", "{C8D248C0-1F9C-4C77-9DD4-12BAA6EFA93C}"
EndProject
Project("{8BC9CEB8-8B4A-11D0-8D11-00A0C91BC942}") = "Proj9.13", "Proj9.13\Proj9.13.vcxproj", "{B9D34939-72CF-4756-A2BC-92355A5C4255}"
EndProject
Project("{8BC9CEB8-8B4A-11D0-8D11-00A0C91BC942}") = "Proj9.14", "Proj9.14\Proj9.14.vcxproj", "{010683FF-3CA6-4ADF-BD77-F33DA60DB03E}"
EndProject
Project("{8BC9CEB8-8B4A-11D0-8D11-00A0C91BC942}") = "Proj9.15", "Proj9.15\Proj9.15.vcxproj", "{176F3CCD-55C1-48FC-8D8B-2FDE4C01DCE1}"
EndProject
Project("{8BC9CEB8-8B4A-11D0-8D11-00A0C91BC942}") = "Proj9.16", "Proj9.16\Proj9.16.vcxproj", "{E7DC0557-6E5E-489A-A048-50F3CC65F6CE}"
EndProject
Project("{8BC9CEB8-8B4A-11D0-8D11-00A0C91BC942}") = "Proj9.17", "Proj9.17\Proj9.17.vcxproj", "{B388C97F-F51B-4E7F-9132-190BCA71F53E}"
EndProject
Project("{8BC9CEB8-8B4A-11D0-8D11-00A0C91BC942}") = "Proj9.18", "Proj9.18\Proj9.18.vcxproj", "{FC828890-58AC-4002-8B58-4164AA93AD94}"
EndProject
Global
	GlobalSection(SolutionConfigurationPlatforms) = preSolution
		Debug|x64 = Debug|x64
		Debug|x86 = Debug|x86
		Release|x64 = Release|x64
		Release|x86 = Release|x86
	EndGlobalSection
	GlobalSection(ProjectConfigurationPlatforms) = postSolution
		{0E19AA77-6714-4889-BFF4-110EC77C9883}.Debug|x64.ActiveCfg = Debug|x64
		{0E19AA77-6714-4889-BFF4-110EC77C9883}.Debug|x64.Build.0 = Debug|x64
		{0E19AA77-6714-4889-BFF4-110EC77C9883}.Debug|x86.ActiveCfg = Debug|Win32
		{0E19AA77-6714-4889-BFF4-110EC77C9883}.Debug|x86.Build.0 = Debug|Win32
		{0E19AA77-6714-4889-BFF4-110EC77C9883}.Release|x64.ActiveCfg = Release|x64
		{0E19AA77-6714-4889-BFF4-110EC77C9883}.Release|x64.Build.0 = Release|x64
		{0E19AA77-6714-4889-BFF4-110EC77C9883}.Release|x86.ActiveCfg = Release|Win32
		{0E19AA77-6714-4889-BFF4-110EC77C9883}.Release|x86.Build.0 = Release|Win32
		{F9B269C9-4522-445A-80CC-D65441EEB152}.Debug|x64.ActiveCfg = Debug|x64
		{F9B269C9-4522-445A-80CC-D65441EEB152}.Debug|x64.Build.0 = Debug|x64
		{F9B269C9-4522-445A-80CC-D65441EEB152}.Debug|x86.ActiveCfg = Debug|Win32
		{F9B269C9-4522-445A-80CC-D65441EEB152}.Debug|x86.Build.0 = Debug|Win32
		{F9B269C9-4522-445A-80CC-D65441EEB152}.Release|x64.ActiveCfg = Release|x64
		{F9B269C9-4522-445A-80CC-D65441EEB152}.Release|x64.Build.0 = Release|x64
		{F9B269C9-4522-445A-80CC-D65441EEB152}.Release|x86.ActiveCfg = Release|Win32
		{F9B269C9-4522-445A-80CC-D65441EEB152}.Release|x86.Build.0 = Release|Win32
		{90F9F966-6B51-49C1-A1B5-819AC78FAF15}.Debug|x64.ActiveCfg = Debug|x64
		{90F9F966-6B51-49C1-A1B5-819AC78FAF15}.Debug|x64.Build.0 = Debug|x64
		{90F9F966-6B51-49C1-A1B5-819AC78FAF15}.Debug|x86.ActiveCfg = Debug|Win32
		{90F9F966-6B51-49C1-A1B5-819AC78FAF15}.Debug|x86.Build.0 = Debug|Win32
		{90F9F966-6B51-49C1-A1B5-819AC78FAF15}.Release|x64.ActiveCfg = Release|x64
		{90F9F966-6B51-49C1-A1B5-819AC78FAF15}.Release|x64.Build.0 = Release|x64
		{90F9F966-6B51-49C1-A1B5-819AC78FAF15}.Release|x86.ActiveCfg = Release|Win32
		{90F9F966-6B51-49C1-A1B5-819AC78FAF15}.Release|x86.Build.0 = Release|Win32
		{CD8E5AD8-2FB0-444C-9DE4-884309F384C7}.Debug|x64.ActiveCfg = Debug|x64
		{CD8E5AD8-2FB0-444C-9DE4-884309F384C7}.Debug|x64.Build.0 = Debug|x64
		{CD8E5AD8-2FB0-444C-9DE4-884309F384C7}.Debug|x86.ActiveCfg = Debug|Win32
		{CD8E5AD8-2FB0-444C-9DE4-884309F384C7}.Debug|x86.Build.0 = Debug|Win32
		{CD8E5AD8-2FB0-444C-9DE4-884309F384C7}.Release|x64.ActiveCfg = Release|x64
		{CD8E5AD8-2FB0-444C-9DE4-884309F384C7}.Release|x64.Build.0 = Release|x64
		{CD8E5AD8-2FB0-444C-9DE4-884309F384C7}.Release|x86.ActiveCfg = Release|Win32
		{CD8E5AD8-2FB0-444C-9DE4-884309F384C7}.Release|x86.Build.0 = Release|Win32
		{165199A4-5A60-48EE-9023-97BD07BECCF5}.Debug|x64.ActiveCfg = Debug|x64
		{165199A4-5A60-48EE-9023-97BD07BECCF5}.Debug|x64.Build.0 = Debug|x64
		{165199A4-5A60-48EE-9023-97BD07BECCF5}.Debug|x86.ActiveCfg = Debug|Win32
		{165199A4-5A60-48EE-9023-97BD07BECCF5}.Debug|x86.Build.0 = Debug|Win32
		{165199A4-5A60-48EE-9023-97BD07BECCF5}.Release|x64.ActiveCfg = Release|x64
		{165199A4-5A60-48EE-9023-97BD07BECCF5}.Release|x64.Build.0 = Release|x64
		{165199A4-5A60-48EE-9023-97BD07BECCF5}.Release|x86.ActiveCfg = Release|Win32
		{165199A4-5A60-48EE-9023-97BD07BECCF5}.Release|x86.Build.0 = Release|Win32
		{5EF66A7F-9BE7-4346-BC66-F42A2409B6CB}.Debug|x64.ActiveCfg = Debug|x64
		{5EF66A7F-9BE7-4346-BC66-F42A2409B6CB}.Debug|x64.Build.0 = Debug|x64
		{5EF66A7F-9BE7-4346-BC66-F42A2409B6CB}.Debug|x86.ActiveCfg = Debug|Win32
		{5EF66A7F-9BE7-4346-BC66-F42A2409B6CB}.Debug|x86.Build.0 = Debug|Win32
		{5EF66A7F-9BE7-4346-BC66-F42A2409B6CB}.Release|x64.ActiveCfg = Release|x64
		{5EF66A7F-9BE7-4346-BC66-F42A2409B6CB}.Release|x64.Build.0 = Release|x64
		{5EF66A7F-9BE7-4346-BC66-F42A2409B6CB}.Release|x86.ActiveCfg = Release|Win32
		{5EF66A7F-9BE7-4346-BC66-F42A2409B6CB}.Release|x86.Build.0 = Release|Win32
		{9A79F2AC-09A6-458E-A9E2-15D1166A5E37}.Debug|x64.ActiveCfg = Debug|x64
		{9A79F2AC-09A6-458E-A9E2-15D1166A5E37}.Debug|x64.Build.0 = Debug|x64
		{9A79F2AC-09A6-458E-A9E2-15D1166A5E37}.Debug|x86.ActiveCfg = Debug|Win32
		{9A79F2AC-09A6-458E-A9E2-15D1166A5E37}.Debug|x86.Build.0 = Debug|Win32
		{9A79F2AC-09A6-458E-A9E2-15D1166A5E37}.Release|x64.ActiveCfg = Release|x64
		{9A79F2AC-09A6-458E-A9E2-15D1166A5E37}.Release|x64.Build.0 = Release|x64
		{9A79F2AC-09A6-458E-A9E2-15D1166A5E37}.Release|x86.ActiveCfg = Release|Win32
		{9A79F2AC-09A6-458E-A9E2-15D1166A5E37}.Release|x86.Build.0 = Release|Win32
		{E624BED2-6374-46E7-890D-4E198482D293}.Debug|x64.ActiveCfg = Debug|x64
		{E624BED2-6374-46E7-890D-4E198482D293}.Debug|x64.Build.0 = Debug|x64
		{E624BED2-6374-46E7-890D-4E198482D293}.Debug|x86.ActiveCfg = Debug|Win32
		{E624BED2-6374-46E7-890D-4E198482D293}.Debug|x86.Build.0 = Debug|Win32
		{E624BED2-6374-46E7-890D-4E198482D293}.Release|x64.ActiveCfg = Release|x64
		{E624BED2-6374-46E7-890D-4E198482D293}.Release|x64.Build.0 = Release|x64
		{E624BED2-6374-46E7-890D-4E198482D293}.Release|x86.ActiveCfg = Release|Win32
		{E624BED2-6374-46E7-890D-4E198482D293}.Release|x86.Build.0 = Release|Win32
		{4C9FE280-CC94-472A-976A-62ADEFE2BA79}.Debug|x64.ActiveCfg = Debug|x64
		{4C9FE280-CC94-472A-976A-62ADEFE2BA79}.Debug|x64.Build.0 = Debug|x64
		{4C9FE280-CC94-472A-976A-62ADEFE2BA79}.Debug|x86.ActiveCfg = Debug|Win32
		{4C9FE280-CC94-472A-976A-62ADEFE2BA79}.Debug|x86.Build.0 = Debug|Win32
		{4C9FE280-CC94-472A-976A-62ADEFE2BA79}.Release|x64.ActiveCfg = Release|x64
		{4C9FE280-CC94-472A-976A-62ADEFE2BA79}.Release|x64.Build.0 = Release|x64
		{4C9FE280-CC94-472A-976A-62ADEFE2BA79}.Release|x86.ActiveCfg = Release|Win32
		{4C9FE280-CC94-472A-976A-62ADEFE2BA79}.Release|x86.Build.0 = Release|Win32
		{E63E21D5-E56E-4E66-8C9C-FF1247DABAEC}.Debug|x64.ActiveCfg = Debug|x64
		{E63E21D5-E56E-4E66-8C9C-FF1247DABAEC}.Debug|x64.Build.0 = Debug|x64
		{E63E21D5-E56E-4E66-8C9C-FF1247DABAEC}.Debug|x86.ActiveCfg = Debug|Win32
		{E63E21D5-E56E-4E66-8C9C-FF1247DABAEC}.Debug|x86.Build.0 = Debug|Win32
		{E63E21D5-E56E-4E66-8C9C-FF1247DABAEC}.Release|x64.ActiveCfg = Release|x64
		{E63E21D5-E56E-4E66-8C9C-FF1247DABAEC}.Release|x64.Build.0 = Release|x64
		{E63E21D5-E56E-4E66-8C9C-FF1247DABAEC}.Release|x86.ActiveCfg = Release|Win32
		{E63E21D5-E56E-4E66-8C9C-FF1247DABAEC}.Release|x86.Build.0 = Release|Win32
		{CC065DD4-598B-41C5-9DC5-9A3688913B61}.Debug|x64.ActiveCfg = Debug|x64
		{CC065DD4-598B-41C5-9DC5-9A3688913B61}.Debug|x64.Build.0 = Debug|x64
		{CC065DD4-598B-41C5-9DC5-9A3688913B61}.Debug|x86.ActiveCfg = Debug|Win32
		{CC065DD4-598B-41C5-9DC5-9A3688913B61}.Debug|x86.Build.0 = Debug|Win32
		{CC065DD4-598B-41C5-9DC5-9A3688913B61}.Release|x64.ActiveCfg = Release|x64
		{CC065DD4-598B-41C5-9DC5-9A3688913B61}.Release|x64.Build.0 = Release|x64
		{CC065DD4-598B-41C5-9DC5-9A3688913B61}.Release|x86.ActiveCfg = Release|Win32
		{CC065DD4-598B-41C5-9DC5-9A3688913B61}.Release|x86.Build.0 = Release|Win32
		{C8D248C0-1F9C-4C77-9DD4-12BAA6EFA93C}.Debug|x64.ActiveCfg = Debug|x64
		{C8D248C0-1F9C-4C77-9DD4-12BAA6EFA93C}.Debug|x64.Build.0 = Debug|x64
		{C8D248C0-1F9C-4C77-9DD4-12BAA6EFA93C}.Debug|x86.ActiveCfg = Debug|Win32
		{C8D248C0-1F9C-4C77-9DD4-12BAA6EFA93C}.Debug|x86.Build.0 = Debug|Win32
		{C8D248C0-1F9C-4C77-9DD4-12BAA6EFA93C}.Release|x64.ActiveCfg = Release|x64
		{C8D248C0-1F9C-4C77-9DD4-12BAA6EFA93C}.Release|x64.Build.0 = Release|x64
		{C8D248C0-1F9C-4C77-9DD4-12BAA6EFA93C}.Release|x86.ActiveCfg = Release|Win32
		{C8D248C0-1F9C-4C77-9DD4-12BAA6EFA93C}.Release|x86.Build.0 = Release|Win32
		{B9D34939-72CF-4756-A2BC-92355A5C4255}.Debug|x64.ActiveCfg = Debug|x64
		{B9D34939-72CF-4756-A2BC-92355A5C4255}.Debug|x64.Build.0 = Debug|x64
		{B9D34939-72CF-4756-A2BC-92355A5C4255}.Debug|x86.ActiveCfg = Debug|Win32
		{B9D34939-72CF-4756-A2BC-92355A5C4255}.Debug|x86.Build.0 = Debug|Win32
		{B9D34939-72CF-4756-A2BC-92355A5C4255}.Release|x64.ActiveCfg = Release|x64
		{B9D34939-72CF-4756-A2BC-92355A5C4255}.Release|x64.Build.0 = Release|x64
		{B9D34939-72CF-4756-A2BC-92355A5C4255}.Release|x86.ActiveCfg = Release|Win32
		{B9D34939-72CF-4756-A2BC-92355A5C4255}.Release|x86.Build.0 = Release|Win32
		{010683FF-3CA6-4ADF-BD77-F33DA60DB03E}.Debug|x64.ActiveCfg = Debug|x64
		{010683FF-3CA6-4ADF-BD77-F33DA60DB03E}.Debug|x64.Build.0 = Debug|x64
		{010683FF-3CA6-4ADF-BD77-F33DA60DB03E}.Debug|x86.ActiveCfg = Debug|Win32
		{010683FF-3CA6-4ADF-BD77-F33DA60DB03E}.Debug|x86.Build.0 = Debug|Win32
		{010683FF-3CA6-4ADF-BD77-F33DA60DB03E}.Release|x64.ActiveCfg = Release|x64
		{010683FF-3CA6-4ADF-BD77-F33DA60DB03E}.Release|x64.Build.0 = Release|x64
		{010683FF-3CA6-4ADF-BD77-F33DA60DB03E}.Release|x86.ActiveCfg = Release|Win32
		{010683FF-3CA6-4ADF-BD77-F33DA60DB03E}.Release|x86.Build.0 = Release|Win32
		{176F3CCD-55C1-48FC-8D8B-2FDE4C01DCE1}.Debug|x64.ActiveCfg = Debug|x64
		{176F3CCD-55C1-48FC-8D8B-2FDE4C01DCE1}.Debug|x64.Build.0 = Debug|x64
		{176F3CCD-55C1-48FC-8D8B-2FDE4C01DCE1}.Debug|x86.ActiveCfg = Debug|Win32
		{176F3CCD-55C1-48FC-8D8B-2FDE4C01DCE1}.Debug|x86.Build.0 = Debug|Win32
		{176F3CCD-55C1-48FC-8D8B-2FDE4C01DCE1}.Release|x64.ActiveCfg = Release|x64
		{176F3CCD-55C1-48FC-8D8B-2FDE4C01DCE1}.Release|x64.Build.0 = Release|x64
		{176F3CCD-55C1-48FC-8D8B-2FDE4C01DCE1}.Release|x86.ActiveCfg = Release|Win32
		{176F3CCD-55C1-48FC-8D8B-2FDE4C01DCE1}.Release|x86.Build.0 = Release|Win32
		{E7DC0557-6E5E-489A-A048-50F3CC65F6CE}.Debug|x64.ActiveCfg = Debug|x64
		{E7DC0557-6E5E-489A-A048-50F3CC65F6CE}.Debug|x64.Build.0 = Debug|x64
		{E7DC0557-6E5E-489A-A048-50F3CC65F6CE}.Debug|x86.ActiveCfg = Debug|Win32
		{E7DC0557-6E5E-489A-A048-50F3CC65F6CE}.Debug|x86.Build.0 = Debug|Win32
		{E7DC0557-6E5E-489A-A048-50F3CC65F6CE}.Release|x64.ActiveCfg = Release|x64
		{E7DC0557-6E5E-489A-A048-50F3CC65F6CE}.Release|x64.Build.0 = Release|x64
		{E7DC0557-6E5E-489A-A048-50F3CC65F6CE}.Release|x86.ActiveCfg = Release|Win32
		{E7DC0557-6E5E-489A-A048-50F3CC65F6CE}.Release|x86.Build.0 = Release|Win32
		{B388C97F-F51B-4E7F-9132-190BCA71F53E}.Debug|x64.ActiveCfg = Debug|x64
		{B388C97F-F51B-4E7F-9132-190BCA71F53E}.Debug|x64.Build.0 = Debug|x64
		{B388C97F-F51B-4E7F-9132-190BCA71F53E}.Debug|x86.ActiveCfg = Debug|Win32
		{B388C97F-F51B-4E7F-9132-190BCA71F53E}.Debug|x86.Build.0 = Debug|Win32
		{B388C97F-F51B-4E7F-9132-190BCA71F53E}.Release|x64.ActiveCfg = Release|x64
		{B388C97F-F51B-4E7F-9132-190BCA71F53E}.Release|x64.Build.0 = Release|x64
		{B388C97F-F51B-4E7F-9132-190BCA71F53E}.Release|x86.ActiveCfg = Release|Win32
		{B388C97F-F51B-4E7F-9132-190BCA71F53E}.Release|x86.Build.0 = Release|Win32
		{FC828890-58AC-4002-8B58-4164AA93AD94}.Debug|x64.ActiveCfg = Debug|x64
		{FC828890-58AC-4002-8B58-4164AA93AD94}.Debug|x64.Build.0 = Debug|x64
		{FC828890-58AC-4002-8B58-4164AA93AD94}.Debug|x86.ActiveCfg = Debug|Win32
		{FC828890-58AC-4002-8B58-4164AA93AD94}.Debug|x86.Build.0 = Debug|Win32
		{FC828890-58AC-4002-8B58-4164AA93AD94}.Release|x64.ActiveCfg = Release|x64
		{FC828890-58AC-4002-8B58-4164AA93AD94}.Release|x64.Build.0 = Release|x64
		{FC828890-58AC-4002-8B58-4164AA93AD94}.Release|x86.ActiveCfg = Release|Win32
		{FC828890-58AC-4002-8B58-4164AA93AD94}.Release|x86.Build.0 = Release|Win32
	EndGlobalSection
	GlobalSection(SolutionProperties) = preSolution
		HideSolutionNode = FALSE
	EndGlobalSection
	GlobalSection(ExtensibilityGlobals) = postSolution
		SolutionGuid = {050E940C-E98C-4DE2-BF57-5636489916DD}
	EndGlobalSection
EndGlobal
