
Microsoft Visual Studio Solution File, Format Version 12.00
# Visual Studio Version 16
VisualStudioVersion = 16.0.32901.82
MinimumVisualStudioVersion = 10.0.40219.1
Project("{8BC9CEB8-8B4A-11D0-8D11-00A0C91BC942}") = "Proj13.1", "Proj13.1\Proj13.1.vcxproj", "{143170C4-E40C-439A-9F51-30CDA737BA74}"
EndProject
Project("{8BC9CEB8-8B4A-11D0-8D11-00A0C91BC942}") = "Proj13.2", "Proj13.2\Proj13.2.vcxproj", "{FF32A311-406C-47F0-8245-0EEC21510FDC}"
EndProject
Project("{8BC9CEB8-8B4A-11D0-8D11-00A0C91BC942}") = "Proj13.3", "Proj13.3\Proj13.3.vcxproj", "{E36EDC82-D78C-4FAA-BA2F-5CBFAB4B5D82}"
EndProject
Project("{8BC9CEB8-8B4A-11D0-8D11-00A0C91BC942}") = "Proj13.4", "Proj13.4\Proj13.4.vcxproj", "{E01CE487-15E8-45A1-B0C9-ECCC3A47CDF0}"
EndProject
Project("{8BC9CEB8-8B4A-11D0-8D11-00A0C91BC942}") = "Proj13.5", "Proj13.5\Proj13.5.vcxproj", "{43C41EB8-BE98-49FA-A735-B870C7E7CEBB}"
EndProject
Project("{8BC9CEB8-8B4A-11D0-8D11-00A0C91BC942}") = "06_RandcomAccess", "Proj13.6\Proj13.6.vcxproj", "{194444B0-85E4-49DA-B909-1DA212179BF0}"
EndProject
Project("{2150E333-8FDC-42A3-9474-1A3956D46DE8}") = "Proj13.6", "Proj13.6", "{C5505371-39B2-4D43-82BA-023CA28AB08A}"
EndProject
Project("{8BC9CEB8-8B4A-11D0-8D11-00A0C91BC942}") = "06B_RandomBinary", "06B_RandomBinary\06B_RandomBinary.vcxproj", "{12A2D444-6007-4CB3-A1E9-5B5C0253D018}"
EndProject
Project("{8BC9CEB8-8B4A-11D0-8D11-00A0C91BC942}") = "Proj13.7", "Proj13.7\Proj13.7.vcxproj", "{9269ED55-A906-470D-B4A0-44FCDA6F8788}"
EndProject
Project("{8BC9CEB8-8B4A-11D0-8D11-00A0C91BC942}") = "Proj13.8", "Proj13.8\Proj13.8.vcxproj", "{22BA0EA7-DC65-4E31-A998-4B47AC6C1084}"
EndProject
Global
	GlobalSection(SolutionConfigurationPlatforms) = preSolution
		Debug|x64 = Debug|x64
		Debug|x86 = Debug|x86
		Release|x64 = Release|x64
		Release|x86 = Release|x86
	EndGlobalSection
	GlobalSection(ProjectConfigurationPlatforms) = postSolution
		{143170C4-E40C-439A-9F51-30CDA737BA74}.Debug|x64.ActiveCfg = Debug|x64
		{143170C4-E40C-439A-9F51-30CDA737BA74}.Debug|x64.Build.0 = Debug|x64
		{143170C4-E40C-439A-9F51-30CDA737BA74}.Debug|x86.ActiveCfg = Debug|Win32
		{143170C4-E40C-439A-9F51-30CDA737BA74}.Debug|x86.Build.0 = Debug|Win32
		{143170C4-E40C-439A-9F51-30CDA737BA74}.Release|x64.ActiveCfg = Release|x64
		{143170C4-E40C-439A-9F51-30CDA737BA74}.Release|x64.Build.0 = Release|x64
		{143170C4-E40C-439A-9F51-30CDA737BA74}.Release|x86.ActiveCfg = Release|Win32
		{143170C4-E40C-439A-9F51-30CDA737BA74}.Release|x86.Build.0 = Release|Win32
		{FF32A311-406C-47F0-8245-0EEC21510FDC}.Debug|x64.ActiveCfg = Debug|x64
		{FF32A311-406C-47F0-8245-0EEC21510FDC}.Debug|x64.Build.0 = Debug|x64
		{FF32A311-406C-47F0-8245-0EEC21510FDC}.Debug|x86.ActiveCfg = Debug|Win32
		{FF32A311-406C-47F0-8245-0EEC21510FDC}.Debug|x86.Build.0 = Debug|Win32
		{FF32A311-406C-47F0-8245-0EEC21510FDC}.Release|x64.ActiveCfg = Release|x64
		{FF32A311-406C-47F0-8245-0EEC21510FDC}.Release|x64.Build.0 = Release|x64
		{FF32A311-406C-47F0-8245-0EEC21510FDC}.Release|x86.ActiveCfg = Release|Win32
		{FF32A311-406C-47F0-8245-0EEC21510FDC}.Release|x86.Build.0 = Release|Win32
		{E36EDC82-D78C-4FAA-BA2F-5CBFAB4B5D82}.Debug|x64.ActiveCfg = Debug|x64
		{E36EDC82-D78C-4FAA-BA2F-5CBFAB4B5D82}.Debug|x64.Build.0 = Debug|x64
		{E36EDC82-D78C-4FAA-BA2F-5CBFAB4B5D82}.Debug|x86.ActiveCfg = Debug|Win32
		{E36EDC82-D78C-4FAA-BA2F-5CBFAB4B5D82}.Debug|x86.Build.0 = Debug|Win32
		{E36EDC82-D78C-4FAA-BA2F-5CBFAB4B5D82}.Release|x64.ActiveCfg = Release|x64
		{E36EDC82-D78C-4FAA-BA2F-5CBFAB4B5D82}.Release|x64.Build.0 = Release|x64
		{E36EDC82-D78C-4FAA-BA2F-5CBFAB4B5D82}.Release|x86.ActiveCfg = Release|Win32
		{E36EDC82-D78C-4FAA-BA2F-5CBFAB4B5D82}.Release|x86.Build.0 = Release|Win32
		{E01CE487-15E8-45A1-B0C9-ECCC3A47CDF0}.Debug|x64.ActiveCfg = Debug|x64
		{E01CE487-15E8-45A1-B0C9-ECCC3A47CDF0}.Debug|x64.Build.0 = Debug|x64
		{E01CE487-15E8-45A1-B0C9-ECCC3A47CDF0}.Debug|x86.ActiveCfg = Debug|Win32
		{E01CE487-15E8-45A1-B0C9-ECCC3A47CDF0}.Debug|x86.Build.0 = Debug|Win32
		{E01CE487-15E8-45A1-B0C9-ECCC3A47CDF0}.Release|x64.ActiveCfg = Release|x64
		{E01CE487-15E8-45A1-B0C9-ECCC3A47CDF0}.Release|x64.Build.0 = Release|x64
		{E01CE487-15E8-45A1-B0C9-ECCC3A47CDF0}.Release|x86.ActiveCfg = Release|Win32
		{E01CE487-15E8-45A1-B0C9-ECCC3A47CDF0}.Release|x86.Build.0 = Release|Win32
		{43C41EB8-BE98-49FA-A735-B870C7E7CEBB}.Debug|x64.ActiveCfg = Debug|x64
		{43C41EB8-BE98-49FA-A735-B870C7E7CEBB}.Debug|x64.Build.0 = Debug|x64
		{43C41EB8-BE98-49FA-A735-B870C7E7CEBB}.Debug|x86.ActiveCfg = Debug|Win32
		{43C41EB8-BE98-49FA-A735-B870C7E7CEBB}.Debug|x86.Build.0 = Debug|Win32
		{43C41EB8-BE98-49FA-A735-B870C7E7CEBB}.Release|x64.ActiveCfg = Release|x64
		{43C41EB8-BE98-49FA-A735-B870C7E7CEBB}.Release|x64.Build.0 = Release|x64
		{43C41EB8-BE98-49FA-A735-B870C7E7CEBB}.Release|x86.ActiveCfg = Release|Win32
		{43C41EB8-BE98-49FA-A735-B870C7E7CEBB}.Release|x86.Build.0 = Release|Win32
		{194444B0-85E4-49DA-B909-1DA212179BF0}.Debug|x64.ActiveCfg = Debug|x64
		{194444B0-85E4-49DA-B909-1DA212179BF0}.Debug|x64.Build.0 = Debug|x64
		{194444B0-85E4-49DA-B909-1DA212179BF0}.Debug|x86.ActiveCfg = Debug|Win32
		{194444B0-85E4-49DA-B909-1DA212179BF0}.Debug|x86.Build.0 = Debug|Win32
		{194444B0-85E4-49DA-B909-1DA212179BF0}.Release|x64.ActiveCfg = Release|x64
		{194444B0-85E4-49DA-B909-1DA212179BF0}.Release|x64.Build.0 = Release|x64
		{194444B0-85E4-49DA-B909-1DA212179BF0}.Release|x86.ActiveCfg = Release|Win32
		{194444B0-85E4-49DA-B909-1DA212179BF0}.Release|x86.Build.0 = Release|Win32
		{12A2D444-6007-4CB3-A1E9-5B5C0253D018}.Debug|x64.ActiveCfg = Debug|x64
		{12A2D444-6007-4CB3-A1E9-5B5C0253D018}.Debug|x64.Build.0 = Debug|x64
		{12A2D444-6007-4CB3-A1E9-5B5C0253D018}.Debug|x86.ActiveCfg = Debug|Win32
		{12A2D444-6007-4CB3-A1E9-5B5C0253D018}.Debug|x86.Build.0 = Debug|Win32
		{12A2D444-6007-4CB3-A1E9-5B5C0253D018}.Release|x64.ActiveCfg = Release|x64
		{12A2D444-6007-4CB3-A1E9-5B5C0253D018}.Release|x64.Build.0 = Release|x64
		{12A2D444-6007-4CB3-A1E9-5B5C0253D018}.Release|x86.ActiveCfg = Release|Win32
		{12A2D444-6007-4CB3-A1E9-5B5C0253D018}.Release|x86.Build.0 = Release|Win32
		{9269ED55-A906-470D-B4A0-44FCDA6F8788}.Debug|x64.ActiveCfg = Debug|x64
		{9269ED55-A906-470D-B4A0-44FCDA6F8788}.Debug|x64.Build.0 = Debug|x64
		{9269ED55-A906-470D-B4A0-44FCDA6F8788}.Debug|x86.ActiveCfg = Debug|Win32
		{9269ED55-A906-470D-B4A0-44FCDA6F8788}.Debug|x86.Build.0 = Debug|Win32
		{9269ED55-A906-470D-B4A0-44FCDA6F8788}.Release|x64.ActiveCfg = Release|x64
		{9269ED55-A906-470D-B4A0-44FCDA6F8788}.Release|x64.Build.0 = Release|x64
		{9269ED55-A906-470D-B4A0-44FCDA6F8788}.Release|x86.ActiveCfg = Release|Win32
		{9269ED55-A906-470D-B4A0-44FCDA6F8788}.Release|x86.Build.0 = Release|Win32
		{22BA0EA7-DC65-4E31-A998-4B47AC6C1084}.Debug|x64.ActiveCfg = Debug|x64
		{22BA0EA7-DC65-4E31-A998-4B47AC6C1084}.Debug|x64.Build.0 = Debug|x64
		{22BA0EA7-DC65-4E31-A998-4B47AC6C1084}.Debug|x86.ActiveCfg = Debug|Win32
		{22BA0EA7-DC65-4E31-A998-4B47AC6C1084}.Debug|x86.Build.0 = Debug|Win32
		{22BA0EA7-DC65-4E31-A998-4B47AC6C1084}.Release|x64.ActiveCfg = Release|x64
		{22BA0EA7-DC65-4E31-A998-4B47AC6C1084}.Release|x64.Build.0 = Release|x64
		{22BA0EA7-DC65-4E31-A998-4B47AC6C1084}.Release|x86.ActiveCfg = Release|Win32
		{22BA0EA7-DC65-4E31-A998-4B47AC6C1084}.Release|x86.Build.0 = Release|Win32
	EndGlobalSection
	GlobalSection(SolutionProperties) = preSolution
		HideSolutionNode = FALSE
	EndGlobalSection
	GlobalSection(NestedProjects) = preSolution
		{194444B0-85E4-49DA-B909-1DA212179BF0} = {C5505371-39B2-4D43-82BA-023CA28AB08A}
		{12A2D444-6007-4CB3-A1E9-5B5C0253D018} = {C5505371-39B2-4D43-82BA-023CA28AB08A}
	EndGlobalSection
	GlobalSection(ExtensibilityGlobals) = postSolution
		SolutionGuid = {D85BA50C-28C6-4BA1-A161-E7754DABF100}
	EndGlobalSection
EndGlobal
