
Microsoft Visual Studio Solution File, Format Version 12.00
# Visual Studio Version 16
VisualStudioVersion = 16.0.32929.386
MinimumVisualStudioVersion = 10.0.40219.1
Project("{8BC9CEB8-8B4A-11D0-8D11-00A0C91BC942}") = "7-02", "7-02\7-02.vcxproj", "{25B2692D-1FA0-491E-8AEE-B71851953D31}"
EndProject
Project("{8BC9CEB8-8B4A-11D0-8D11-00A0C91BC942}") = "Q02", "Q02\Q02.vcxproj", "{99A9CFE9-C5E8-45F1-98A8-5593C82AC05E}"
EndProject
Project("{8BC9CEB8-8B4A-11D0-8D11-00A0C91BC942}") = "7-07", "7-07\7-07.vcxproj", "{78FFABAF-605D-428D-BA0E-B8DF55F207F5}"
EndProject
Global
	GlobalSection(SolutionConfigurationPlatforms) = preSolution
		Debug|x64 = Debug|x64
		Debug|x86 = Debug|x86
		Release|x64 = Release|x64
		Release|x86 = Release|x86
	EndGlobalSection
	GlobalSection(ProjectConfigurationPlatforms) = postSolution
		{25B2692D-1FA0-491E-8AEE-B71851953D31}.Debug|x64.ActiveCfg = Debug|x64
		{25B2692D-1FA0-491E-8AEE-B71851953D31}.Debug|x64.Build.0 = Debug|x64
		{25B2692D-1FA0-491E-8AEE-B71851953D31}.Debug|x86.ActiveCfg = Debug|Win32
		{25B2692D-1FA0-491E-8AEE-B71851953D31}.Debug|x86.Build.0 = Debug|Win32
		{25B2692D-1FA0-491E-8AEE-B71851953D31}.Release|x64.ActiveCfg = Release|x64
		{25B2692D-1FA0-491E-8AEE-B71851953D31}.Release|x64.Build.0 = Release|x64
		{25B2692D-1FA0-491E-8AEE-B71851953D31}.Release|x86.ActiveCfg = Release|Win32
		{25B2692D-1FA0-491E-8AEE-B71851953D31}.Release|x86.Build.0 = Release|Win32
		{99A9CFE9-C5E8-45F1-98A8-5593C82AC05E}.Debug|x64.ActiveCfg = Debug|x64
		{99A9CFE9-C5E8-45F1-98A8-5593C82AC05E}.Debug|x64.Build.0 = Debug|x64
		{99A9CFE9-C5E8-45F1-98A8-5593C82AC05E}.Debug|x86.ActiveCfg = Debug|Win32
		{99A9CFE9-C5E8-45F1-98A8-5593C82AC05E}.Debug|x86.Build.0 = Debug|Win32
		{99A9CFE9-C5E8-45F1-98A8-5593C82AC05E}.Release|x64.ActiveCfg = Release|x64
		{99A9CFE9-C5E8-45F1-98A8-5593C82AC05E}.Release|x64.Build.0 = Release|x64
		{99A9CFE9-C5E8-45F1-98A8-5593C82AC05E}.Release|x86.ActiveCfg = Release|Win32
		{99A9CFE9-C5E8-45F1-98A8-5593C82AC05E}.Release|x86.Build.0 = Release|Win32
		{78FFABAF-605D-428D-BA0E-B8DF55F207F5}.Debug|x64.ActiveCfg = Debug|x64
		{78FFABAF-605D-428D-BA0E-B8DF55F207F5}.Debug|x64.Build.0 = Debug|x64
		{78FFABAF-605D-428D-BA0E-B8DF55F207F5}.Debug|x86.ActiveCfg = Debug|Win32
		{78FFABAF-605D-428D-BA0E-B8DF55F207F5}.Debug|x86.Build.0 = Debug|Win32
		{78FFABAF-605D-428D-BA0E-B8DF55F207F5}.Release|x64.ActiveCfg = Release|x64
		{78FFABAF-605D-428D-BA0E-B8DF55F207F5}.Release|x64.Build.0 = Release|x64
		{78FFABAF-605D-428D-BA0E-B8DF55F207F5}.Release|x86.ActiveCfg = Release|Win32
		{78FFABAF-605D-428D-BA0E-B8DF55F207F5}.Release|x86.Build.0 = Release|Win32
	EndGlobalSection
	GlobalSection(SolutionProperties) = preSolution
		HideSolutionNode = FALSE
	EndGlobalSection
	GlobalSection(ExtensibilityGlobals) = postSolution
		SolutionGuid = {56134930-4515-4698-AD52-D81D8481B6A5}
	EndGlobalSection
EndGlobal
